#MicroXplorer Configuration settings - do not modify
Dma.USART3_RX.6.Instance=DMA1_Stream1
NVIC.FLASH_IRQn=true\:5\:0\:false\:false\:true\:true\:true\:true
Dma.SDIO_TX.3.MemInc=DMA_MINC_ENABLE
Dma.SPI1_TX.1.Priority=DMA_PRIORITY_LOW
PB13.GPIOParameters=GPIO_Label
PC7.GPIOParameters=GPIO_Label
PH0-OSC_IN.Signal=RCC_OSC_IN
Dma.SDIO_TX.3.PeriphInc=DMA_PINC_DISABLE
Dma.I2C1_RX.4.PeriphDataAlignment=DMA_PDATAALIGN_BYTE
FATFS._USE_LFN=3
NVIC.I2C1_EV_IRQn=true\:5\:0\:false\:false\:true\:true\:true\:true
SPI1.VirtualType=VM_MASTER
SPI2.VirtualType=VM_MASTER
PC12.Locked=true
TIM1.IPParameters=Channel-Output Compare1 CH1N,Channel-Output Compare2 CH2N,Channel-Output Compare3 CH3N,Prescaler
Dma.SPI1_TX.1.FIFOMode=DMA_FIFOMODE_DISABLE
Dma.USART3_TX.7.MemInc=DMA_MINC_ENABLE
RCC.PLLCLKFreq_Value=168000000
PC12.Signal=SDIO_CK
PB14.GPIO_Label=MISO
RCC.PLLQCLKFreq_Value=48000000
PC7.Locked=true
PC6.GPIO_Label=D6
VP_RTC_VS_RTC_Activate.Mode=RTC_Enabled
PC3.Locked=true
RCC.RTCFreq_Value=32768
PA3.GPIOParameters=GPIO_Label
PA6.GPIO_Label=A2
PB6.GPIO_Label=D15
SH.SharedStack_PB7.ConfNb=3
PB13.Signal=SharedStack_PB13
PinOutPanel.RotationAngle=0
RCC.SYSCLKSource=RCC_SYSCLKSOURCE_PLLCLK
PC7.Stacked=true
NVIC.SVCall_IRQn=true\:0\:0\:false\:false\:false\:false\:false\:false
Dma.I2C1_TX.5.Mode=DMA_NORMAL
Dma.I2C1_RX.4.Direction=DMA_PERIPH_TO_MEMORY
Dma.SPI1_RX.0.Direction=DMA_PERIPH_TO_MEMORY
SPI1.Direction=SPI_DIRECTION_2LINES
TIM2.Channel-Output\ Compare4\ CH4=TIM_CHANNEL_4
TIM2.IPParameters=Prescaler,Channel-Input_Capture1_from_TI1,Channel-Output Compare4 CH4,Channel-Output Compare3 CH3
RCC.APB2TimFreq_Value=42000000
PB6.Signal=SharedStack_PB6
PC7.Signal=SharedStack_PC7
RTC.IPParameters=Alarm
SPI1.CalculateBaudRate=10.5 MBits/s
PC3.Signal=SharedStack_PC3
VP_TIM2_VS_ClockSourceINT.Signal=TIM2_VS_ClockSourceINT
FREERTOS.configMINIMAL_STACK_SIZE=192
PB13.Locked=true
Dma.SPI1_TX.1.PeriphDataAlignment=DMA_PDATAALIGN_BYTE
ProjectManager.ProjectBuild=false
TIM4.Channel-PWM\ Generation3\ CH3=TIM_CHANNEL_3
NVIC.UsageFault_IRQn=true\:0\:0\:false\:false\:true\:false\:false\:false
NVIC.TIM8_TRG_COM_TIM14_IRQn=true\:0\:0\:false\:false\:true\:false\:false\:true
PB3.Mode=Full_Duplex_Master
PA4.Locked=true
SH.ADCx_IN14.ConfNb=1
SH.ADCx_IN15.0=ADC1_IN15,IN15
Dma.SPI1_RX.0.PeriphInc=DMA_PINC_DISABLE
ProjectManager.FirmwarePackage=STM32Cube FW_F4 V1.26.0
MxDb.Version=DB.6.0.20
ProjectManager.BackupPrevious=false
Dma.USART3_RX.6.Direction=DMA_PERIPH_TO_MEMORY
PC4.GPIO_Label=A4
Dma.SPI1_TX.1.Mode=DMA_NORMAL
PB9.Stacked=true
Dma.I2C1_TX.5.MemDataAlignment=DMA_MDATAALIGN_BYTE
NVIC.TIM2_IRQn=true\:5\:0\:false\:false\:true\:true\:true\:true
PC9.Mode=SD_4_bits_Wide_bus
SPI2.CalculateBaudRate=10.5 MBits/s
PB11.Stacked=true
SH.ADCx_IN4.ConfNb=1
PB6.Locked=true
NVIC.PendSV_IRQn=true\:15\:0\:false\:false\:false\:true\:false\:false
TIM4.Period=1000
VP_SYS_VS_tim14.Mode=TIM14
NVIC.I2C1_ER_IRQn=true\:5\:0\:false\:false\:true\:true\:true\:true
PC0.Stacked=true
PB14.Stacked=true
ProjectManager.HalAssertFull=false
VP_TIM1_VS_ClockSourceINT.Mode=Internal
ADC1.SamplingTime-0\#ChannelRegularConversion=ADC_SAMPLETIME_3CYCLES
Dma.USART3_TX.7.FIFOMode=DMA_FIFOMODE_DISABLE
RCC.MCO2PinFreq_Value=168000000
Dma.SPI1_TX.1.RequestParameters=Instance,Direction,PeriphInc,MemInc,PeriphDataAlignment,MemDataAlignment,Mode,Priority,FIFOMode
Mcu.Package=LQFP64
PB9.Signal=SharedStack_PB9
TIM2.Prescaler=42
PA5.Locked=true
NVIC.TimeBase=TIM8_TRG_COM_TIM14_IRQn
SPI2.Mode=SPI_MODE_MASTER
SH.ADCx_IN14.0=ADC1_IN14,IN14
Dma.USART3_TX.7.RequestParameters=Instance,Direction,PeriphInc,MemInc,PeriphDataAlignment,MemDataAlignment,Mode,Priority,FIFOMode
SH.SharedStack_PB9.1=TIM4_CH4,PWM Generation4 CH4
SH.SharedStack_PB9.0=GPIO_Input+0
NVIC.TimeBaseIP=TIM14
USART3.IPParameters=VirtualMode
VP_RTC_VS_RTC_Calendar.Mode=RTC_Calendar
FREERTOS.FootprintOK=true
PA5.GPIOParameters=GPIO_Label
Dma.USART3_TX.7.Instance=DMA1_Stream3
PC11.Mode=SD_4_bits_Wide_bus
PB14.GPIOParameters=GPIO_Label
Dma.SDIO_RX.2.MemInc=DMA_MINC_ENABLE
RCC.APB2CLKDivider=RCC_HCLK_DIV2
NVIC.EXTI2_IRQn=true\:5\:0\:false\:false\:true\:true\:true\:true
RCC.APB1TimFreq_Value=42000000
NVIC.BusFault_IRQn=true\:0\:0\:false\:false\:true\:false\:false\:false
USB_OTG_FS.IPParameters=VirtualMode
PB10.GPIOParameters=GPIO_Label
TIM4.Channel-PWM\ Generation4\ CH4=TIM_CHANNEL_4
Dma.SPI1_RX.0.RequestParameters=Instance,Direction,PeriphInc,MemInc,PeriphDataAlignment,MemDataAlignment,Mode,Priority,FIFOMode
NVIC.DMA1_Stream6_IRQn=true\:5\:0\:false\:false\:true\:true\:false\:true
PA4.GPIO_Label=A0
PB6.Stacked=true
ProjectManager.CustomerFirmwarePackage=
PC4.GPIOParameters=GPIO_Label
SH.SharedStack_PB8.ConfNb=2
Dma.SPI1_TX.1.Instance=DMA2_Stream5
SH.SharedStack_PC1.ConfNb=3
PA6.GPIOParameters=GPIO_Label
Dma.I2C1_RX.4.FIFOMode=DMA_FIFOMODE_DISABLE
SH.SharedStack_PB10.0=GPIO_Input+0
SH.SharedStack_PB10.1=TIM2_CH3
SH.SharedStack_PB10.2=USART3_TX,Asynchronous
SH.SharedStack_PB8.0=GPIO_Input+0
ProjectManager.ProjectFileName=MecrispCubeF405.ioc
SH.SharedStack_PB8.1=TIM4_CH3,PWM Generation3 CH3
FREERTOS.Tasks01=Main,24,512,MainThread,Default,NULL,Dynamic,NULL,NULL
ADC1.Rank-0\#ChannelRegularConversion=1
Mcu.PinsNb=50
Dma.USART3_RX.6.MemDataAlignment=DMA_MDATAALIGN_BYTE
PC11.Locked=true
SH.ADCx_IN6.0=ADC1_IN6,IN6
ADC1.IPParameters=Rank-0\#ChannelRegularConversion,Channel-0\#ChannelRegularConversion,SamplingTime-0\#ChannelRegularConversion,NbrOfConversionFlag,master
FREERTOS.configCHECK_FOR_STACK_OVERFLOW=1
PC6.Signal=SharedStack_PC6
PC2.Signal=SharedStack_PC2
PB11.GPIO_Label=D0
PB7.Stacked=true
PC0.Signal=GPIO_Output
PB14.Locked=true
Dma.SDIO_RX.2.Instance=DMA2_Stream6
RCC.APB1CLKDivider=RCC_HCLK_DIV2
PC14-OSC32_IN.Signal=RCC_OSC32_IN
Dma.USART3_RX.6.PeriphInc=DMA_PINC_DISABLE
SH.SharedStack_PB10.ConfNb=3
PC3.GPIOParameters=GPIO_Label
FATFS._VOLUMES=2
SH.SharedStack_PB7.1=TIM4_CH2
SH.SharedStack_PB7.0=GPIO_Input+0
PB8.GPIO_Label=D9
PA11.Locked=true
SH.SharedStack_PB7.2=I2C1_SDA,I2C
Dma.SPI1_TX.1.MemDataAlignment=DMA_MDATAALIGN_BYTE
TIM4.IPParameters=Prescaler,Channel-PWM Generation3 CH3,Channel-PWM Generation4 CH4,Period
SH.ADCx_IN7.0=ADC1_IN7,IN7
I2C1.I2C_Mode=I2C_Fast
PC3.Stacked=true
PC6.Locked=true
PA6.Stacked=true
VP_TIM1_VS_ClockSourceINT.Signal=TIM1_VS_ClockSourceINT
TIM1.Channel-Output\ Compare3\ CH3N=TIM_CHANNEL_3
PB11.GPIOParameters=GPIO_Label
PB5.Locked=true
PB9.Locked=true
NVIC.DMA2_Stream6_IRQn=true\:5\:0\:false\:false\:true\:true\:false\:true
Mcu.Pin48=VP_TIM4_VS_ClockSourceINT
Mcu.Pin49=VP_USB_DEVICE_VS_USB_DEVICE_CDC_FS
Mcu.Pin46=VP_TIM2_VS_ClockSourceINT
Mcu.Pin47=VP_TIM3_VS_ClockSourceINT
PB10.Signal=SharedStack_PB10
PB14.Signal=SharedStack_PB14
PA5.Signal=SharedStack_PA5
Mcu.Pin40=VP_FREERTOS_VS_CMSIS_V2
Dma.SDIO_TX.3.Direction=DMA_MEMORY_TO_PERIPH
Mcu.Pin41=VP_RTC_VS_RTC_Activate
PC12.Mode=SD_4_bits_Wide_bus
Mcu.Pin44=VP_SYS_VS_tim14
Mcu.Pin45=VP_TIM1_VS_ClockSourceINT
FATFS._USE_EXPAND=1
Mcu.Pin42=VP_RTC_VS_RTC_Calendar
Mcu.Pin43=VP_RTC_VS_RTC_Alarm_A_Intern
Dma.SDIO_RX.2.MemDataAlignment=DMA_MDATAALIGN_WORD
ProjectManager.LastFirmware=true
SH.SharedStack_PB6.0=GPIO_Input+0
NVIC.SPI1_IRQn=true\:5\:0\:false\:false\:true\:true\:true\:true
SH.SharedStack_PB6.2=I2C1_SCL,I2C
SH.SharedStack_PB6.1=TIM4_CH1
Dma.USART3_TX.7.PeriphDataAlignment=DMA_PDATAALIGN_BYTE
PB4.GPIO_Label=FLASH_MISO
Mcu.Pin37=PB8
Mcu.Pin38=PB9
Mcu.Pin35=PB6
PB15.GPIO_Label=MOSI
Mcu.Pin36=PB7
SPI1.Mode=SPI_MODE_MASTER
Mcu.Pin39=VP_FATFS_VS_Generic
PC2.GPIOParameters=GPIO_Label
Dma.SDIO_RX.2.FIFOThreshold=DMA_FIFO_THRESHOLD_FULL
Mcu.Pin30=PC12
Dma.SPI1_RX.0.PeriphDataAlignment=DMA_PDATAALIGN_BYTE
Dma.I2C1_RX.4.Instance=DMA1_Stream0
RCC.EthernetFreq_Value=168000000
Mcu.Pin33=PB4
TIM3.IPParameters=Prescaler,ClockDivision,Channel-PWM Generation2 CH2,Channel-PWM Generation1 CH1,Period
Mcu.Pin34=PB5
Mcu.Pin31=PD2
RCC.RCC_RTC_Clock_SourceVirtual=RCC_RTCCLKSOURCE_LSE
SH.ADCx_IN4.0=ADC1_IN4,IN4
Mcu.Pin32=PB3
Dma.I2C1_TX.5.PeriphDataAlignment=DMA_PDATAALIGN_BYTE
NVIC.NonMaskableInt_IRQn=true\:0\:0\:false\:false\:true\:false\:false\:false
RCC.AHBCLKDivider=RCC_SYSCLK_DIV4
PA5.Stacked=true
Dma.USART3_RX.6.Mode=DMA_NORMAL
Dma.USART3_RX.6.FIFOMode=DMA_FIFOMODE_DISABLE
SH.SharedStack_PA5.0=ADC1_IN5
Dma.I2C1_RX.4.Mode=DMA_NORMAL
FATFS._USE_FIND=1
PA13.Mode=Serial_Wire
ProjectManager.FreePins=false
SH.SharedStack_PA5.1=TIM2_CH1,Input_Capture1_from_TI1
NVIC.RTC_Alarm_IRQn=true\:5\:0\:false\:false\:true\:true\:true\:true
Mcu.Pin26=PA13
Mcu.Pin27=PA14
RCC.RTCHSEDivFreq_Value=6000000
Mcu.Pin24=PA11
ProjectManager.UnderRoot=true
Mcu.Pin25=PA12
FATFS._USE_CHMOD=1
PC7.GPIO_Label=D5
Mcu.Pin28=PC10
PC8.Mode=SD_4_bits_Wide_bus
Mcu.Pin29=PC11
PB4.Locked=true
PA4.Signal=ADCx_IN4
Mcu.Pin22=PC8
PB5.Signal=SPI1_MOSI
Mcu.Pin23=PC9
Mcu.Pin20=PC6
ADC1.master=1
PA3.Locked=true
Mcu.Pin21=PC7
PA5.GPIO_Label=A1
NVIC.ForceEnableDMAVector=true
NVIC.MemoryManagement_IRQn=true\:0\:0\:false\:false\:true\:false\:false\:false
VP_RTC_VS_RTC_Alarm_A_Intern.Signal=RTC_VS_RTC_Alarm_A_Intern
ProjectManager.CompilerOptimize=6
PA11.Signal=USB_OTG_FS_DM
Dma.SDIO_RX.2.FIFOMode=DMA_FIFOMODE_ENABLE
Dma.SDIO_TX.3.PeriphBurst=DMA_PBURST_INC4
ProjectManager.HeapSize=0x200
Mcu.Pin15=PB10
NVIC.HardFault_IRQn=true\:0\:0\:false\:false\:true\:false\:false\:false
Mcu.Pin16=PB11
Mcu.Pin13=PC4
Mcu.Pin14=PC5
Mcu.Pin19=PB15
Dma.SPI1_RX.0.Priority=DMA_PRIORITY_LOW
ProjectManager.ComputerToolchain=false
Mcu.Pin17=PB13
Mcu.Pin18=PB14
Dma.SDIO_RX.2.PeriphBurst=DMA_PBURST_INC4
VP_TIM4_VS_ClockSourceINT.Mode=Internal
NVIC.PriorityGroup=NVIC_PRIORITYGROUP_4
Mcu.Pin11=PA6
TIM3.Channel-PWM\ Generation2\ CH2=TIM_CHANNEL_2
Mcu.Pin12=PA7
Dma.SDIO_RX.2.Mode=DMA_PFCTRL
Mcu.Pin10=PA5
PC3.GPIO_Label=D11
SH.SharedStack_PC7.1=TIM3_CH2,PWM Generation2 CH2
PB15.Stacked=true
SH.SharedStack_PC7.0=GPIO_Input+0
PD2.Signal=SDIO_CMD
PA7.GPIOParameters=GPIO_Label
PC0.Locked=true
PC1.Signal=SharedStack_PC1
Dma.USART3_RX.6.PeriphDataAlignment=DMA_PDATAALIGN_BYTE
Mcu.Family=STM32F4
NVIC.USART3_IRQn=true\:5\:0\:false\:false\:true\:true\:true\:true
ProjectManager.MainLocation=Core/Src
FATFS._USE_FORWARD=1
USB_DEVICE.CLASS_NAME_FS=CDC
Dma.SDIO_RX.2.RequestParameters=Instance,Direction,PeriphInc,MemInc,PeriphDataAlignment,MemDataAlignment,Mode,Priority,FIFOMode,FIFOThreshold,MemBurst,PeriphBurst
SH.SharedStack_PB14.0=SPI2_MISO,Full_Duplex_Master
SH.SharedStack_PB14.1=GPIO_Input+0
RCC.CortexFreq_Value=42000000
SH.SharedStack_PB14.2=TIM1_CH2N
PB13.Stacked=true
TIM2.Channel-Input_Capture1_from_TI1=TIM_CHANNEL_1
RTC.Alarm=RTC_ALARM_A
ProjectManager.KeepUserCode=true
Mcu.UserName=STM32F405RGTx
PC2.Stacked=true
Dma.SDIO_RX.2.Direction=DMA_PERIPH_TO_MEMORY
PA7.Stacked=true
PC10.Locked=true
PC10.Signal=SDIO_D2
PC5.Locked=true
ProjectManager.functionlistsort=1-MX_GPIO_Init-GPIO-false-HAL-true,2-MX_DMA_Init-DMA-false-HAL-true,3-SystemClock_Config-RCC-false-HAL-false,4-MX_ADC1_Init-ADC1-false-HAL-true,5-MX_SDIO_SD_Init-SDIO-false-HAL-true,6-MX_SPI1_Init-SPI1-false-HAL-true,7-MX_RTC_Init-RTC-false-HAL-true,8-MX_FATFS_Init-FATFS-false-HAL-false,9-MX_USB_DEVICE_Init-USB_DEVICE-false-HAL-false,10-MX_TIM2_Init-TIM2-false-HAL-true,11-MX_TIM3_Init-TIM3-false-HAL-true,12-MX_TIM4_Init-TIM4-false-HAL-true,13-MX_I2C1_Init-I2C1-false-HAL-true,14-MX_TIM1_Init-TIM1-false-HAL-true,15-MX_SPI2_Init-SPI2-false-HAL-true,16-MX_USART3_UART_Init-USART3-false-HAL-true
PC0.GPIOParameters=GPIO_Label
Dma.SPI1_TX.1.PeriphInc=DMA_PINC_DISABLE
Dma.I2C1_TX.5.FIFOMode=DMA_FIFOMODE_DISABLE
NVIC.EXTI3_IRQn=true\:5\:0\:false\:false\:true\:true\:true\:true
PC0.GPIO_Label=D8
SH.SharedStack_PC6.0=GPIO_Input+0
PA11.Mode=Device_Only
Dma.SDIO_TX.3.Instance=DMA2_Stream3
SH.SharedStack_PC6.1=TIM3_CH1,PWM Generation1 CH1
PC9.Locked=true
USB_DEVICE.VirtualMode-CDC_FS=Cdc
PD2.Locked=true
VP_RTC_VS_RTC_Calendar.Signal=RTC_VS_RTC_Calendar
SH.SharedStack_PB9.ConfNb=2
Dma.USART3_TX.7.Direction=DMA_MEMORY_TO_PERIPH
PC1.Locked=true
PB13.GPIO_Label=SCK
PB11.Signal=SharedStack_PB11
PB15.Signal=SharedStack_PB15
Dma.I2C1_RX.4.RequestParameters=Instance,Direction,PeriphInc,MemInc,PeriphDataAlignment,MemDataAlignment,Mode,Priority,FIFOMode
VP_RTC_VS_RTC_Alarm_A_Intern.Mode=Alarm A
ProjectManager.StackSize=0x400
PB5.GPIOParameters=GPIO_Label
VP_FREERTOS_VS_CMSIS_V2.Mode=CMSIS_V2
Dma.SDIO_TX.3.RequestParameters=Instance,Direction,PeriphInc,MemInc,PeriphDataAlignment,MemDataAlignment,Mode,Priority,FIFOMode,FIFOThreshold,MemBurst,PeriphBurst
SH.SharedStack_PB15.ConfNb=3
SH.SharedStack_PB11.ConfNb=3
Dma.USART3_TX.7.MemDataAlignment=DMA_MDATAALIGN_BYTE
Mcu.IP4=I2C1
Mcu.IP5=NVIC
RCC.FCLKCortexFreq_Value=42000000
Mcu.IP2=FATFS
I2C1.IPParameters=I2C_Mode
NVIC.ADC_IRQn=true\:5\:0\:false\:false\:true\:true\:true\:true
SH.SharedStack_PB13.0=GPIO_Input+0
Mcu.IP3=FREERTOS
SH.SharedStack_PB13.1=SPI2_SCK,Full_Duplex_Master
PB4.GPIOParameters=GPIO_Label
Mcu.IP0=ADC1
Mcu.IP1=DMA
PA12.Locked=true
SH.SharedStack_PB13.2=TIM1_CH1N
PA12.Signal=USB_OTG_FS_DP
TIM1.Prescaler=42
Mcu.UserConstants=
Dma.I2C1_TX.5.Priority=DMA_PRIORITY_LOW
PC1.GPIOParameters=GPIO_Label
RCC.RCC_RTC_Clock_Source=RCC_RTCCLKSOURCE_LSE
PB10.Stacked=true
Mcu.ThirdPartyNb=0
RCC.HCLKFreq_Value=42000000
SH.ADCx_IN3.0=ADC1_IN3,IN3
Mcu.IPNb=19
RCC.I2SClocksFreq_Value=192000000
ProjectManager.PreviousToolchain=
TIM3.Period=1000
RCC.VcooutputI2S=192000000
SH.ADCx_IN3.ConfNb=1
SH.ADCx_IN7.ConfNb=1
FREERTOS.configUSE_MALLOC_FAILED_HOOK=1
Mcu.Pin6=PC2
Mcu.Pin7=PC3
NVIC.DMA2_Stream0_IRQn=true\:5\:0\:true\:false\:true\:true\:false\:true
Mcu.Pin8=PA3
Mcu.Pin9=PA4
PB8.Stacked=true
FREERTOS.IPParameters=Tasks01,configTOTAL_HEAP_SIZE,configUSE_MALLOC_FAILED_HOOK,configCHECK_FOR_STACK_OVERFLOW,FootprintOK,configMINIMAL_STACK_SIZE
RCC.AHBFreq_Value=42000000
PH0-OSC_IN.Mode=HSE-External-Oscillator
Mcu.Pin0=PC14-OSC32_IN
Mcu.Pin1=PC15-OSC32_OUT
TIM3.Channel-PWM\ Generation1\ CH1=TIM_CHANNEL_1
GPIO.groupedBy=Group By Peripherals
Mcu.Pin2=PH0-OSC_IN
Mcu.Pin3=PH1-OSC_OUT
TIM3.ClockDivision=TIM_CLOCKDIVISION_DIV1
Mcu.Pin4=PC0
Mcu.Pin5=PC1
ADC1.Channel-0\#ChannelRegularConversion=ADC_CHANNEL_4
RCC.HSE_VALUE=12000000
Dma.I2C1_TX.5.RequestParameters=Instance,Direction,PeriphInc,MemInc,PeriphDataAlignment,MemDataAlignment,Mode,Priority,FIFOMode
NVIC.DebugMonitor_IRQn=true\:0\:0\:false\:false\:true\:false\:false\:false
Dma.SDIO_TX.3.PeriphDataAlignment=DMA_PDATAALIGN_WORD
Mcu.IP10=SPI2
NVIC.SysTick_IRQn=true\:15\:0\:false\:false\:false\:true\:false\:true
Mcu.IP12=TIM1
Mcu.IP11=SYS
Mcu.IP18=USB_OTG_FS
VP_SYS_VS_tim14.Signal=SYS_VS_tim14
Mcu.IP17=USB_DEVICE
Mcu.IP14=TIM3
PB4.Mode=Full_Duplex_Master
Mcu.IP13=TIM2
Mcu.IP16=USART3
Mcu.IP15=TIM4
PC14-OSC32_IN.Mode=LSE-External-Oscillator
RCC.VCOInputFreq_Value=2000000
PA14.Mode=Serial_Wire
Dma.I2C1_TX.5.MemInc=DMA_MINC_ENABLE
Dma.USART3_TX.7.PeriphInc=DMA_PINC_DISABLE
TIM3.Prescaler=42
PB5.Mode=Full_Duplex_Master
File.Version=6
PB3.GPIOParameters=GPIO_Label
PB7.Signal=SharedStack_PB7
PB8.Locked=true
NVIC.SPI2_IRQn=true\:5\:0\:false\:false\:true\:true\:true\:true
SH.ADCx_IN6.ConfNb=1
Dma.RequestsNb=8
PB6.GPIOParameters=GPIO_Label
FREERTOS.configTOTAL_HEAP_SIZE=81920
ProjectManager.ProjectName=MecrispCubeF405
FATFS._USE_LABEL=1
PH1-OSC_OUT.Mode=HSE-External-Oscillator
PB7.GPIO_Label=D14
Dma.SDIO_TX.3.FIFOMode=DMA_FIFOMODE_ENABLE
PA6.Signal=ADCx_IN6
SH.SharedStack_PC6.ConfNb=2
PA7.Locked=true
VP_FATFS_VS_Generic.Signal=FATFS_VS_Generic
SH.SharedStack_PB11.0=GPIO_Input+0
Dma.I2C1_TX.5.Instance=DMA1_Stream6
NVIC.OTG_FS_IRQn=true\:5\:0\:false\:false\:true\:true\:false\:true
SH.SharedStack_PB11.1=USART3_RX,Asynchronous
ProjectManager.ToolChainLocation=
SH.SharedStack_PB11.2=TIM2_CH4
RCC.LSI_VALUE=32000
USB_OTG_FS.VirtualMode=Device_Only
VP_USB_DEVICE_VS_USB_DEVICE_CDC_FS.Signal=USB_DEVICE_VS_USB_DEVICE_CDC_FS
PB5.GPIO_Label=FLASH_MOSI
Dma.Request2=SDIO_RX
Dma.Request1=SPI1_TX
Dma.SDIO_RX.2.PeriphInc=DMA_PINC_DISABLE
Dma.Request4=I2C1_RX
Dma.Request3=SDIO_TX
PC4.Locked=true
Dma.Request6=USART3_RX
Dma.Request5=I2C1_TX
NVIC.DMA1_Stream0_IRQn=true\:5\:0\:false\:false\:true\:true\:false\:true
FATFS._FS_RPATH=2
SPI2.Direction=SPI_DIRECTION_2LINES
PC5.Signal=ADCx_IN15
Dma.Request7=USART3_TX
TIM1.Channel-Output\ Compare2\ CH2N=TIM_CHANNEL_2
Dma.SDIO_TX.3.MemDataAlignment=DMA_MDATAALIGN_WORD
Dma.Request0=SPI1_RX
SPI1.BaudRatePrescaler=SPI_BAUDRATEPRESCALER_2
Dma.SDIO_TX.3.Mode=DMA_PFCTRL
PC2.GPIO_Label=D12
SH.SharedStack_PC3.1=GPIO_EXTI3
VP_TIM3_VS_ClockSourceINT.Mode=Internal
SH.SharedStack_PC3.0=GPIO_Input+0
PB15.Locked=true
PB3.Locked=true
PB4.Signal=SPI1_MISO
PA3.Signal=ADCx_IN3
PB3.GPIO_Label=FLASH_SCK
Dma.I2C1_TX.5.PeriphInc=DMA_PINC_DISABLE
VP_RTC_VS_RTC_Activate.Signal=RTC_VS_RTC_Activate
PC15-OSC32_OUT.Mode=LSE-External-Oscillator
Dma.I2C1_RX.4.Priority=DMA_PRIORITY_LOW
Dma.USART3_TX.7.Mode=DMA_NORMAL
Dma.SPI1_TX.1.MemInc=DMA_MINC_ENABLE
Dma.USART3_RX.6.RequestParameters=Instance,Direction,PeriphInc,MemInc,PeriphDataAlignment,MemDataAlignment,Mode,Priority,FIFOMode
PC6.Stacked=true
PB8.GPIOParameters=GPIO_Label
PB9.GPIO_Label=D10
ProjectManager.NoMain=false
Dma.SDIO_TX.3.FIFOThreshold=DMA_FIFO_THRESHOLD_FULL
SPI1.IPParameters=VirtualType,Mode,Direction,CalculateBaudRate,BaudRatePrescaler
USB_DEVICE.VirtualModeFS=Cdc_FS
NVIC.SavedSvcallIrqHandlerGenerated=true
FATFS._USE_MUTEX=1
PC11.Signal=SDIO_D3
Dma.SDIO_TX.3.MemBurst=DMA_MBURST_INC4
Dma.SDIO_RX.2.PeriphDataAlignment=DMA_PDATAALIGN_WORD
PC8.Signal=SDIO_D0
PC4.Signal=ADCx_IN14
PC10.Mode=SD_4_bits_Wide_bus
TIM2.Channel-Output\ Compare3\ CH3=TIM_CHANNEL_3
ProjectManager.DefaultFWLocation=true
NVIC.DMA1_Stream1_IRQn=true\:5\:0\:false\:false\:true\:true\:false\:true
ProjectManager.DeletePrevious=true
Dma.SPI1_RX.0.Mode=DMA_NORMAL
PB10.Locked=true
SH.SharedStack_PC2.0=GPIO_Input+0
Dma.SPI1_TX.1.Direction=DMA_MEMORY_TO_PERIPH
SH.SharedStack_PC2.1=GPIO_EXTI2
USB_DEVICE.IPParameters=VirtualMode-CDC_FS,VirtualModeFS,CLASS_NAME_FS
NVIC.SDIO_IRQn=true\:5\:0\:false\:false\:true\:true\:true\:true
RCC.FamilyName=M
PB9.GPIOParameters=GPIO_Label
Dma.USART3_RX.6.MemInc=DMA_MINC_ENABLE
SH.SharedStack_PB14.ConfNb=3
FATFS.IPParameters=_USE_EXPAND,_USE_CHMOD,_USE_LABEL,_USE_FORWARD,_USE_LFN,_FS_RPATH,_VOLUMES,_USE_MUTEX,_USE_FIND
PA13.Signal=SYS_JTMS-SWDIO
Dma.SPI1_RX.0.FIFOMode=DMA_FIFOMODE_DISABLE
Dma.I2C1_RX.4.MemDataAlignment=DMA_MDATAALIGN_BYTE
SH.SharedStack_PA5.ConfNb=2
TIM1.Channel-Output\ Compare1\ CH1N=TIM_CHANNEL_1
VP_TIM4_VS_ClockSourceINT.Signal=TIM4_VS_ClockSourceINT
ProjectManager.TargetToolchain=STM32CubeIDE
PB10.GPIO_Label=D1
Dma.I2C1_RX.4.MemInc=DMA_MINC_ENABLE
PB7.GPIOParameters=GPIO_Label
VP_USB_DEVICE_VS_USB_DEVICE_CDC_FS.Mode=CDC_FS
PC5.GPIOParameters=GPIO_Label
SPI2.IPParameters=VirtualType,Mode,Direction,CalculateBaudRate
PC2.Locked=true
ProjectManager.RegisterCallBack=
VP_TIM3_VS_ClockSourceINT.Signal=TIM3_VS_ClockSourceINT
NVIC.DMA2_Stream3_IRQn=true\:5\:0\:false\:false\:true\:true\:false\:true
TIM4.Prescaler=42
PC15-OSC32_OUT.Signal=RCC_OSC32_OUT
SH.SharedStack_PC7.ConfNb=2
SH.SharedStack_PC1.0=GPIO_Input+0
VP_FATFS_VS_Generic.Mode=User_defined
SH.SharedStack_PC1.1=GPIO_EXTI1+0
SH.SharedStack_PB6.ConfNb=3
RCC.VCOI2SOutputFreq_Value=384000000
SH.SharedStack_PC1.2=GPIO_Output
PD2.Mode=SD_4_bits_Wide_bus
SH.SharedStack_PC3.ConfNb=2
board=custom
RCC.VCOOutputFreq_Value=336000000
Dma.SDIO_TX.3.Priority=DMA_PRIORITY_LOW
NVIC.SavedSystickIrqHandlerGenerated=true
RCC.APB2Freq_Value=21000000
MxCube.Version=6.2.0
Dma.USART3_TX.7.Priority=DMA_PRIORITY_LOW
VP_TIM2_VS_ClockSourceINT.Mode=Internal
Dma.SPI1_RX.0.Instance=DMA2_Stream0
NVIC.DMA2_Stream5_IRQn=true\:5\:0\:false\:false\:true\:true\:false\:true
PC1.GPIO_Label=D13
Dma.I2C1_RX.4.PeriphInc=DMA_PINC_DISABLE
PH1-OSC_OUT.Signal=RCC_OSC_OUT
SH.ADCx_IN15.ConfNb=1
Dma.SPI1_RX.0.MemDataAlignment=DMA_MDATAALIGN_BYTE
Dma.USART3_RX.6.Priority=DMA_PRIORITY_LOW
PA4.GPIOParameters=GPIO_Label
PB15.GPIOParameters=GPIO_Label
RCC.IPParameters=48MHZClocksFreq_Value,AHBCLKDivider,AHBFreq_Value,APB1CLKDivider,APB1Freq_Value,APB1TimFreq_Value,APB2CLKDivider,APB2Freq_Value,APB2TimFreq_Value,CortexFreq_Value,EthernetFreq_Value,FCLKCortexFreq_Value,FamilyName,HCLKFreq_Value,HSE_VALUE,HSI_VALUE,I2SClocksFreq_Value,LSI_VALUE,MCO2PinFreq_Value,PLLCLKFreq_Value,PLLM,PLLN,PLLQ,PLLQCLKFreq_Value,RCC_RTC_Clock_Source,RCC_RTC_Clock_SourceVirtual,RTCFreq_Value,RTCHSEDivFreq_Value,SYSCLKFreq_VALUE,SYSCLKSource,VCOI2SOutputFreq_Value,VCOInputFreq_Value,VCOOutputFreq_Value,VcooutputI2S
ProjectManager.AskForMigrate=true
Mcu.Name=STM32F405RGTx
Dma.SPI1_RX.0.MemInc=DMA_MINC_ENABLE
NVIC.SavedPendsvIrqHandlerGenerated=true
Dma.SDIO_RX.2.Priority=DMA_PRIORITY_LOW
Mcu.IP8=SDIO
VP_FREERTOS_VS_CMSIS_V2.Signal=FREERTOS_VS_CMSIS_V2
Mcu.IP9=SPI1
Mcu.IP6=RCC
Mcu.IP7=RTC
ProjectManager.CoupleFile=true
RCC.48MHZClocksFreq_Value=48000000
PB3.Signal=SPI1_SCK
RCC.SYSCLKFreq_VALUE=168000000
SH.SharedStack_PC2.ConfNb=2
PA7.GPIO_Label=A3
PA12.Mode=Device_Only
KeepUserPlacement=false
PC5.GPIO_Label=A5
USART3.VirtualMode=VM_ASYNC
SH.SharedStack_PB13.ConfNb=3
SH.SharedStack_PB15.0=SPI2_MOSI,Full_Duplex_Master
SH.SharedStack_PB15.1=GPIO_Input+0
PA14.Signal=SYS_JTCK-SWCLK
SH.SharedStack_PB15.2=TIM1_CH3N
PC6.GPIOParameters=GPIO_Label
Dma.SDIO_RX.2.MemBurst=DMA_MBURST_INC4
RCC.HSI_VALUE=16000000
RCC.PLLQ=7
ADC1.NbrOfConversionFlag=1
RCC.PLLM=6
RCC.PLLN=168
PB7.Locked=true
PB8.Signal=SharedStack_PB8
PC8.Locked=true
NVIC.DMA1_Stream3_IRQn=true\:5\:0\:false\:false\:true\:true\:false\:true
PC9.Signal=SDIO_D1
PC1.Stacked=true
RCC.APB1Freq_Value=21000000
Dma.I2C1_TX.5.Direction=DMA_MEMORY_TO_PERIPH
PB11.Locked=true
ProjectManager.DeviceId=STM32F405RGTx
ProjectManager.LibraryCopy=1
PA3.GPIO_Label=A6
PA7.Signal=ADCx_IN7
PA6.Locked=true
isbadioc=false
