#MicroXplorer Configuration settings - do not modify
PD7.Mode=Single Bank 1
Dma.SPI1_TX.1.Priority=DMA_PRIORITY_LOW
PB13.GPIOParameters=GPIO_Label
Dma.SPI1_TX.1.RequestNumber=1
PD12.GPIO_Label=D2
RCC.USART1Freq_Value=32000000
PD15.GPIO_Mode=GPIO_MODE_INPUT
SH.SharedStack_PA10.ConfNb=2
FATFS._USE_LFN=3
NVIC.I2C1_EV_IRQn=true\:5\:0\:false\:false\:true\:true\:true\:true
I2C1.I2C_Speed_Mode=I2C_Fast
RF1.Locked=true
SPI1.VirtualType=VM_MASTER
RF1.Signal=RF_RF1
Dma.I2C1_TX.4.PeriphInc=DMA_PINC_DISABLE
PC12.Locked=true
TIM1.IPParameters=Prescaler,Period,Channel-PWM Generation1 CH1,Channel-PWM Generation2 CH2
PC12.Signal=GPIO_Input
PD3.GPIOParameters=GPIO_Label
Dma.I2C3_TX.6.RequestParameters=Instance,Direction,PeriphInc,MemInc,PeriphDataAlignment,MemDataAlignment,Mode,Priority,SignalID,Polarity,RequestNumber,SyncSignalID,SyncPolarity,SyncEnable,EventEnable,SyncRequestNumber
Dma.I2C3_TX.6.Instance=DMA1_Channel7
VP_RTC_VS_RTC_Activate.Mode=RTC_Enabled
RCC.RTCFreq_Value=32768
PA3.GPIOParameters=GPIO_Label
Dma.SPI1_TX.1.SignalID=NONE
PB6.GPIO_Label=STLINK_TX
USART1.IPParameters=VirtualMode-Asynchronous
Dma.I2C3_TX.6.SyncSignalID=NONE
PB13.Signal=I2C3_SCL
Dma.QUADSPI.2.RequestNumber=1
PD6.GPIO_Label=FLASH_IO2
PA2.GPIOParameters=GPIO_Label
PinOutPanel.RotationAngle=0
Dma.I2C1_RX.3.Priority=DMA_PRIORITY_LOW
RCC.MCO1PinFreq_Value=32000000
RCC.SYSCLKSource=RCC_SYSCLKSOURCE_HSE
NVIC.DMA1_Channel3_IRQn=true\:5\:0\:false\:false\:true\:true\:false\:true
RCC.LPTIM1Freq_Value=32000000
NVIC.SVCall_IRQn=true\:0\:0\:false\:false\:false\:false\:false\:false
NVIC.ADC1_IRQn=true\:5\:0\:false\:false\:true\:true\:true\:true
PD15.GPIOParameters=GPIO_Label,GPIO_Mode
Dma.SPI1_RX.0.Direction=DMA_PERIPH_TO_MEMORY
PD13.GPIO_Mode=GPIO_MODE_INPUT
RCC.ADCCLockSelection=RCC_ADCCLKSOURCE_SYSCLK
SPI1.Direction=SPI_DIRECTION_2LINES
PE2.Mode=Trace_Synchro_1bit_SW
STM32_WPAN.LOCAL_NAME=Forth
TIM2.IPParameters=Channel-Input_Capture3_from_TI3,Prescaler,Channel-Output Compare2 CH2
PD4.Signal=QUADSPI_BK1_IO0
RCC.APB2TimFreq_Value=32000000
PCC.Ble.PowerLevel=Min
PB6.Signal=USART1_TX
TIM2.Channel-Input_Capture3_from_TI3=TIM_CHANNEL_3
Dma.I2C3_TX.6.Direction=DMA_MEMORY_TO_PERIPH
PB6.Mode=Asynchronous
VP_RCC_USB.Mode=CRS SYNC Source USB
RTC.IPParameters=Alarm-Alarm A
SPI1.CalculateBaudRate=8.0 MBits/s
PC3.Signal=ADCx_IN4
Dma.QUADSPI.2.RequestParameters=Instance,Direction,PeriphInc,MemInc,PeriphDataAlignment,MemDataAlignment,Mode,Priority,SignalID,Polarity,RequestNumber,SyncSignalID,SyncPolarity,SyncEnable,EventEnable,SyncRequestNumber
FREERTOS.configMINIMAL_STACK_SIZE=192
PB13.Locked=true
SH.SharedStack_PE0.1=TIM16_CH1,PWM Generation1 CH1
Dma.I2C1_RX.3.Mode=DMA_NORMAL
SH.SharedStack_PE0.0=GPIO_Input+0
PA2.Stacked=true
SH.SharedStack_PA10.0=GPIO_Input+0
Dma.I2C3_TX.6.PeriphInc=DMA_PINC_DISABLE
NVIC.EXTI15_10_IRQn=true\:5\:0\:false\:false\:true\:true\:true\:true
Dma.SPI1_TX.1.PeriphDataAlignment=DMA_PDATAALIGN_BYTE
ProjectManager.ProjectBuild=false
Dma.I2C3_RX.5.Polarity=HAL_DMAMUX_REQ_GEN_RISING
SH.SharedStack_PA10.1=I2C1_SDA,I2C
NVIC.UsageFault_IRQn=true\:0\:0\:false\:false\:true\:false\:false\:false
PB2.Signal=GPIO_Input
PA8.Locked=true
PA4.Locked=true
SH.ADCx_IN14.ConfNb=1
RCC.RTCClockSelection=RCC_RTCCLKSOURCE_LSE
Dma.SPI1_RX.0.RequestNumber=1
Dma.SPI1_RX.0.PeriphInc=DMA_PINC_DISABLE
ProjectManager.FirmwarePackage=STM32Cube FW_WB V1.11.1
MxDb.Version=DB.6.0.20
PE0.GPIOParameters=GPIO_Label,GPIO_Mode
PA1.GPIOParameters=GPIO_Speed,GPIO_Label
ProjectManager.BackupPrevious=true
VP_SYS_VS_tim17.Signal=SYS_VS_tim17
PC4.GPIO_Label=A4
Dma.SPI1_TX.1.Mode=DMA_NORMAL
TIM1.Channel-PWM\ Generation1\ CH1=TIM_CHANNEL_1
Dma.I2C3_TX.6.SignalID=NONE
NVIC.TIM2_IRQn=true\:5\:0\:false\:false\:true\:true\:true\:true
SPI1.DataSize=SPI_DATASIZE_8BIT
Dma.QUADSPI.2.EventEnable=DISABLE
PE2.Signal=SYS_TRACECLK
PA8.Signal=SAI1_CK2
RCC.PLLRCLKFreq_Value=64000000
SH.ADCx_IN4.ConfNb=1
PB6.Locked=true
NVIC.PendSV_IRQn=true\:15\:0\:false\:false\:false\:true\:false\:false
Dma.SPI1_RX.0.Polarity=HAL_DMAMUX_REQ_GEN_RISING
PD3.Mode=Single Bank 1
NVIC.I2C1_ER_IRQn=true\:5\:0\:false\:false\:true\:true\:true\:true
PC0.Stacked=true
ProjectManager.HalAssertFull=false
ADC1.SamplingTime-0\#ChannelRegularConversion=ADC_SAMPLETIME_2CYCLES_5
Dma.I2C3_TX.6.Priority=DMA_PRIORITY_LOW
PC8.GPIOParameters=GPIO_Label
VP_RCC_USB.Signal=RCC_USB
Dma.SPI1_TX.1.RequestParameters=Instance,Direction,PeriphInc,MemInc,PeriphDataAlignment,MemDataAlignment,Mode,Priority,SignalID,Polarity,RequestNumber,SyncSignalID,SyncPolarity,SyncEnable,EventEnable,SyncRequestNumber
NVIC.HSEM_IRQn=true\:5\:0\:false\:false\:true\:true\:false\:true
Mcu.Package=WLCSP100
TIM2.Prescaler=31
NVIC.TimeBase=TIM1_TRG_COM_TIM17_IRQn
Dma.I2C1_RX.3.SignalID=NONE
SH.ADCx_IN14.0=ADC1_IN14,IN14-Single-Ended
PD12.Signal=SharedStack_PD12
PD5.GPIOParameters=GPIO_Label
SH.SharedStack_PD15.1=TIM1_CH2,PWM Generation2 CH2
NVIC.TimeBaseIP=TIM17
RCC.LSCOPinFreq_Value=32000
PA10.Signal=SharedStack_PA10
VP_RTC_VS_RTC_Calendar.Mode=RTC_Calendar
PA5.GPIOParameters=GPIO_Label
SH.SharedStack_PD15.0=GPIO_Input+0
NVIC.USB_LP_IRQn=true\:5\:0\:false\:false\:true\:true\:false\:true
Dma.QUADSPI.2.Instance=DMA1_Channel3
STM32_WPAN.BLE_CFG_DIS_FIRMWARE_REVISION_STRING=1
VP_HSEM_VS_HSEM.Mode=HSEM_Activate
RCC.PLLPoutputFreq_Value=64000000
PD4.Mode=Single Bank 1
RCC.APB1TimFreq_Value=32000000
NVIC.BusFault_IRQn=true\:0\:0\:false\:false\:true\:false\:false\:false
Dma.I2C3_RX.5.RequestParameters=Instance,Direction,PeriphInc,MemInc,PeriphDataAlignment,MemDataAlignment,Mode,Priority,SignalID,Polarity,RequestNumber,SyncSignalID,SyncPolarity,SyncEnable,EventEnable,SyncRequestNumber
RCC.LPUART1Freq_Value=32000000
Dma.I2C1_RX.3.SyncEnable=DISABLE
TIM1.Period=1000
PB13.Mode=I2C
PB10.GPIOParameters=GPIO_Label
Dma.SPI1_TX.1.SyncPolarity=HAL_DMAMUX_SYNC_NO_EVENT
PC12.GPIO_PuPd=GPIO_PULLUP
NVIC.DMA1_Channel4_IRQn=true\:5\:0\:false\:false\:true\:true\:false\:true
TIM16.Prescaler=31
Dma.QUADSPI.2.Mode=DMA_NORMAL
NVIC.USART1_IRQn=true\:5\:0\:false\:false\:true\:true\:true\:true
Dma.SPI1_RX.0.RequestParameters=Instance,Direction,PeriphInc,MemInc,PeriphDataAlignment,MemDataAlignment,Mode,Priority,SignalID,Polarity,RequestNumber,SyncSignalID,SyncPolarity,SyncEnable,EventEnable,SyncRequestNumber
PA4.GPIO_Label=D10
PD15.Signal=SharedStack_PD15
ProjectManager.CustomerFirmwarePackage=
PC4.GPIOParameters=GPIO_Label
SH.SharedStack_PB8.ConfNb=2
SH.SharedStack_PE3.ConfNb=2
Dma.SPI1_TX.1.Instance=DMA1_Channel2
RCC.HSI48_VALUE=48000000
Dma.I2C1_RX.3.MemDataAlignment=DMA_MDATAALIGN_BYTE
Dma.QUADSPI.2.PeriphDataAlignment=DMA_PDATAALIGN_BYTE
Dma.I2C1_TX.4.Priority=DMA_PRIORITY_LOW
PCC.Ble.Mode=NOT_SELECTED
PD6.GPIOParameters=GPIO_Label
NVIC.DMA1_Channel6_IRQn=true\:5\:0\:false\:false\:true\:true\:false\:true
SH.SharedStack_PB4.ConfNb=2
NVIC.EXTI4_IRQn=true\:5\:0\:false\:false\:true\:true\:true\:true
SH.SharedStack_PB10.0=GPIO_Input+0
SH.SharedStack_PB10.1=TIM2_CH3,Input_Capture3_from_TI3
SH.SharedStack_PB8.0=I2C1_SCL,I2C
RCC.PLLQoutputFreq_Value=64000000
ProjectManager.ProjectFileName=MecrispCubeWB5M.ioc
RCC.SMPSFreq_Value=4000000
SH.SharedStack_PB8.1=GPIO_Input+0
FREERTOS.Tasks01=defaultTask,24,192,StartDefaultTask,Default,NULL,Dynamic,NULL,NULL
ADC1.Rank-0\#ChannelRegularConversion=1
Dma.I2C3_RX.5.SyncPolarity=HAL_DMAMUX_SYNC_NO_EVENT
Mcu.PinsNb=63
Dma.I2C1_TX.4.SignalID=NONE
Dma.I2C3_RX.5.PeriphInc=DMA_PINC_DISABLE
VP_SYS_VS_tim17.Mode=TIM17
ADC1.IPParameters=Rank-0\#ChannelRegularConversion,Channel-0\#ChannelRegularConversion,SamplingTime-0\#ChannelRegularConversion,OffsetNumber-0\#ChannelRegularConversion,NbrOfConversionFlag,master
PC13.Locked=true
ADC1.OffsetNumber-0\#ChannelRegularConversion=ADC_OFFSET_NONE
RCC.HCLK3Freq_Value=32000000
PC13.Signal=GPIO_Input
PA9.GPIO_Label=MICRO_D2
PD3.Signal=QUADSPI_BK1_NCS
STM32_WPAN.BLE_CFG_DIS_MODEL_NUMBER_STRING=1
Dma.QUADSPI.2.MemInc=DMA_MINC_ENABLE
Dma.I2C3_RX.5.MemDataAlignment=DMA_MDATAALIGN_BYTE
PB11.GPIO_Label=MEMS_SDA
PD13.GPIOParameters=GPIO_Label,GPIO_Mode
PD7.Signal=QUADSPI_BK1_IO3
SH.SharedStack_PA7.0=GPIO_Input+0
SH.SharedStack_PA7.1=SPI1_MOSI,Full_Duplex_Master
VP_TIM16_VS_ClockSourceINT.Mode=Enable_Timer
SPI1.CLKPhase=SPI_PHASE_2EDGE
RCC.HCLK2Freq_Value=32000000
PC0.Signal=SharedStack_PC0
PC14-OSC32_IN.Signal=RCC_OSC32_IN
SH.SharedStack_PB10.ConfNb=2
PD6.Mode=Single Bank 1
Mcu.Pin62=VP_USB_DEVICE_VS_USB_DEVICE_CDC_FS
Mcu.Pin60=VP_TIM16_VS_ClockSourceINT
Mcu.Pin61=VP_TINY_LPM_VS_TINY_LPM
PD15.Stacked=true
PC3.GPIOParameters=GPIO_Label
FATFS._VOLUMES=2
PA3.Mode=Single Bank 1
PB8.GPIO_Label=D15
Dma.SPI1_TX.1.MemDataAlignment=DMA_MDATAALIGN_BYTE
PA8.GPIO_Label=MICRO_CK
Mcu.Pin59=VP_SYS_VS_tim17
Mcu.Pin57=VP_RTC_VS_RTC_Alarm_A_Intern
Mcu.Pin58=VP_STM32_WPAN_VS_BLE_HOST
PB11.Mode=I2C
Mcu.Pin51=VP_FREERTOS_VS_CMSIS_V2
Mcu.Pin52=VP_HSEM_VS_HSEM
SH.ADCx_IN7.0=ADC1_IN7,IN7-Single-Ended
STM32_WPAN.LOCAL_NAME_FORMATTED=,'F','o','r','t','h'
Mcu.Pin50=VP_FATFS_VS_Generic
Mcu.Pin55=VP_RTC_VS_RTC_Activate
PH0.Signal=GPIO_Output
Mcu.Pin56=VP_RTC_VS_RTC_Calendar
Mcu.Pin53=VP_IPCC_VS_IPCC
Mcu.Pin54=VP_RCC_USB
PA9.Signal=SAI1_D2
TIM1.Channel-PWM\ Generation2\ CH2=TIM_CHANNEL_2
I2C1.Timing=0x00300F38
PH0.Locked=true
PB5.Locked=true
PB11.GPIOParameters=GPIO_Label
OSC_IN.Signal=RCC_OSC_IN
Mcu.Pin48=PA5
Mcu.Pin49=PA4
RCC.PLLSAI1PoutputFreq_Value=48000000
Mcu.Pin46=PB2
Mcu.Pin47=PA9
PB10.Signal=SharedStack_PB10
Mcu.Pin40=OSC_OUT
PA5.Signal=ADCx_IN10
Mcu.Pin41=PB11
Mcu.Pin44=RF1
Mcu.Pin45=PB10
FATFS._USE_EXPAND=1
Mcu.Pin42=PA8
Dma.QUADSPI.2.SyncSignalID=NONE
Mcu.Pin43=PA3
RCC.Cortex2Freq_Value=32000000
ProjectManager.LastFirmware=true
NVIC.SPI1_IRQn=true\:5\:0\:false\:false\:true\:true\:true\:true
Dma.I2C3_TX.6.RequestNumber=1
RCC.RNGCLockSelection=RCC_RNGCLKSOURCE_CLK48
PB4.GPIO_Label=D12
Mcu.Pin37=PC5
Dma.I2C3_RX.5.PeriphDataAlignment=DMA_PDATAALIGN_BYTE
PCC.Ble.DataLength=6
Mcu.Pin38=PA7
Mcu.Pin35=PC1
RCC.I2C1Freq_Value=32000000
Mcu.Pin36=PC3
SPI1.Mode=SPI_MODE_MASTER
Mcu.Pin39=OSC_IN
RCC.LCDFreq_Value=32768
RCC.RNGFreq_Value=16000000
Mcu.Pin30=PC0
Dma.SPI1_RX.0.PeriphDataAlignment=DMA_PDATAALIGN_BYTE
PA1.GPIO_Label=D13
Mcu.Pin33=PC13
Mcu.Pin34=PA1
Dma.I2C3_RX.5.SyncRequestNumber=1
Mcu.Pin31=PE3
Mcu.Pin32=PC4
SH.ADCx_IN4.0=ADC1_IN4,IN4-Single-Ended
PA9.Locked=true
VP_TIM16_VS_ClockSourceINT.Signal=TIM16_VS_ClockSourceINT
NVIC.NonMaskableInt_IRQn=true\:0\:0\:false\:false\:true\:false\:false\:false
Dma.I2C3_RX.5.Priority=DMA_PRIORITY_LOW
FATFS._USE_FIND=1
PA13.Mode=Trace_Synchro_1bit_SW
ProjectManager.FreePins=false
NVIC.RTC_Alarm_IRQn=true\:5\:0\:false\:false\:true\:true\:true\:true
PC9.GPIOParameters=GPIO_Label
RCC.LPTIM2Freq_Value=32000000
Mcu.Pin26=PC8
Mcu.Pin27=PB6
Mcu.Pin24=PD15
ProjectManager.UnderRoot=false
Mcu.Pin25=PH0
Dma.I2C1_RX.3.SyncRequestNumber=1
FATFS._USE_CHMOD=1
Mcu.Pin28=PA2
Mcu.Pin29=PB8
PB4.Locked=true
PD14.GPIOParameters=GPIO_Label
PA4.Signal=SharedStack_PA4
Dma.SPI1_RX.0.SignalID=NONE
Dma.SPI1_TX.1.Polarity=HAL_DMAMUX_REQ_GEN_RISING
PB5.Signal=SharedStack_PB5
Mcu.Pin22=PC14-OSC32_IN
Mcu.Pin23=PE2
Mcu.Pin20=PD14
ADC1.master=1
Mcu.Pin21=PC15-OSC32_OUT
SH.SharedStack_PC0.ConfNb=2
PA10.Locked=true
PA5.GPIO_Label=A2
NVIC.ForceEnableDMAVector=true
OSC_IN.Mode=HSE-External-Oscillator
SH.SharedStack_PB5.1=GPIO_EXTI5
NVIC.MemoryManagement_IRQn=true\:0\:0\:false\:false\:true\:false\:false\:false
PC12.GPIO_Label=B1
SH.SharedStack_PB5.0=GPIO_Input+0
VP_RTC_VS_RTC_Alarm_A_Intern.Signal=RTC_VS_RTC_Alarm_A_Intern
ProjectManager.CompilerOptimize=6
Dma.I2C3_RX.5.SignalID=NONE
PD15.Locked=true
PA11.Signal=USB_DM
Dma.I2C1_TX.4.RequestParameters=Instance,Direction,PeriphInc,MemInc,PeriphDataAlignment,MemDataAlignment,Mode,Priority,SignalID,Polarity,RequestNumber,SyncSignalID,SyncPolarity,SyncEnable,EventEnable,SyncRequestNumber
ProjectManager.HeapSize=0x400
Mcu.Pin15=PD13
NVIC.HardFault_IRQn=true\:0\:0\:false\:false\:true\:false\:false\:false
Mcu.Pin16=PD4
Mcu.Pin13=PB4
Mcu.Pin14=PE0
Mcu.Pin19=PB7
Dma.SPI1_RX.0.Priority=DMA_PRIORITY_LOW
Dma.I2C1_TX.4.RequestNumber=1
ProjectManager.ComputerToolchain=false
Mcu.Pin17=PD9
Mcu.Pin18=PB5
NVIC.PriorityGroup=NVIC_PRIORITYGROUP_4
Mcu.Pin11=PC12
Mcu.Pin12=PD6
NVIC.I2C3_ER_IRQn=true\:5\:0\:false\:false\:true\:true\:true\:true
Mcu.Pin10=PD3
PA10.Stacked=true
PE3.Signal=SharedStack_PE3
PC3.GPIO_Label=A0
RCC.PWRFreq_Value=32000000
SH.SharedStack_PA4.1=GPIO_EXTI4
SH.SharedStack_PA4.0=GPIO_Input+0
NVIC.DMA1_Channel1_IRQn=true\:5\:0\:false\:false\:true\:true\:false\:true
Dma.I2C3_TX.6.Polarity=HAL_DMAMUX_REQ_GEN_RISING
PA7.GPIOParameters=GPIO_Label
PC0.Locked=true
PE0.GPIO_Mode=GPIO_MODE_INPUT
PC1.Signal=ADCx_IN2
PD7.GPIOParameters=GPIO_Label
SH.SharedStack_PD12.ConfNb=2
Dma.QUADSPI.2.SyncRequestNumber=1
PD14.Stacked=true
I2C3.I2C_Speed_Mode=I2C_Fast
Mcu.Family=STM32WB
ProjectManager.MainLocation=Core/Src
FATFS._USE_FORWARD=1
SH.SharedStack_PB4.1=SPI1_MISO,Full_Duplex_Master
USB_DEVICE.CLASS_NAME_FS=CDC
Dma.SPI1_TX.1.EventEnable=DISABLE
RCC.SAI1Freq_Value=48000000
Dma.I2C1_RX.3.SyncSignalID=NONE
Dma.I2C3_RX.5.Mode=DMA_NORMAL
RCC.CortexFreq_Value=32000000
Dma.SPI1_TX.1.SyncRequestNumber=1
Dma.QUADSPI.2.Direction=DMA_PERIPH_TO_MEMORY
NVIC.DMA1_Channel5_IRQn=true\:5\:0\:false\:false\:true\:true\:false\:true
Dma.I2C1_RX.3.Direction=DMA_PERIPH_TO_MEMORY
ProjectManager.KeepUserCode=true
Mcu.UserName=STM32WB55VGYx
SH.SharedStack_PB4.0=GPIO_Input+0
RCC.RFWKPFreq_Value=32768
PA7.Stacked=true
Dma.I2C1_RX.3.RequestParameters=Instance,Direction,PeriphInc,MemInc,PeriphDataAlignment,MemDataAlignment,Mode,Priority,SignalID,Polarity,RequestNumber,SyncSignalID,SyncPolarity,SyncEnable,EventEnable,SyncRequestNumber
SH.ADCx_IN2.0=ADC1_IN2,IN2-Single-Ended
RCC.PLLSAI1RoutputFreq_Value=48000000
ProjectManager.functionlistsort=1-MX_GPIO_Init-GPIO-false-HAL-true,2-MX_DMA_Init-DMA-false-HAL-true,3-SystemClock_Config-RCC-false-HAL-false,4-MX_ADC1_Init-ADC1-false-HAL-true,5-MX_I2C3_Init-I2C3-false-HAL-true,6-MX_IPCC_Init-IPCC-false-HAL-true,7-MX_QUADSPI_Init-QUADSPI-false-HAL-true,8-MX_RF_Init-RF-false-HAL-true,9-MX_RTC_Init-RTC-false-HAL-true,10-MX_USART1_UART_Init-USART1-false-HAL-true,11-MX_FATFS_Init-FATFS-false-HAL-false,12-APPE_Init-STM32_WPAN-false-HAL-false,13-MX_USB_Device_Init-USB_DEVICE-false-HAL-false,14-MX_I2C1_Init-I2C1-false-HAL-true,15-MX_SPI1_Init-SPI1-false-HAL-true,16-MX_TIM1_Init-TIM1-false-HAL-true,17-MX_TIM2_Init-TIM2-false-HAL-true,18-MX_TIM16_Init-TIM16-false-HAL-true,0-MX_HSEM_Init-HSEM-false-HAL-true
PC0.GPIOParameters=GPIO_Label
PA9.GPIOParameters=GPIO_Label
Dma.SPI1_TX.1.PeriphInc=DMA_PINC_DISABLE
NVIC.EXTI3_IRQn=true\:5\:0\:false\:false\:true\:true\:true\:true
PC0.GPIO_Label=D0
PA11.Mode=Device
PC9.Locked=true
PD6.Locked=true
VP_RTC_VS_RTC_Calendar.Signal=RTC_VS_RTC_Calendar
Dma.I2C3_TX.6.PeriphDataAlignment=DMA_PDATAALIGN_BYTE
PC13.GPIO_Label=B2
PB13.GPIO_Label=MEMS_SCK
PB11.Signal=I2C3_SDA
SH.SharedStack_PB5.ConfNb=2
PD9.Mode=Trace_Synchro_1bit_SW
VP_RTC_VS_RTC_Alarm_A_Intern.Mode=Alarm A
ProjectManager.StackSize=0x400
PB5.GPIOParameters=GPIO_Label
VP_FREERTOS_VS_CMSIS_V2.Mode=CMSIS_V2
SH.SharedStack_PA4.ConfNb=2
Dma.SPI1_RX.0.SyncRequestNumber=1
RCC.I2C3Freq_Value=32000000
PD13.Signal=GPIO_Input
Dma.I2C1_TX.4.PeriphDataAlignment=DMA_PDATAALIGN_BYTE
Mcu.IP4=HSEM
Mcu.IP5=I2C1
RCC.FCLKCortexFreq_Value=32000000
PD13.Locked=true
Mcu.IP2=FATFS
I2C1.IPParameters=Timing,I2C_Speed_Mode
Mcu.IP3=FREERTOS
PB4.GPIOParameters=GPIO_Label
Mcu.IP0=ADC1
Mcu.IP1=DMA
PA12.Signal=USB_DP
Dma.I2C3_RX.5.MemInc=DMA_MINC_ENABLE
TIM1.Prescaler=31
SPI1.CLKPolarity=SPI_POLARITY_HIGH
Mcu.UserConstants=
RCC.VCOSAI1OutputFreq_Value=96000000
PC1.GPIOParameters=GPIO_Label
PB10.Stacked=true
Mcu.ThirdPartyNb=0
Dma.I2C3_RX.5.SyncSignalID=NONE
RCC.HCLKFreq_Value=32000000
PE0.Stacked=true
Mcu.IPNb=23
ProjectManager.PreviousToolchain=
SH.ADCx_IN7.ConfNb=1
PA8.GPIOParameters=GPIO_Label
Mcu.Pin6=PA10
Mcu.Pin7=PD5
Mcu.Pin8=PD12
Dma.SPI1_TX.1.SyncSignalID=NONE
Mcu.Pin9=PB13
OSC_OUT.Mode=HSE-External-Oscillator
PB8.Stacked=true
FREERTOS.IPParameters=Tasks01,configMINIMAL_STACK_SIZE,configTOTAL_HEAP_SIZE
OSC_OUT.Signal=RCC_OSC_OUT
Dma.I2C1_RX.3.Polarity=HAL_DMAMUX_REQ_GEN_RISING
Dma.I2C3_RX.5.SyncEnable=DISABLE
RCC.AHBFreq_Value=32000000
Mcu.Pin0=PA11
PD5.Mode=Single Bank 1
Mcu.Pin1=PA12
GPIO.groupedBy=Group By Peripherals
SH.SharedStack_PD14.ConfNb=2
Mcu.Pin2=PA14
Mcu.Pin3=PA13
Mcu.Pin4=PD7
Mcu.Pin5=PC9
ADC1.Channel-0\#ChannelRegularConversion=ADC_CHANNEL_4
I2C3.IPParameters=Timing,I2C_Speed_Mode
RCC.HSE_VALUE=32000000
NVIC.IPCC_C1_RX_IRQn=true\:5\:0\:false\:false\:true\:true\:true\:true
RCC.FCLK2Freq_Value=32000000
NVIC.DebugMonitor_IRQn=true\:0\:0\:false\:false\:true\:false\:false\:false
Mcu.IP10=RCC
Dma.I2C3_TX.6.SyncPolarity=HAL_DMAMUX_SYNC_NO_EVENT
NVIC.SysTick_IRQn=true\:15\:0\:false\:false\:false\:true\:false\:true
Mcu.IP12=RTC
Mcu.IP11=RF
Dma.QUADSPI.2.SyncPolarity=HAL_DMAMUX_SYNC_NO_EVENT
Mcu.IP18=TIM16
Dma.SPI1_RX.0.SyncEnable=DISABLE
NVIC.I2C3_EV_IRQn=true\:5\:0\:false\:false\:true\:true\:true\:true
Mcu.IP17=TIM2
NVIC.TIM1_TRG_COM_TIM17_IRQn=true\:0\:0\:false\:false\:true\:false\:false\:true
Mcu.IP19=TINY_LPM
Mcu.IP14=STM32_WPAN
Mcu.IP13=SPI1
Dma.I2C3_TX.6.MemInc=DMA_MINC_ENABLE
Mcu.IP16=TIM1
PE3.Stacked=true
Mcu.IP15=SYS
PC14-OSC32_IN.Mode=LSE-External-Oscillator
RCC.VCOInputFreq_Value=4000000
PA14.Mode=Trace_Synchro_1bit_SW
File.Version=6
PA10.GPIO_Label=D14
PC13.GPIO_PuPd=GPIO_PULLUP
PE3.GPIOParameters=GPIO_Label
Dma.I2C1_TX.4.Polarity=HAL_DMAMUX_REQ_GEN_RISING
SH.ADCx_IN13.ConfNb=1
PB7.Signal=USART1_RX
PE3.Locked=true
Mcu.IP21=USB
PB8.Locked=true
Mcu.IP20=USART1
Mcu.IP22=USB_DEVICE
PD13.Stacked=true
Dma.RequestsNb=7
PB6.GPIOParameters=GPIO_Label
PA1.Stacked=true
FREERTOS.configTOTAL_HEAP_SIZE=81920
ProjectManager.ProjectName=MecrispCubeWB5M
FATFS._USE_LABEL=1
PD7.GPIO_Label=FLASH_IO3
SH.SharedStack_PA1.0=GPIO_Output+0
RCC.APB3Freq_Value=16000000
SH.SharedStack_PA1.2=TIM2_CH2
SH.SharedStack_PA1.1=SPI1_SCK,Full_Duplex_Master
PB7.GPIO_Label=STLINK_RX
Dma.I2C1_RX.3.PeriphInc=DMA_PINC_DISABLE
PD13.GPIO_Label=D8
TIM2.Channel-Output\ Compare2\ CH2=TIM_CHANNEL_2
PA7.Locked=true
VP_FATFS_VS_Generic.Signal=FATFS_VS_Generic
SH.SharedStack_PE0.ConfNb=2
PD5.GPIO_Label=FLASH_IO1
ProjectManager.ToolChainLocation=
PD14.Locked=true
PA2.GPIO_Label=A1
SH.SharedStack_PA7.ConfNb=2
RCC.LSI_VALUE=32000
VP_USB_DEVICE_VS_USB_DEVICE_CDC_FS.Signal=USB_DEVICE_VS_USB_DEVICE_CDC_FS
Dma.I2C1_TX.4.SyncPolarity=HAL_DMAMUX_SYNC_NO_EVENT
PE0.GPIO_Label=D6
VP_STM32_WPAN_VS_BLE_HOST.Signal=STM32_WPAN_VS_BLE_HOST
VP_TINY_LPM_VS_TINY_LPM.Mode=TINY_LPM_Enabled
Dma.I2C1_TX.4.EventEnable=DISABLE
I2C3.Timing=0x00300F38
PB5.GPIO_Label=D1
Dma.Request2=QUADSPI
Dma.QUADSPI.2.PeriphInc=DMA_PINC_DISABLE
Dma.Request1=SPI1_TX
Dma.Request4=I2C1_TX
Dma.Request3=I2C1_RX
Dma.Request6=I2C3_TX
Dma.QUADSPI.2.SyncEnable=DISABLE
Dma.Request5=I2C3_RX
Dma.I2C1_RX.3.EventEnable=DISABLE
FATFS._FS_RPATH=2
PD3.GPIO_Label=FLASH_NCS
PC5.Signal=ADCx_IN14
RCC.CK48CLockSelection=RCC_USBCLKSOURCE_HSI48
PA4.Stacked=true
PD6.Signal=QUADSPI_BK1_IO2
Dma.Request0=SPI1_RX
SPI1.BaudRatePrescaler=SPI_BAUDRATEPRESCALER_4
PB4.Signal=SharedStack_PB4
RCC.PLLSAI1N=24
PA3.Signal=QUADSPI_CLK
PA2.Locked=true
VP_RTC_VS_RTC_Activate.Signal=RTC_VS_RTC_Activate
PC15-OSC32_OUT.Mode=LSE-External-Oscillator
Dma.I2C1_TX.4.MemDataAlignment=DMA_MDATAALIGN_BYTE
Dma.I2C3_RX.5.Instance=DMA1_Channel6
Dma.SPI1_TX.1.MemInc=DMA_MINC_ENABLE
Dma.I2C3_RX.5.RequestNumber=1
SH.ADCx_IN13.0=ADC1_IN13,IN13-Single-Ended
PB8.GPIOParameters=GPIO_Label
PD15.GPIO_Label=D9
Dma.SPI1_TX.1.SyncEnable=DISABLE
SH.SharedStack_PD14.0=GPIO_Input+0
SH.SharedStack_PD14.1=TIM1_CH1,PWM Generation1 CH1
VP_STM32_WPAN_VS_BLE_HOST.Mode=STM32_WPAN_Enabled
PC9.GPIO_Label=OLED_DC
ProjectManager.NoMain=false
SPI1.IPParameters=VirtualType,Mode,Direction,CalculateBaudRate,DataSize,BaudRatePrescaler,CLKPolarity,CLKPhase
USB_DEVICE.VirtualModeFS=Cdc_FS
NVIC.SavedSvcallIrqHandlerGenerated=true
FATFS._USE_MUTEX=1
PC8.Signal=GPIO_Output
PC4.Signal=ADCx_IN13
VP_IPCC_VS_IPCC.Signal=IPCC_VS_IPCC
Dma.I2C1_RX.3.PeriphDataAlignment=DMA_PDATAALIGN_BYTE
ProjectManager.DefaultFWLocation=true
VP_HSEM_VS_HSEM.Signal=HSEM_VS_HSEM
PD5.Signal=QUADSPI_BK1_IO1
PD9.Signal=SYS_TRACED0
NVIC.IPCC_C1_TX_IRQn=true\:5\:0\:false\:false\:true\:true\:true\:true
ProjectManager.DeletePrevious=false
Dma.SPI1_RX.0.Mode=DMA_NORMAL
PB10.Locked=true
Dma.QUADSPI.2.Polarity=HAL_DMAMUX_REQ_GEN_RISING
Dma.SPI1_TX.1.Direction=DMA_MEMORY_TO_PERIPH
USB_DEVICE.IPParameters=VirtualMode,VirtualModeFS,CLASS_NAME_FS
TIM16.Channel=TIM_CHANNEL_1
PinOutPanel.CurrentBGAView=Top
RCC.FamilyName=M
PD12.Locked=true
PC12.GPIOParameters=GPIO_PuPd,GPIO_Label
PC8.GPIO_Label=OLED_RST
FATFS.IPParameters=_USE_FIND,_USE_EXPAND,_USE_CHMOD,_USE_LABEL,_USE_FORWARD,_USE_LFN,_FS_RPATH,_VOLUMES,_USE_MUTEX
USART1.VirtualMode-Asynchronous=VM_ASYNC
PA13.Signal=SYS_JTMS-SWDIO
SH.SharedStack_PA1.ConfNb=3
Dma.I2C1_TX.4.Mode=DMA_NORMAL
PD12.GPIOParameters=GPIO_Label
Dma.I2C1_RX.3.RequestNumber=1
NVIC.DMA1_Channel2_IRQn=true\:5\:0\:false\:false\:true\:true\:false\:true
ProjectManager.TargetToolchain=STM32CubeIDE
PB10.GPIO_Label=D5
PB7.GPIOParameters=GPIO_Label
STM32_WPAN.BLE_CFG_DIS_SERIAL_NUMBER_STRING=1
VP_USB_DEVICE_VS_USB_DEVICE_CDC_FS.Mode=CDC_FS
Dma.I2C3_RX.5.EventEnable=DISABLE
RCC.HCLKRFFreq_Value=16000000
PC5.GPIOParameters=GPIO_Label
PB2.GPIOParameters=GPIO_Label
Dma.I2C1_TX.4.SyncRequestNumber=1
Dma.QUADSPI.2.MemDataAlignment=DMA_MDATAALIGN_BYTE
Dma.QUADSPI.2.Priority=DMA_PRIORITY_LOW
ProjectManager.RegisterCallBack=
PE0.Locked=true
RCC.USBFreq_Value=48000000
Dma.SPI1_RX.0.EventEnable=DISABLE
PD12.Stacked=true
PD3.Locked=true
PC15-OSC32_OUT.Signal=RCC_OSC32_OUT
PA1.Signal=SharedStack_PA1
PH0.GPIOParameters=GPIO_Label
VP_FATFS_VS_Generic.Mode=User_defined
PB4.Stacked=true
board=custom
RCC.VCOOutputFreq_Value=128000000
RCC.SMPS1Freq_Value=8000000
Dma.I2C1_TX.4.SyncSignalID=NONE
TIM16.Period=1000
NVIC.SavedSystickIrqHandlerGenerated=true
RCC.APB2Freq_Value=32000000
MxCube.Version=6.2.0
SH.SharedStack_PD12.0=GPIO_Input+0
SH.SharedStack_PD12.1=GPIO_EXTI12
PD4.GPIO_Label=FLASH_IO0
PC13.GPIOParameters=GPIO_PuPd,GPIO_Label
STM32_WPAN.BLE_CFG_DIS_SYSTEM_ID=1
PA1.GPIO_Speed=GPIO_SPEED_FREQ_LOW
Dma.SPI1_RX.0.Instance=DMA1_Channel1
Dma.I2C1_TX.4.MemInc=DMA_MINC_ENABLE
SH.ADCx_IN2.ConfNb=1
SH.ADCx_IN10.ConfNb=1
RCC.PLLSAI1QoutputFreq_Value=48000000
RCC.ADCFreq_Value=32000000
PC1.GPIO_Label=A3
PD4.GPIOParameters=GPIO_Label
PA10.GPIOParameters=GPIO_Label
Dma.SPI1_RX.0.SyncSignalID=NONE
Dma.SPI1_RX.0.MemDataAlignment=DMA_MDATAALIGN_BYTE
Dma.I2C1_TX.4.SyncEnable=DISABLE
Dma.I2C1_TX.4.Instance=DMA1_Channel5
Dma.I2C3_TX.6.Mode=DMA_NORMAL
PD14.GPIO_Label=D3
STM32_WPAN.BLE_CFG_DIS_HARDWARE_REVISION_STRING=1
PA4.GPIOParameters=GPIO_Label
RCC.IPParameters=ADCCLockSelection,ADCFreq_Value,AHBFreq_Value,APB1Freq_Value,APB1TimFreq_Value,APB2Freq_Value,APB2TimFreq_Value,APB3Freq_Value,CK48CLockSelection,Cortex2Freq_Value,CortexFreq_Value,FCLK2Freq_Value,FCLKCortexFreq_Value,FamilyName,HCLK2Freq_Value,HCLK3Freq_Value,HCLKFreq_Value,HCLKRFFreq_Value,HSE_VALUE,HSI48_VALUE,HSI_VALUE,I2C1Freq_Value,I2C3Freq_Value,LCDFreq_Value,LPTIM1Freq_Value,LPTIM2Freq_Value,LPUART1Freq_Value,LSCOPinFreq_Value,LSI_VALUE,MCO1PinFreq_Value,PLLN,PLLPoutputFreq_Value,PLLQoutputFreq_Value,PLLRCLKFreq_Value,PLLSAI1N,PLLSAI1PoutputFreq_Value,PLLSAI1QoutputFreq_Value,PLLSAI1RoutputFreq_Value,PWRFreq_Value,RFWKPClockSelection,RFWKPFreq_Value,RNGCLockSelection,RNGFreq_Value,RTCClockSelection,RTCFreq_Value,SAI1Freq_Value,SMPS1Freq_Value,SMPSFreq_Value,SYSCLKFreq_VALUE,SYSCLKSource,USART1Freq_Value,USBFreq_Value,VCOInputFreq_Value,VCOOutputFreq_Value,VCOSAI1OutputFreq_Value
ProjectManager.AskForMigrate=true
Mcu.Name=STM32WB55VGYx
PE0.Signal=SharedStack_PE0
VP_IPCC_VS_IPCC.Mode=IPCC_Activate
RTC.Alarm-Alarm\ A=RTC_ALARM_A
SH.SharedStack_PC0.0=GPIO_Input+0
SH.SharedStack_PE3.0=GPIO_Input+0
Dma.I2C1_RX.3.Instance=DMA1_Channel4
SH.SharedStack_PC0.1=GPIO_EXTI0
Dma.SPI1_RX.0.MemInc=DMA_MINC_ENABLE
Dma.I2C1_TX.4.Direction=DMA_MEMORY_TO_PERIPH
Dma.I2C3_TX.6.EventEnable=DISABLE
NVIC.SavedPendsvIrqHandlerGenerated=true
PA2.Signal=ADCx_IN7
PB2.Locked=true
Mcu.IP8=NVIC
VP_FREERTOS_VS_CMSIS_V2.Signal=FREERTOS_VS_CMSIS_V2
Mcu.IP9=QUADSPI
SH.SharedStack_PD15.ConfNb=2
PD14.Signal=SharedStack_PD14
Mcu.IP6=I2C3
SH.SharedStack_PE3.1=GPIO_EXTI3
Mcu.IP7=IPCC
ProjectManager.CoupleFile=true
PB5.Stacked=true
Dma.I2C3_TX.6.SyncEnable=DISABLE
NVIC.EXTI0_IRQn=true\:5\:0\:false\:false\:true\:true\:true\:true
Dma.QUADSPI.2.SignalID=NONE
RCC.SYSCLKFreq_VALUE=32000000
PA7.GPIO_Label=D11
PA1.Locked=true
PA12.Mode=Device
Dma.I2C3_TX.6.MemDataAlignment=DMA_MDATAALIGN_BYTE
PCC.Ble.ConnectionInterval=1000.0
KeepUserPlacement=false
PC5.GPIO_Label=A5
Dma.I2C3_RX.5.Direction=DMA_PERIPH_TO_MEMORY
STM32_WPAN.IPParameters=BLE_CFG_DIS_MODEL_NUMBER_STRING,BLE_CFG_DIS_SERIAL_NUMBER_STRING,BLE_CFG_DIS_HARDWARE_REVISION_STRING,BLE_CFG_DIS_FIRMWARE_REVISION_STRING,BLE_CFG_DIS_SOFTWARE_REVISION_STRING,BLE_CFG_DIS_SYSTEM_ID,LOCAL_NAME,LOCAL_NAME_FORMATTED
RF1.Mode=RF1_Activate
PB7.Mode=Asynchronous
Dma.I2C3_TX.6.SyncRequestNumber=1
NVIC.EXTI9_5_IRQn=true\:5\:0\:false\:false\:true\:true\:true\:true
PA14.Signal=SYS_JTCK-SWCLK
PB2.GPIO_Label=D7
SH.ADCx_IN10.0=ADC1_IN10,IN10-Single-Ended
PH0.GPIO_Label=OLED_CS
RCC.HSI_VALUE=16000000
Dma.SPI1_RX.0.SyncPolarity=HAL_DMAMUX_SYNC_NO_EVENT
Dma.I2C1_RX.3.MemInc=DMA_MINC_ENABLE
ADC1.NbrOfConversionFlag=1
RCC.PLLN=32
PB7.Locked=true
Dma.I2C1_RX.3.SyncPolarity=HAL_DMAMUX_SYNC_NO_EVENT
PB8.Signal=SharedStack_PB8
PE3.GPIO_Label=D4
PC8.Locked=true
NVIC.DMA1_Channel7_IRQn=true\:5\:0\:false\:false\:true\:true\:false\:true
PC9.Signal=GPIO_Output
TIM16.IPParameters=Channel,Prescaler,Period
VP_TINY_LPM_VS_TINY_LPM.Signal=TINY_LPM_VS_TINY_LPM
RCC.APB1Freq_Value=32000000
RCC.RFWKPClockSelection=RCC_RFWKPCLKSOURCE_LSE
USB_DEVICE.VirtualMode=Cdc
STM32_WPAN.BLE_CFG_DIS_SOFTWARE_REVISION_STRING=1
PB11.Locked=true
ProjectManager.DeviceId=STM32WB55VGYx
ProjectManager.LibraryCopy=1
PA3.GPIO_Label=FLASH_CLK
PA7.Signal=SharedStack_PA7
isbadioc=true
