#MicroXplorer Configuration settings - do not modify
ADC1.Channel-0\#ChannelRegularConversion=ADC_CHANNEL_4
ADC1.CommonPathInternal=ADC_CHANNEL_VREFINT|ADC_CHANNEL_TEMPSENSOR|ADC_CHANNEL_VBAT|null
ADC1.IPParameters=Rank-0\#ChannelRegularConversion,Channel-0\#ChannelRegularConversion,SamplingTime-0\#ChannelRegularConversion,OffsetNumber-0\#ChannelRegularConversion,NbrOfConversionFlag,NbrOfConversion,master,CommonPathInternal
ADC1.NbrOfConversion=1
ADC1.NbrOfConversionFlag=1
ADC1.OffsetNumber-0\#ChannelRegularConversion=ADC_OFFSET_NONE
ADC1.Rank-0\#ChannelRegularConversion=1
ADC1.SamplingTime-0\#ChannelRegularConversion=ADC_SAMPLETIME_47CYCLES_5
ADC1.master=1
CAD.formats=
CAD.pinconfig=
CAD.provider=
Dma.I2C1_RX.0.Direction=DMA_PERIPH_TO_MEMORY
Dma.I2C1_RX.0.EventEnable=DISABLE
Dma.I2C1_RX.0.Instance=DMA1_Channel3
Dma.I2C1_RX.0.MemDataAlignment=DMA_MDATAALIGN_BYTE
Dma.I2C1_RX.0.MemInc=DMA_MINC_ENABLE
Dma.I2C1_RX.0.Mode=DMA_NORMAL
Dma.I2C1_RX.0.PeriphDataAlignment=DMA_PDATAALIGN_BYTE
Dma.I2C1_RX.0.PeriphInc=DMA_PINC_DISABLE
Dma.I2C1_RX.0.Polarity=HAL_DMAMUX_REQ_GEN_RISING
Dma.I2C1_RX.0.Priority=DMA_PRIORITY_LOW
Dma.I2C1_RX.0.RequestNumber=1
Dma.I2C1_RX.0.RequestParameters=Instance,Direction,PeriphInc,MemInc,PeriphDataAlignment,MemDataAlignment,Mode,Priority,SignalID,Polarity,RequestNumber,SyncSignalID,SyncPolarity,SyncEnable,EventEnable,SyncRequestNumber
Dma.I2C1_RX.0.SignalID=NONE
Dma.I2C1_RX.0.SyncEnable=DISABLE
Dma.I2C1_RX.0.SyncPolarity=HAL_DMAMUX_SYNC_NO_EVENT
Dma.I2C1_RX.0.SyncRequestNumber=1
Dma.I2C1_RX.0.SyncSignalID=NONE
Dma.I2C1_TX.1.Direction=DMA_MEMORY_TO_PERIPH
Dma.I2C1_TX.1.EventEnable=DISABLE
Dma.I2C1_TX.1.Instance=DMA1_Channel4
Dma.I2C1_TX.1.MemDataAlignment=DMA_MDATAALIGN_BYTE
Dma.I2C1_TX.1.MemInc=DMA_MINC_ENABLE
Dma.I2C1_TX.1.Mode=DMA_NORMAL
Dma.I2C1_TX.1.PeriphDataAlignment=DMA_PDATAALIGN_BYTE
Dma.I2C1_TX.1.PeriphInc=DMA_PINC_DISABLE
Dma.I2C1_TX.1.Polarity=HAL_DMAMUX_REQ_GEN_RISING
Dma.I2C1_TX.1.Priority=DMA_PRIORITY_LOW
Dma.I2C1_TX.1.RequestNumber=1
Dma.I2C1_TX.1.RequestParameters=Instance,Direction,PeriphInc,MemInc,PeriphDataAlignment,MemDataAlignment,Mode,Priority,SignalID,Polarity,RequestNumber,SyncSignalID,SyncPolarity,SyncEnable,EventEnable,SyncRequestNumber
Dma.I2C1_TX.1.SignalID=NONE
Dma.I2C1_TX.1.SyncEnable=DISABLE
Dma.I2C1_TX.1.SyncPolarity=HAL_DMAMUX_SYNC_NO_EVENT
Dma.I2C1_TX.1.SyncRequestNumber=1
Dma.I2C1_TX.1.SyncSignalID=NONE
Dma.I2C3_RX.6.Direction=DMA_PERIPH_TO_MEMORY
Dma.I2C3_RX.6.EventEnable=DISABLE
Dma.I2C3_RX.6.Instance=DMA1_Channel7
Dma.I2C3_RX.6.MemDataAlignment=DMA_MDATAALIGN_BYTE
Dma.I2C3_RX.6.MemInc=DMA_MINC_ENABLE
Dma.I2C3_RX.6.Mode=DMA_NORMAL
Dma.I2C3_RX.6.PeriphDataAlignment=DMA_PDATAALIGN_BYTE
Dma.I2C3_RX.6.PeriphInc=DMA_PINC_DISABLE
Dma.I2C3_RX.6.Polarity=HAL_DMAMUX_REQ_GEN_RISING
Dma.I2C3_RX.6.Priority=DMA_PRIORITY_LOW
Dma.I2C3_RX.6.RequestNumber=1
Dma.I2C3_RX.6.RequestParameters=Instance,Direction,PeriphInc,MemInc,PeriphDataAlignment,MemDataAlignment,Mode,Priority,SignalID,Polarity,RequestNumber,SyncSignalID,SyncPolarity,SyncEnable,EventEnable,SyncRequestNumber
Dma.I2C3_RX.6.SignalID=NONE
Dma.I2C3_RX.6.SyncEnable=DISABLE
Dma.I2C3_RX.6.SyncPolarity=HAL_DMAMUX_SYNC_NO_EVENT
Dma.I2C3_RX.6.SyncRequestNumber=1
Dma.I2C3_RX.6.SyncSignalID=NONE
Dma.I2C3_TX.7.Direction=DMA_MEMORY_TO_PERIPH
Dma.I2C3_TX.7.EventEnable=DISABLE
Dma.I2C3_TX.7.Instance=DMA2_Channel1
Dma.I2C3_TX.7.MemDataAlignment=DMA_MDATAALIGN_BYTE
Dma.I2C3_TX.7.MemInc=DMA_MINC_ENABLE
Dma.I2C3_TX.7.Mode=DMA_NORMAL
Dma.I2C3_TX.7.PeriphDataAlignment=DMA_PDATAALIGN_BYTE
Dma.I2C3_TX.7.PeriphInc=DMA_PINC_DISABLE
Dma.I2C3_TX.7.Polarity=HAL_DMAMUX_REQ_GEN_RISING
Dma.I2C3_TX.7.Priority=DMA_PRIORITY_LOW
Dma.I2C3_TX.7.RequestNumber=1
Dma.I2C3_TX.7.RequestParameters=Instance,Direction,PeriphInc,MemInc,PeriphDataAlignment,MemDataAlignment,Mode,Priority,SignalID,Polarity,RequestNumber,SyncSignalID,SyncPolarity,SyncEnable,EventEnable,SyncRequestNumber
Dma.I2C3_TX.7.SignalID=NONE
Dma.I2C3_TX.7.SyncEnable=DISABLE
Dma.I2C3_TX.7.SyncPolarity=HAL_DMAMUX_SYNC_NO_EVENT
Dma.I2C3_TX.7.SyncRequestNumber=1
Dma.I2C3_TX.7.SyncSignalID=NONE
Dma.Request0=I2C1_RX
Dma.Request1=I2C1_TX
Dma.Request2=SPI1_RX
Dma.Request3=SPI1_TX
Dma.Request4=SPI2_RX
Dma.Request5=SPI2_TX
Dma.Request6=I2C3_RX
Dma.Request7=I2C3_TX
Dma.RequestsNb=8
Dma.SPI1_RX.2.Direction=DMA_PERIPH_TO_MEMORY
Dma.SPI1_RX.2.EventEnable=DISABLE
Dma.SPI1_RX.2.Instance=DMA1_Channel1
Dma.SPI1_RX.2.MemDataAlignment=DMA_MDATAALIGN_BYTE
Dma.SPI1_RX.2.MemInc=DMA_MINC_ENABLE
Dma.SPI1_RX.2.Mode=DMA_NORMAL
Dma.SPI1_RX.2.PeriphDataAlignment=DMA_PDATAALIGN_BYTE
Dma.SPI1_RX.2.PeriphInc=DMA_PINC_DISABLE
Dma.SPI1_RX.2.Polarity=HAL_DMAMUX_REQ_GEN_RISING
Dma.SPI1_RX.2.Priority=DMA_PRIORITY_LOW
Dma.SPI1_RX.2.RequestNumber=1
Dma.SPI1_RX.2.RequestParameters=Instance,Direction,PeriphInc,MemInc,PeriphDataAlignment,MemDataAlignment,Mode,Priority,SignalID,Polarity,RequestNumber,SyncSignalID,SyncPolarity,SyncEnable,EventEnable,SyncRequestNumber
Dma.SPI1_RX.2.SignalID=NONE
Dma.SPI1_RX.2.SyncEnable=DISABLE
Dma.SPI1_RX.2.SyncPolarity=HAL_DMAMUX_SYNC_NO_EVENT
Dma.SPI1_RX.2.SyncRequestNumber=1
Dma.SPI1_RX.2.SyncSignalID=NONE
Dma.SPI1_TX.3.Direction=DMA_MEMORY_TO_PERIPH
Dma.SPI1_TX.3.EventEnable=DISABLE
Dma.SPI1_TX.3.Instance=DMA1_Channel2
Dma.SPI1_TX.3.MemDataAlignment=DMA_MDATAALIGN_BYTE
Dma.SPI1_TX.3.MemInc=DMA_MINC_ENABLE
Dma.SPI1_TX.3.Mode=DMA_NORMAL
Dma.SPI1_TX.3.PeriphDataAlignment=DMA_PDATAALIGN_BYTE
Dma.SPI1_TX.3.PeriphInc=DMA_PINC_DISABLE
Dma.SPI1_TX.3.Polarity=HAL_DMAMUX_REQ_GEN_RISING
Dma.SPI1_TX.3.Priority=DMA_PRIORITY_LOW
Dma.SPI1_TX.3.RequestNumber=1
Dma.SPI1_TX.3.RequestParameters=Instance,Direction,PeriphInc,MemInc,PeriphDataAlignment,MemDataAlignment,Mode,Priority,SignalID,Polarity,RequestNumber,SyncSignalID,SyncPolarity,SyncEnable,EventEnable,SyncRequestNumber
Dma.SPI1_TX.3.SignalID=NONE
Dma.SPI1_TX.3.SyncEnable=DISABLE
Dma.SPI1_TX.3.SyncPolarity=HAL_DMAMUX_SYNC_NO_EVENT
Dma.SPI1_TX.3.SyncRequestNumber=1
Dma.SPI1_TX.3.SyncSignalID=NONE
Dma.SPI2_RX.4.Direction=DMA_PERIPH_TO_MEMORY
Dma.SPI2_RX.4.EventEnable=DISABLE
Dma.SPI2_RX.4.Instance=DMA1_Channel5
Dma.SPI2_RX.4.MemDataAlignment=DMA_MDATAALIGN_BYTE
Dma.SPI2_RX.4.MemInc=DMA_MINC_ENABLE
Dma.SPI2_RX.4.Mode=DMA_NORMAL
Dma.SPI2_RX.4.PeriphDataAlignment=DMA_PDATAALIGN_BYTE
Dma.SPI2_RX.4.PeriphInc=DMA_PINC_DISABLE
Dma.SPI2_RX.4.Polarity=HAL_DMAMUX_REQ_GEN_RISING
Dma.SPI2_RX.4.Priority=DMA_PRIORITY_LOW
Dma.SPI2_RX.4.RequestNumber=1
Dma.SPI2_RX.4.RequestParameters=Instance,Direction,PeriphInc,MemInc,PeriphDataAlignment,MemDataAlignment,Mode,Priority,SignalID,Polarity,RequestNumber,SyncSignalID,SyncPolarity,SyncEnable,EventEnable,SyncRequestNumber
Dma.SPI2_RX.4.SignalID=NONE
Dma.SPI2_RX.4.SyncEnable=DISABLE
Dma.SPI2_RX.4.SyncPolarity=HAL_DMAMUX_SYNC_NO_EVENT
Dma.SPI2_RX.4.SyncRequestNumber=1
Dma.SPI2_RX.4.SyncSignalID=NONE
Dma.SPI2_TX.5.Direction=DMA_MEMORY_TO_PERIPH
Dma.SPI2_TX.5.EventEnable=DISABLE
Dma.SPI2_TX.5.Instance=DMA1_Channel6
Dma.SPI2_TX.5.MemDataAlignment=DMA_MDATAALIGN_BYTE
Dma.SPI2_TX.5.MemInc=DMA_MINC_ENABLE
Dma.SPI2_TX.5.Mode=DMA_NORMAL
Dma.SPI2_TX.5.PeriphDataAlignment=DMA_PDATAALIGN_BYTE
Dma.SPI2_TX.5.PeriphInc=DMA_PINC_DISABLE
Dma.SPI2_TX.5.Polarity=HAL_DMAMUX_REQ_GEN_RISING
Dma.SPI2_TX.5.Priority=DMA_PRIORITY_LOW
Dma.SPI2_TX.5.RequestNumber=1
Dma.SPI2_TX.5.RequestParameters=Instance,Direction,PeriphInc,MemInc,PeriphDataAlignment,MemDataAlignment,Mode,Priority,SignalID,Polarity,RequestNumber,SyncSignalID,SyncPolarity,SyncEnable,EventEnable,SyncRequestNumber
Dma.SPI2_TX.5.SignalID=NONE
Dma.SPI2_TX.5.SyncEnable=DISABLE
Dma.SPI2_TX.5.SyncPolarity=HAL_DMAMUX_SYNC_NO_EVENT
Dma.SPI2_TX.5.SyncRequestNumber=1
Dma.SPI2_TX.5.SyncSignalID=NONE
FATFS.IPParameters=_USE_MUTEX,_USE_LABEL,_USE_CHMOD,_FS_RPATH,_USE_FIND,_USE_EXPAND,_MULTI_PARTITION,_USE_FORWARD,_USE_LFN,_VOLUMES
FATFS._FS_RPATH=2
FATFS._MULTI_PARTITION=0
FATFS._USE_CHMOD=1
FATFS._USE_EXPAND=1
FATFS._USE_FIND=1
FATFS._USE_FORWARD=1
FATFS._USE_LABEL=1
FATFS._USE_LFN=3
FATFS._USE_MUTEX=1
FATFS._VOLUMES=2
FREERTOS.FootprintOK=true
FREERTOS.IPParameters=Tasks01,FootprintOK,configTOTAL_HEAP_SIZE,configMINIMAL_STACK_SIZE,configTIMER_TASK_STACK_DEPTH,configUSE_NEWLIB_REENTRANT
FREERTOS.Tasks01=FORTH_ConThread,24,512,MainThread,Default,NULL,Dynamic,NULL,NULL
FREERTOS.configMINIMAL_STACK_SIZE=192
FREERTOS.configTIMER_TASK_STACK_DEPTH=192
FREERTOS.configTOTAL_HEAP_SIZE=81920
FREERTOS.configUSE_NEWLIB_REENTRANT=1
File.Version=6
GPIO.groupedBy=Group By Peripherals
I2C1.I2C_Speed_Mode=I2C_Fast
I2C1.IPParameters=Timing,I2C_Speed_Mode
I2C1.Timing=0x00300F38
I2C3.IPParameters=Timing
I2C3.Timing=0x00707CBB
KeepUserPlacement=false
MMTAppReg1.MEMORYMAP.AppRegionName=RAM
MMTAppReg1.MEMORYMAP.ContextName=Cortex-M4NS
MMTAppReg1.MEMORYMAP.CoreName=ARM Cortex-M4
MMTAppReg1.MEMORYMAP.DefaultDataRegion=true
MMTAppReg1.MEMORYMAP.IPParameters=StartAddress,Size,CoreName,DefaultDataRegion,ContextName,Name
MMTAppReg1.MEMORYMAP.Name=RAM
MMTAppReg1.MEMORYMAP.Size=262144
MMTAppReg1.MEMORYMAP.StartAddress=0x20000000
MMTAppReg2.MEMORYMAP.AppRegionName=FLASH
MMTAppReg2.MEMORYMAP.ContextName=Cortex-M4NS
MMTAppReg2.MEMORYMAP.CoreName=ARM Cortex-M4
MMTAppReg2.MEMORYMAP.DefaultCodeRegion=true
MMTAppReg2.MEMORYMAP.DefaultDataRegion=false
MMTAppReg2.MEMORYMAP.IPParameters=StartAddress,Size,CoreName,DefaultDataRegion,MemType,ContextName,Name,DefaultCodeRegion
MMTAppReg2.MEMORYMAP.MemType=ROM
MMTAppReg2.MEMORYMAP.Name=FLASH
MMTAppReg2.MEMORYMAP.Size=1048576
MMTAppReg2.MEMORYMAP.StartAddress=0x08000000
MMTAppRegionsCount=2
MMTConfigApplied=false
Mcu.CPN=STM32WB55RGV6
Mcu.Family=STM32WB
Mcu.IP0=ADC1
Mcu.IP1=AES1
Mcu.IP10=NVIC
Mcu.IP11=PKA
Mcu.IP12=RCC
Mcu.IP13=RF
Mcu.IP14=RNG
Mcu.IP15=RTC
Mcu.IP16=SPI1
Mcu.IP17=SPI2
Mcu.IP18=STM32_WPAN
Mcu.IP19=SYS
Mcu.IP2=DMA
Mcu.IP20=TIM1
Mcu.IP21=TIM2
Mcu.IP22=TIM16
Mcu.IP23=TINY_LPM
Mcu.IP24=USART1
Mcu.IP25=USB
Mcu.IP26=USB_DEVICE
Mcu.IP27=WWDG
Mcu.IP3=FATFS
Mcu.IP4=FREERTOS
Mcu.IP5=HSEM
Mcu.IP6=I2C1
Mcu.IP7=I2C3
Mcu.IP8=IPCC
Mcu.IP9=MEMORYMAP
Mcu.IPNb=28
Mcu.Name=STM32WB55RGVx
Mcu.Package=VFQFPN68
Mcu.Pin0=PC13
Mcu.Pin1=PC14-OSC32_IN
Mcu.Pin10=PA0
Mcu.Pin11=PA1
Mcu.Pin12=PA2
Mcu.Pin13=PA3
Mcu.Pin14=PA4
Mcu.Pin15=PA5
Mcu.Pin16=PA6
Mcu.Pin17=PA7
Mcu.Pin18=PA8
Mcu.Pin19=PA9
Mcu.Pin2=PC15-OSC32_OUT
Mcu.Pin20=PC4
Mcu.Pin21=PC5
Mcu.Pin22=PB2
Mcu.Pin23=PB10
Mcu.Pin24=PB11
Mcu.Pin25=RF1
Mcu.Pin26=OSC_OUT
Mcu.Pin27=OSC_IN
Mcu.Pin28=PB0
Mcu.Pin29=PB1
Mcu.Pin3=PH3-BOOT0
Mcu.Pin30=PE4
Mcu.Pin31=PB12
Mcu.Pin32=PB13
Mcu.Pin33=PB14
Mcu.Pin34=PB15
Mcu.Pin35=PC6
Mcu.Pin36=PA10
Mcu.Pin37=PA11
Mcu.Pin38=PA12
Mcu.Pin39=PA13
Mcu.Pin4=PB8
Mcu.Pin40=PA14
Mcu.Pin41=PA15
Mcu.Pin42=PC10
Mcu.Pin43=PC11
Mcu.Pin44=PC12
Mcu.Pin45=PD0
Mcu.Pin46=PD1
Mcu.Pin47=PB3
Mcu.Pin48=PB4
Mcu.Pin49=PB5
Mcu.Pin5=PB9
Mcu.Pin50=PB6
Mcu.Pin51=PB7
Mcu.Pin52=VP_ADC1_TempSens_Input
Mcu.Pin53=VP_ADC1_Vref_Input
Mcu.Pin54=VP_ADC1_Vbat_Input
Mcu.Pin55=VP_AES1_VS_AES
Mcu.Pin56=VP_FATFS_VS_Generic
Mcu.Pin57=VP_FREERTOS_VS_CMSIS_V2
Mcu.Pin58=VP_HSEM_VS_HSEM
Mcu.Pin59=VP_IPCC_VS_IPCC
Mcu.Pin6=PC0
Mcu.Pin60=VP_PKA_VS_PKA
Mcu.Pin61=VP_RCC_USB
Mcu.Pin62=VP_RNG_VS_RNG
Mcu.Pin63=VP_RTC_VS_RTC_Activate
Mcu.Pin64=VP_RTC_VS_RTC_Calendar
Mcu.Pin65=VP_RTC_VS_RTC_WakeUp_intern
Mcu.Pin66=VP_RTC_VS_RTC_Alarm_A_Intern
Mcu.Pin67=VP_STM32_WPAN_VS_BLE_HOST
Mcu.Pin68=VP_SYS_VS_tim17
Mcu.Pin69=VP_TIM1_VS_ClockSourceINT
Mcu.Pin7=PC1
Mcu.Pin70=VP_TIM2_VS_ClockSourceINT
Mcu.Pin71=VP_TIM16_VS_ClockSourceINT
Mcu.Pin72=VP_TINY_LPM_VS_TINY_LPM
Mcu.Pin73=VP_USB_DEVICE_VS_USB_DEVICE_CDC_FS
Mcu.Pin74=VP_WWDG_VS_WWDG
Mcu.Pin75=VP_MEMORYMAP_VS_MEMORYMAP
Mcu.Pin8=PC2
Mcu.Pin9=PC3
Mcu.PinsNb=76
Mcu.ThirdPartyNb=0
Mcu.UserConstants=
Mcu.UserName=STM32WB55RGVx
MxCube.Version=6.9.2
MxDb.Version=DB.6.0.92
NVIC.ADC1_IRQn=true\:5\:0\:false\:false\:true\:true\:true\:true\:true
NVIC.BusFault_IRQn=true\:0\:0\:false\:false\:true\:false\:false\:false\:false
NVIC.DMA1_Channel1_IRQn=true\:5\:0\:false\:false\:true\:true\:false\:true\:true
NVIC.DMA1_Channel2_IRQn=true\:5\:0\:false\:false\:true\:true\:false\:true\:true
NVIC.DMA1_Channel3_IRQn=true\:5\:0\:false\:false\:true\:true\:false\:true\:true
NVIC.DMA1_Channel4_IRQn=true\:5\:0\:false\:false\:true\:true\:false\:true\:true
NVIC.DMA1_Channel5_IRQn=true\:5\:0\:false\:false\:true\:true\:false\:true\:true
NVIC.DMA1_Channel6_IRQn=true\:5\:0\:false\:false\:true\:true\:false\:true\:true
NVIC.DMA1_Channel7_IRQn=true\:5\:0\:false\:false\:true\:true\:false\:true\:true
NVIC.DMA2_Channel1_IRQn=true\:5\:0\:false\:false\:true\:true\:false\:true\:true
NVIC.DebugMonitor_IRQn=true\:0\:0\:false\:false\:true\:false\:false\:false\:false
NVIC.EXTI4_IRQn=true\:5\:0\:false\:false\:true\:true\:true\:true\:true
NVIC.FLASH_IRQn=true\:5\:0\:false\:false\:true\:true\:true\:true\:true
NVIC.ForceEnableDMAVector=true
NVIC.HSEM_IRQn=true\:5\:0\:false\:false\:true\:false\:false\:true\:true
NVIC.HardFault_IRQn=true\:0\:0\:false\:false\:true\:false\:false\:false\:false
NVIC.I2C1_ER_IRQn=true\:5\:0\:false\:false\:true\:true\:true\:true\:true
NVIC.I2C1_EV_IRQn=true\:5\:0\:false\:false\:true\:true\:true\:true\:true
NVIC.I2C3_ER_IRQn=true\:5\:0\:false\:false\:true\:true\:true\:true\:true
NVIC.I2C3_EV_IRQn=true\:5\:0\:false\:false\:true\:true\:true\:true\:true
NVIC.IPCC_C1_RX_IRQn=true\:5\:0\:false\:false\:true\:true\:true\:true\:true
NVIC.IPCC_C1_TX_IRQn=true\:5\:0\:false\:false\:true\:true\:true\:true\:true
NVIC.MemoryManagement_IRQn=true\:0\:0\:false\:false\:true\:false\:false\:false\:false
NVIC.NonMaskableInt_IRQn=true\:0\:0\:false\:false\:true\:false\:false\:false\:false
NVIC.PendSV_IRQn=true\:15\:0\:false\:false\:false\:true\:false\:false\:false
NVIC.PriorityGroup=NVIC_PRIORITYGROUP_4
NVIC.RTC_Alarm_IRQn=true\:5\:0\:false\:false\:true\:true\:true\:true\:true
NVIC.RTC_WKUP_IRQn=true\:5\:0\:false\:false\:true\:true\:true\:true\:true
NVIC.SPI1_IRQn=true\:5\:0\:false\:false\:true\:true\:true\:true\:true
NVIC.SPI2_IRQn=true\:5\:0\:false\:false\:true\:true\:true\:true\:true
NVIC.SVCall_IRQn=true\:0\:0\:false\:false\:false\:false\:false\:false\:false
NVIC.SavedPendsvIrqHandlerGenerated=true
NVIC.SavedSvcallIrqHandlerGenerated=true
NVIC.SavedSystickIrqHandlerGenerated=true
NVIC.SysTick_IRQn=true\:15\:0\:false\:false\:false\:true\:false\:true\:false
NVIC.TIM1_TRG_COM_TIM17_IRQn=true\:15\:0\:false\:false\:true\:false\:false\:true\:true
NVIC.TimeBase=TIM1_TRG_COM_TIM17_IRQn
NVIC.TimeBaseIP=TIM17
NVIC.USART1_IRQn=true\:5\:0\:true\:false\:true\:false\:true\:true\:true
NVIC.USB_LP_IRQn=true\:5\:0\:false\:false\:true\:true\:false\:true\:true
NVIC.UsageFault_IRQn=true\:0\:0\:false\:false\:true\:false\:false\:false\:false
NVIC.WWDG_IRQn=true\:5\:0\:false\:false\:true\:true\:true\:true\:true
OSC_IN.Locked=true
OSC_IN.Mode=HSE-External-Oscillator
OSC_IN.Signal=RCC_OSC_IN
OSC_OUT.Locked=true
OSC_OUT.Mode=HSE-External-Oscillator
OSC_OUT.Signal=RCC_OSC_OUT
PA0.GPIOParameters=GPIO_Label
PA0.GPIO_Label=IR_RX
PA0.Locked=true
PA0.Signal=GPIO_Input
PA0.Stacked=true
PA1.GPIOParameters=GPIO_Label
PA1.GPIO_Label=CC1101_G0
PA1.Locked=true
PA1.Signal=GPIO_Output
PA10.GPIOParameters=GPIO_Label
PA10.GPIO_Label=I2C_SDA
PA10.Locked=true
PA10.Mode=I2C
PA10.Signal=I2C1_SDA
PA11.Locked=true
PA11.Mode=Device
PA11.Signal=USB_DM
PA12.Locked=true
PA12.Mode=Device
PA12.Signal=USB_DP
PA13.GPIOParameters=GPIO_Label
PA13.GPIO_Label=D2
PA13.Locked=true
PA13.Mode=Serial_Wire
PA13.Signal=SYS_JTMS-SWDIO
PA13.Stacked=true
PA14.GPIOParameters=GPIO_Label
PA14.GPIO_Label=D3
PA14.Locked=true
PA14.Mode=Serial_Wire
PA14.Signal=SYS_JTCK-SWCLK
PA14.Stacked=true
PA15.GPIOParameters=GPIO_Label
PA15.GPIO_Label=RFID_CARRIER
PA15.Locked=true
PA15.Signal=GPIO_Input
PA2.GPIOParameters=GPIO_Label
PA2.GPIO_Label=RFID_PULL
PA2.Locked=true
PA2.Signal=GPIO_Output
PA3.GPIOParameters=GPIO_Label
PA3.GPIO_Label=PERIPH_POWER
PA3.Locked=true
PA3.Signal=GPIO_Output
PA4.GPIOParameters=GPIO_PuPd,GPIO_Label
PA4.GPIO_Label=D10
PA4.GPIO_PuPd=GPIO_PULLUP
PA4.Locked=true
PA4.Signal=SharedStack_PA4
PA4.Stacked=true
PA5.GPIOParameters=GPIO_Label
PA5.GPIO_Label=SPI_R_SCK
PA5.Locked=true
PA5.Mode=Full_Duplex_Master
PA5.Signal=SPI1_SCK
PA6.GPIOParameters=GPIO_Label
PA6.GPIO_Label=D12
PA6.Locked=true
PA6.Signal=GPIO_Input
PA6.Stacked=true
PA7.GPIOParameters=GPIO_Label
PA7.GPIO_Label=D11
PA7.Locked=true
PA7.Signal=GPIO_Input
PA7.Stacked=true
PA8.GPIOParameters=GPIO_Label
PA8.GPIO_Label=VIBRO
PA8.Locked=true
PA8.Signal=GPIO_Output
PA9.GPIOParameters=GPIO_Label
PA9.GPIO_Label=I2C_SCL
PA9.Locked=true
PA9.Mode=I2C
PA9.Signal=I2C1_SCL
PB0.GPIOParameters=GPIO_Label
PB0.GPIO_Label=DISPLAY_RST
PB0.Locked=true
PB0.Signal=GPIO_Output
PB1.GPIOParameters=GPIO_Label
PB1.GPIO_Label=DISPLAY_DI
PB1.Locked=true
PB1.Signal=GPIO_Output
PB10.GPIOParameters=GPIO_PuPd,GPIO_Label
PB10.GPIO_Label=BUTTON_UP
PB10.GPIO_PuPd=GPIO_PULLUP
PB10.Locked=true
PB10.Signal=GPIO_Input
PB11.GPIOParameters=GPIO_PuPd,GPIO_Label
PB11.GPIO_Label=BUTTON_LEFT
PB11.GPIO_PuPd=GPIO_PULLUP
PB11.Locked=true
PB11.Signal=GPIO_Input
PB12.GPIOParameters=GPIO_PuPd,GPIO_Label
PB12.GPIO_Label=BUTTON_RIGHT
PB12.GPIO_PuPd=GPIO_PULLUP
PB12.Locked=true
PB12.Signal=GPIO_Input
PB13.GPIOParameters=GPIO_Label
PB13.GPIO_Label=RFID_OUT
PB13.Locked=true
PB13.Signal=GPIO_Output
PB14.GPIOParameters=GPIO_Label
PB14.GPIO_Label=D4
PB14.Locked=true
PB14.Signal=GPIO_Input
PB14.Stacked=true
PB15.GPIOParameters=GPIO_Label
PB15.GPIO_Label=SPI_D_MOSI
PB15.Locked=true
PB15.Mode=Full_Duplex_Master
PB15.Signal=SPI2_MOSI
PB2.GPIOParameters=GPIO_Label
PB2.GPIO_Label=D9
PB2.Locked=true
PB2.Signal=GPIO_Input
PB2.Stacked=true
PB3.GPIOParameters=GPIO_Label
PB3.GPIO_Label=D13
PB3.Locked=true
PB3.Signal=GPIO_Input
PB3.Stacked=true
PB4.GPIOParameters=GPIO_Label
PB4.GPIO_Label=SPI_R_MISO
PB4.Locked=true
PB4.Mode=Full_Duplex_Master
PB4.Signal=SPI1_MISO
PB5.GPIOParameters=GPIO_Label
PB5.GPIO_Label=SPI_R_MOSI
PB5.Locked=true
PB5.Mode=Full_Duplex_Master
PB5.Signal=SPI1_MOSI
PB6.GPIOParameters=GPIO_Label
PB6.GPIO_Label=D1
PB6.Locked=true
PB6.Mode=Asynchronous
PB6.Signal=USART1_TX
PB6.Stacked=true
PB7.GPIOParameters=GPIO_PuPd,GPIO_Label
PB7.GPIO_Label=D0
PB7.GPIO_PuPd=GPIO_PULLUP
PB7.Locked=true
PB7.Mode=Asynchronous
PB7.Signal=USART1_RX
PB7.Stacked=true
PB8.GPIOParameters=GPIO_Label
PB8.GPIO_Label=SPEAKER
PB8.Locked=true
PB8.Signal=SharedStack_PB8
PB8.Stacked=true
PB9.GPIOParameters=GPIO_Label
PB9.GPIO_Label=IR_TX
PB9.Locked=true
PB9.Signal=SharedStack_PB9
PB9.Stacked=true
PC0.GPIOParameters=GPIO_Label
PC0.GPIO_Label=A0
PC0.Locked=true
PC0.Signal=SharedStack_PC0
PC0.Stacked=true
PC1.GPIOParameters=GPIO_Label
PC1.GPIO_Label=A1
PC1.Locked=true
PC1.Signal=SharedStack_PC1
PC1.Stacked=true
PC10.GPIOParameters=GPIO_Label
PC10.GPIO_Label=SD_CD
PC10.Locked=true
PC10.Signal=GPIO_Input
PC11.GPIOParameters=GPIO_Label
PC11.GPIO_Label=DISPLAY_CS
PC11.Locked=true
PC11.Signal=GPIO_Output
PC12.GPIOParameters=GPIO_Label
PC12.GPIO_Label=SD_CS
PC12.Locked=true
PC12.Signal=GPIO_Output
PC13.GPIOParameters=GPIO_PuPd,GPIO_Label
PC13.GPIO_Label=BUTTON_BACK
PC13.GPIO_PuPd=GPIO_PULLUP
PC13.Locked=true
PC13.Signal=GPIO_Input
PC14-OSC32_IN.Locked=true
PC14-OSC32_IN.Mode=LSE-External-Oscillator
PC14-OSC32_IN.Signal=RCC_OSC32_IN
PC15-OSC32_OUT.Locked=true
PC15-OSC32_OUT.Mode=LSE-External-Oscillator
PC15-OSC32_OUT.Signal=RCC_OSC32_OUT
PC2.GPIOParameters=GPIO_Label
PC2.GPIO_Label=SPI_D_MISO
PC2.Locked=true
PC2.Mode=Full_Duplex_Master
PC2.Signal=SPI2_MISO
PC3.GPIOParameters=GPIO_Label
PC3.GPIO_Label=A2
PC3.Locked=true
PC3.Signal=SharedAnalog_PC3
PC3.Stacked=true
PC4.GPIOParameters=GPIO_Label
PC4.GPIO_Label=RF_SW_O
PC4.Locked=true
PC4.Signal=GPIO_Output
PC5.GPIOParameters=GPIO_Label
PC5.GPIO_Label=RFID_RF_IN
PC5.Locked=true
PC5.Signal=GPIO_Input
PC6.GPIOParameters=GPIO_PuPd,GPIO_Label
PC6.GPIO_Label=BUTTON_DOWN
PC6.GPIO_PuPd=GPIO_PULLUP
PC6.Locked=true
PC6.Signal=GPIO_Input
PCC.Ble.ConnectionInterval=1000.0
PCC.Ble.DataLength=6
PCC.Ble.IsUsed=false
PCC.Ble.Mode=Advertising
PCC.Ble.PowerLevel=Min
PCC.Zigbee.IsUsed=false
PCC.Zigbee.Mode=Sleepy End Device
PCC.Zigbee.Payload=15
PCC.Zigbee.PoolPeriodicity=480.0
PCC.Zigbee.PowerLevel=Min
PCC.Zigbee.RequestPeriodicity=1500.0
PD0.GPIOParameters=GPIO_Label
PD0.GPIO_Label=CC1101_CS
PD0.Locked=true
PD0.Signal=GPIO_Output
PD1.GPIOParameters=GPIO_Label
PD1.GPIO_Label=SPI_D_SCK
PD1.Locked=true
PD1.Mode=Full_Duplex_Master
PD1.Signal=SPI2_SCK
PE4.GPIOParameters=GPIO_Label
PE4.GPIO_Label=NFC_CS
PE4.Locked=true
PE4.Signal=GPIO_Output
PH3-BOOT0.GPIOParameters=GPIO_PuPd,GPIO_Label
PH3-BOOT0.GPIO_Label=BUTTON_OK
PH3-BOOT0.GPIO_PuPd=GPIO_PULLUP
PH3-BOOT0.Locked=true
PH3-BOOT0.Signal=GPIO_Input
PinOutPanel.RotationAngle=0
ProjectManager.AskForMigrate=true
ProjectManager.BackupPrevious=true
ProjectManager.CompilerOptimize=6
ProjectManager.ComputerToolchain=false
ProjectManager.CoupleFile=true
ProjectManager.CustomerFirmwarePackage=
ProjectManager.DefaultFWLocation=true
ProjectManager.DeletePrevious=false
ProjectManager.DeviceId=STM32WB55RGVx
ProjectManager.FirmwarePackage=STM32Cube FW_WB V1.17.3
ProjectManager.FreePins=false
ProjectManager.HalAssertFull=false
ProjectManager.HeapSize=0x0400
ProjectManager.KeepUserCode=true
ProjectManager.LastFirmware=true
ProjectManager.LibraryCopy=1
ProjectManager.MainLocation=Core/Src
ProjectManager.NoMain=false
ProjectManager.PreviousToolchain=STM32CubeIDE
ProjectManager.ProjectBuild=false
ProjectManager.ProjectFileName=MecrispCubeFlipper.ioc
ProjectManager.ProjectName=MecrispCubeFlipper
ProjectManager.ProjectStructure=
ProjectManager.RegisterCallBack=
ProjectManager.StackSize=0x0400
ProjectManager.TargetToolchain=STM32CubeIDE
ProjectManager.ToolChainLocation=
ProjectManager.UAScriptAfterPath=
ProjectManager.UAScriptBeforePath=
ProjectManager.UnderRoot=true
ProjectManager.functionlistsort=1-MX_GPIO_Init-GPIO-false-HAL-true,2-MX_DMA_Init-DMA-false-HAL-true,3-SystemClock_Config-RCC-false-HAL-false,4-MX_USART1_UART_Init-USART1-false-HAL-true,5-MX_RTC_Init-RTC-false-HAL-true,6-MX_USB_Device_Init-USB_DEVICE-false-HAL-false,7-MX_ADC1_Init-ADC1-false-HAL-true,8-MX_TIM1_Init-TIM1-false-HAL-true,9-MX_FATFS_Init-FATFS-false-HAL-false,10-APPE_Init-STM32_WPAN-false-HAL-false,11-MX_I2C1_Init-I2C1-false-HAL-true,12-MX_WWDG_Init-WWDG-false-HAL-true,13-MX_IPCC_Init-IPCC-false-HAL-true,14-MX_MEMORYMAP_Init-MEMORYMAP-false-HAL-true,15-MX_AES1_Init-AES1-false-HAL-true,16-MX_RNG_Init-RNG-false-HAL-true,17-MX_PKA_Init-PKA-false-HAL-true,18-MX_SPI1_Init-SPI1-false-HAL-true,19-MX_SPI2_Init-SPI2-false-HAL-true,20-MX_TIM2_Init-TIM2-false-HAL-true,21-MX_TIM16_Init-TIM16-false-HAL-true,22-MX_I2C3_Init-I2C3-false-HAL-true,0-MX_RF_Init-RF-false-HAL-true,0-MX_HSEM_Init-HSEM-false-HAL-true
RCC.ADCCLockSelection=RCC_ADCCLKSOURCE_SYSCLK
RCC.ADCFreq_Value=32000000
RCC.AHBFreq_Value=32000000
RCC.APB1Freq_Value=32000000
RCC.APB1TimFreq_Value=32000000
RCC.APB2Freq_Value=32000000
RCC.APB2TimFreq_Value=32000000
RCC.APB3Freq_Value=16000000
RCC.CK48CLockSelection=RCC_USBCLKSOURCE_HSI48
RCC.Cortex2Freq_Value=32000000
RCC.CortexFreq_Value=32000000
RCC.FCLK2Freq_Value=32000000
RCC.FCLKCortexFreq_Value=32000000
RCC.FamilyName=M
RCC.HCLK2Freq_Value=32000000
RCC.HCLK3Freq_Value=32000000
RCC.HCLKFreq_Value=32000000
RCC.HCLKRFFreq_Value=16000000
RCC.HSE_VALUE=32000000
RCC.HSI48_VALUE=48000000
RCC.HSI_VALUE=16000000
RCC.I2C1Freq_Value=32000000
RCC.I2C3Freq_Value=32000000
RCC.IPParameters=ADCCLockSelection,ADCFreq_Value,AHBFreq_Value,APB1Freq_Value,APB1TimFreq_Value,APB2Freq_Value,APB2TimFreq_Value,APB3Freq_Value,CK48CLockSelection,Cortex2Freq_Value,CortexFreq_Value,FCLK2Freq_Value,FCLKCortexFreq_Value,FamilyName,HCLK2Freq_Value,HCLK3Freq_Value,HCLKFreq_Value,HCLKRFFreq_Value,HSE_VALUE,HSI48_VALUE,HSI_VALUE,I2C1Freq_Value,I2C3Freq_Value,LCDFreq_Value,LPTIM1Freq_Value,LPTIM2Freq_Value,LPUART1Freq_Value,LSCOPinFreq_Value,LSE_Drive_Capability,LSI_VALUE,MCO1PinFreq_Value,PLLN,PLLPoutputFreq_Value,PLLQoutputFreq_Value,PLLRCLKFreq_Value,PLLSAI1N,PLLSAI1PoutputFreq_Value,PLLSAI1QoutputFreq_Value,PLLSAI1RoutputFreq_Value,PWRFreq_Value,RFWKPClockSelection,RFWKPFreq_Value,RNGFreq_Value,RTCClockSelection,RTCFreq_Value,SAI1Freq_Value,SMPS1Freq_Value,SMPSCLockSelectionVirtual,SMPSCLockSelectionVirtualVirtual,SMPSFreq_Value,SYSCLKFreq_VALUE,SYSCLKSource,USART1Freq_Value,USBFreq_Value,VCOInputFreq_Value,VCOOutputFreq_Value,VCOSAI1OutputFreq_Value
RCC.LCDFreq_Value=32768
RCC.LPTIM1Freq_Value=32000000
RCC.LPTIM2Freq_Value=32000000
RCC.LPUART1Freq_Value=32000000
RCC.LSCOPinFreq_Value=32000
RCC.LSE_Drive_Capability=RCC_LSEDRIVE_LOW
RCC.LSI_VALUE=32000
RCC.MCO1PinFreq_Value=32000000
RCC.PLLN=32
RCC.PLLPoutputFreq_Value=64000000
RCC.PLLQoutputFreq_Value=64000000
RCC.PLLRCLKFreq_Value=64000000
RCC.PLLSAI1N=24
RCC.PLLSAI1PoutputFreq_Value=48000000
RCC.PLLSAI1QoutputFreq_Value=48000000
RCC.PLLSAI1RoutputFreq_Value=48000000
RCC.PWRFreq_Value=32000000
RCC.RFWKPClockSelection=RCC_RFWKPCLKSOURCE_LSE
RCC.RFWKPFreq_Value=32768
RCC.RNGFreq_Value=32000
RCC.RTCClockSelection=RCC_RTCCLKSOURCE_LSE
RCC.RTCFreq_Value=32768
RCC.SAI1Freq_Value=48000000
RCC.SMPS1Freq_Value=8000000
RCC.SMPSCLockSelectionVirtual=RCC_SMPSCLKSOURCE_HSI
RCC.SMPSCLockSelectionVirtualVirtual=RCC_SMPSCLKSOURCE_HSI
RCC.SMPSFreq_Value=4000000
RCC.SYSCLKFreq_VALUE=32000000
RCC.SYSCLKSource=RCC_SYSCLKSOURCE_HSE
RCC.USART1Freq_Value=32000000
RCC.USBFreq_Value=48000000
RCC.VCOInputFreq_Value=4000000
RCC.VCOOutputFreq_Value=128000000
RCC.VCOSAI1OutputFreq_Value=96000000
RF1.Mode=RF1_Activate
RF1.Signal=RF_RF1
RTC.Alarm-Alarm\ A=RTC_ALARM_A
RTC.AlarmMaskDateWeekDay-Alarm\ A=RTC_ALARMMASK_DATEWEEKDAY
RTC.AlarmMaskHours-Alarm\ A=RTC_ALARMMASK_HOURS
RTC.AlarmMaskMinutes-Alarm\ A=RTC_ALARMMASK_MINUTES
RTC.AlarmMaskSeconds-Alarm\ A=RTC_ALARMMASK_SECONDS
RTC.AlarmSubSecondMask-Alarm\ A=RTC_ALARMSUBSECONDMASK_NONE
RTC.Format=RTC_FORMAT_BIN
RTC.IPParameters=Format,Alarm-Alarm A,AlarmMaskDateWeekDay-Alarm A,AlarmMaskHours-Alarm A,AlarmMaskMinutes-Alarm A,AlarmMaskSeconds-Alarm A,AlarmSubSecondMask-Alarm A
SH.SharedAnalog_PC3.0=GPIO_Analog
SH.SharedAnalog_PC3.1=ADC1_IN4,IN4-Single-Ended
SH.SharedAnalog_PC3.ConfNb=2
SH.SharedStack_PA4.0=GPIO_Input+0
SH.SharedStack_PA4.1=GPIO_EXTI4
SH.SharedStack_PA4.ConfNb=2
SH.SharedStack_PB8.0=GPIO_Output+0
SH.SharedStack_PB8.1=TIM16_CH1,Output Compare1 CH1
SH.SharedStack_PB8.ConfNb=2
SH.SharedStack_PB9.0=GPIO_Input+0
SH.SharedStack_PB9.1=GPIO_Output
SH.SharedStack_PB9.ConfNb=2
SH.SharedStack_PC0.0=GPIO_Analog+0
SH.SharedStack_PC0.1=ADC1_IN1
SH.SharedStack_PC0.2=I2C3_SCL,I2C
SH.SharedStack_PC0.ConfNb=3
SH.SharedStack_PC1.0=GPIO_Analog+0
SH.SharedStack_PC1.1=ADC1_IN2
SH.SharedStack_PC1.2=I2C3_SDA,I2C
SH.SharedStack_PC1.ConfNb=3
SPI1.CalculateBaudRate=16.0 MBits/s
SPI1.DataSize=SPI_DATASIZE_8BIT
SPI1.Direction=SPI_DIRECTION_2LINES
SPI1.IPParameters=VirtualType,Mode,Direction,CalculateBaudRate,DataSize
SPI1.Mode=SPI_MODE_MASTER
SPI1.VirtualType=VM_MASTER
SPI2.CalculateBaudRate=16.0 MBits/s
SPI2.DataSize=SPI_DATASIZE_8BIT
SPI2.Direction=SPI_DIRECTION_2LINES
SPI2.IPParameters=VirtualType,Mode,Direction,CalculateBaudRate,DataSize
SPI2.Mode=SPI_MODE_MASTER
SPI2.VirtualType=VM_MASTER
STM32_WPAN.BLE_CFG_DIS_FIRMWARE_REVISION_STRING=1
STM32_WPAN.BLE_CFG_DIS_HARDWARE_REVISION_STRING=1
STM32_WPAN.BLE_CFG_DIS_MODEL_NUMBER_STRING=1
STM32_WPAN.BLE_CFG_DIS_SERIAL_NUMBER_STRING=1
STM32_WPAN.BLE_CFG_DIS_SOFTWARE_REVISION_STRING=1
STM32_WPAN.BLE_CFG_DIS_SYSTEM_ID=1
STM32_WPAN.BLE_CFG_SVC_MAX_NBR_CB=7
STM32_WPAN.IPParameters=BLE_CFG_DIS_MODEL_NUMBER_STRING,BLE_CFG_DIS_SERIAL_NUMBER_STRING,BLE_CFG_DIS_HARDWARE_REVISION_STRING,BLE_CFG_DIS_FIRMWARE_REVISION_STRING,BLE_CFG_DIS_SOFTWARE_REVISION_STRING,BLE_CFG_DIS_SYSTEM_ID,LOCAL_NAME,LOCAL_NAME_FORMATTED,BLE_CFG_SVC_MAX_NBR_CB
STM32_WPAN.LOCAL_NAME=Forth
STM32_WPAN.LOCAL_NAME_FORMATTED=,'F','o','r','t','h'
TIM1.Channel-PWM\ Generation3\ CH3=TIM_CHANNEL_3
TIM1.IPParameters=Channel-PWM Generation3 CH3,Prescaler,Period
TIM1.Period=1000
TIM1.Prescaler=32
TIM16.Channel=TIM_CHANNEL_1
TIM16.IPParameters=Channel,Prescaler
TIM16.Prescaler=31
USART1.FIFOMode=FIFOMODE_ENABLE
USART1.IPParameters=VirtualMode-Asynchronous,FIFOMode,OverrunDisableParam
USART1.OverrunDisableParam=ADVFEATURE_OVERRUN_DISABLE
USART1.VirtualMode-Asynchronous=VM_ASYNC
USB_DEVICE.CLASS_NAME_FS=CDC
USB_DEVICE.IPParameters=VirtualMode,VirtualModeFS,CLASS_NAME_FS,USBD_DEBUG_LEVEL
USB_DEVICE.USBD_DEBUG_LEVEL=3
USB_DEVICE.VirtualMode=Cdc
USB_DEVICE.VirtualModeFS=Cdc_FS
VP_ADC1_TempSens_Input.Mode=IN-TempSens
VP_ADC1_TempSens_Input.Signal=ADC1_TempSens_Input
VP_ADC1_Vbat_Input.Mode=IN-Vbat
VP_ADC1_Vbat_Input.Signal=ADC1_Vbat_Input
VP_ADC1_Vref_Input.Mode=IN-Vrefint
VP_ADC1_Vref_Input.Signal=ADC1_Vref_Input
VP_AES1_VS_AES.Mode=AES_Activate
VP_AES1_VS_AES.Signal=AES1_VS_AES
VP_FATFS_VS_Generic.Mode=User_defined
VP_FATFS_VS_Generic.Signal=FATFS_VS_Generic
VP_FREERTOS_VS_CMSIS_V2.Mode=CMSIS_V2
VP_FREERTOS_VS_CMSIS_V2.Signal=FREERTOS_VS_CMSIS_V2
VP_HSEM_VS_HSEM.Mode=HSEM_Activate
VP_HSEM_VS_HSEM.Signal=HSEM_VS_HSEM
VP_IPCC_VS_IPCC.Mode=IPCC_Activate
VP_IPCC_VS_IPCC.Signal=IPCC_VS_IPCC
VP_MEMORYMAP_VS_MEMORYMAP.Mode=CurAppReg
VP_MEMORYMAP_VS_MEMORYMAP.Signal=MEMORYMAP_VS_MEMORYMAP
VP_PKA_VS_PKA.Mode=PKA_Activate
VP_PKA_VS_PKA.Signal=PKA_VS_PKA
VP_RCC_USB.Mode=CRS SYNC Source USB
VP_RCC_USB.Signal=RCC_USB
VP_RNG_VS_RNG.Mode=RNG_Activate
VP_RNG_VS_RNG.Signal=RNG_VS_RNG
VP_RTC_VS_RTC_Activate.Mode=RTC_Enabled
VP_RTC_VS_RTC_Activate.Signal=RTC_VS_RTC_Activate
VP_RTC_VS_RTC_Alarm_A_Intern.Mode=Alarm A
VP_RTC_VS_RTC_Alarm_A_Intern.Signal=RTC_VS_RTC_Alarm_A_Intern
VP_RTC_VS_RTC_Calendar.Mode=RTC_Calendar
VP_RTC_VS_RTC_Calendar.Signal=RTC_VS_RTC_Calendar
VP_RTC_VS_RTC_WakeUp_intern.Mode=WakeUp
VP_RTC_VS_RTC_WakeUp_intern.Signal=RTC_VS_RTC_WakeUp_intern
VP_STM32_WPAN_VS_BLE_HOST.Mode=STM32_WPAN_Enabled
VP_STM32_WPAN_VS_BLE_HOST.Signal=STM32_WPAN_VS_BLE_HOST
VP_SYS_VS_tim17.Mode=TIM17
VP_SYS_VS_tim17.Signal=SYS_VS_tim17
VP_TIM16_VS_ClockSourceINT.Mode=Enable_Timer
VP_TIM16_VS_ClockSourceINT.Signal=TIM16_VS_ClockSourceINT
VP_TIM1_VS_ClockSourceINT.Mode=Internal
VP_TIM1_VS_ClockSourceINT.Signal=TIM1_VS_ClockSourceINT
VP_TIM2_VS_ClockSourceINT.Mode=Internal
VP_TIM2_VS_ClockSourceINT.Signal=TIM2_VS_ClockSourceINT
VP_TINY_LPM_VS_TINY_LPM.Mode=TINY_LPM_Enabled
VP_TINY_LPM_VS_TINY_LPM.Signal=TINY_LPM_VS_TINY_LPM
VP_USB_DEVICE_VS_USB_DEVICE_CDC_FS.Mode=CDC_FS
VP_USB_DEVICE_VS_USB_DEVICE_CDC_FS.Signal=USB_DEVICE_VS_USB_DEVICE_CDC_FS
VP_WWDG_VS_WWDG.Mode=WWDG_Activate
VP_WWDG_VS_WWDG.Signal=WWDG_VS_WWDG
WWDG.EWIMode=WWDG_EWI_ENABLE
WWDG.IPParameters=Prescaler,EWIMode
WWDG.Prescaler=WWDG_PRESCALER_32
board=P-NUCLEO-WB55-Nucleo
boardIOC=true
rtos.0.ip=FREERTOS
