#MicroXplorer Configuration settings - do not modify
ADC1.Channel-0\#ChannelRegularConversion=ADC_CHANNEL_9
ADC1.IPParameters=Rank-0\#ChannelRegularConversion,Channel-0\#ChannelRegularConversion,SamplingTime-0\#ChannelRegularConversion,OffsetNumber-0\#ChannelRegularConversion,NbrOfConversionFlag,NbrOfConversion,master
ADC1.NbrOfConversion=1
ADC1.NbrOfConversionFlag=1
ADC1.OffsetNumber-0\#ChannelRegularConversion=ADC_OFFSET_NONE
ADC1.Rank-0\#ChannelRegularConversion=1
ADC1.SamplingTime-0\#ChannelRegularConversion=ADC_SAMPLETIME_47CYCLES_5
ADC1.master=1
Dma.I2C1_RX.2.Direction=DMA_PERIPH_TO_MEMORY
Dma.I2C1_RX.2.EventEnable=DISABLE
Dma.I2C1_RX.2.Instance=DMA1_Channel3
Dma.I2C1_RX.2.MemDataAlignment=DMA_MDATAALIGN_BYTE
Dma.I2C1_RX.2.MemInc=DMA_MINC_ENABLE
Dma.I2C1_RX.2.Mode=DMA_NORMAL
Dma.I2C1_RX.2.PeriphDataAlignment=DMA_PDATAALIGN_BYTE
Dma.I2C1_RX.2.PeriphInc=DMA_PINC_DISABLE
Dma.I2C1_RX.2.Polarity=HAL_DMAMUX_REQ_GEN_RISING
Dma.I2C1_RX.2.Priority=DMA_PRIORITY_LOW
Dma.I2C1_RX.2.RequestNumber=1
Dma.I2C1_RX.2.RequestParameters=Instance,Direction,PeriphInc,MemInc,PeriphDataAlignment,MemDataAlignment,Mode,Priority,SignalID,Polarity,RequestNumber,SyncSignalID,SyncPolarity,SyncEnable,EventEnable,SyncRequestNumber
Dma.I2C1_RX.2.SignalID=NONE
Dma.I2C1_RX.2.SyncEnable=DISABLE
Dma.I2C1_RX.2.SyncPolarity=HAL_DMAMUX_SYNC_NO_EVENT
Dma.I2C1_RX.2.SyncRequestNumber=1
Dma.I2C1_RX.2.SyncSignalID=NONE
Dma.I2C1_TX.3.Direction=DMA_MEMORY_TO_PERIPH
Dma.I2C1_TX.3.EventEnable=DISABLE
Dma.I2C1_TX.3.Instance=DMA1_Channel4
Dma.I2C1_TX.3.MemDataAlignment=DMA_MDATAALIGN_BYTE
Dma.I2C1_TX.3.MemInc=DMA_MINC_ENABLE
Dma.I2C1_TX.3.Mode=DMA_NORMAL
Dma.I2C1_TX.3.PeriphDataAlignment=DMA_PDATAALIGN_BYTE
Dma.I2C1_TX.3.PeriphInc=DMA_PINC_DISABLE
Dma.I2C1_TX.3.Polarity=HAL_DMAMUX_REQ_GEN_RISING
Dma.I2C1_TX.3.Priority=DMA_PRIORITY_LOW
Dma.I2C1_TX.3.RequestNumber=1
Dma.I2C1_TX.3.RequestParameters=Instance,Direction,PeriphInc,MemInc,PeriphDataAlignment,MemDataAlignment,Mode,Priority,SignalID,Polarity,RequestNumber,SyncSignalID,SyncPolarity,SyncEnable,EventEnable,SyncRequestNumber
Dma.I2C1_TX.3.SignalID=NONE
Dma.I2C1_TX.3.SyncEnable=DISABLE
Dma.I2C1_TX.3.SyncPolarity=HAL_DMAMUX_SYNC_NO_EVENT
Dma.I2C1_TX.3.SyncRequestNumber=1
Dma.I2C1_TX.3.SyncSignalID=NONE
Dma.Request0=USART1_RX
Dma.Request1=USART1_TX
Dma.Request2=I2C1_RX
Dma.Request3=I2C1_TX
Dma.Request4=SPI1_RX
Dma.Request5=SPI1_TX
Dma.RequestsNb=6
Dma.SPI1_RX.4.Direction=DMA_PERIPH_TO_MEMORY
Dma.SPI1_RX.4.EventEnable=DISABLE
Dma.SPI1_RX.4.Instance=DMA1_Channel5
Dma.SPI1_RX.4.MemDataAlignment=DMA_MDATAALIGN_BYTE
Dma.SPI1_RX.4.MemInc=DMA_MINC_ENABLE
Dma.SPI1_RX.4.Mode=DMA_NORMAL
Dma.SPI1_RX.4.PeriphDataAlignment=DMA_PDATAALIGN_BYTE
Dma.SPI1_RX.4.PeriphInc=DMA_PINC_DISABLE
Dma.SPI1_RX.4.Polarity=HAL_DMAMUX_REQ_GEN_RISING
Dma.SPI1_RX.4.Priority=DMA_PRIORITY_LOW
Dma.SPI1_RX.4.RequestNumber=1
Dma.SPI1_RX.4.RequestParameters=Instance,Direction,PeriphInc,MemInc,PeriphDataAlignment,MemDataAlignment,Mode,Priority,SignalID,Polarity,RequestNumber,SyncSignalID,SyncPolarity,SyncEnable,EventEnable,SyncRequestNumber
Dma.SPI1_RX.4.SignalID=NONE
Dma.SPI1_RX.4.SyncEnable=DISABLE
Dma.SPI1_RX.4.SyncPolarity=HAL_DMAMUX_SYNC_NO_EVENT
Dma.SPI1_RX.4.SyncRequestNumber=1
Dma.SPI1_RX.4.SyncSignalID=NONE
Dma.SPI1_TX.5.Direction=DMA_MEMORY_TO_PERIPH
Dma.SPI1_TX.5.EventEnable=DISABLE
Dma.SPI1_TX.5.Instance=DMA1_Channel6
Dma.SPI1_TX.5.MemDataAlignment=DMA_MDATAALIGN_BYTE
Dma.SPI1_TX.5.MemInc=DMA_MINC_ENABLE
Dma.SPI1_TX.5.Mode=DMA_NORMAL
Dma.SPI1_TX.5.PeriphDataAlignment=DMA_PDATAALIGN_BYTE
Dma.SPI1_TX.5.PeriphInc=DMA_PINC_DISABLE
Dma.SPI1_TX.5.Polarity=HAL_DMAMUX_REQ_GEN_RISING
Dma.SPI1_TX.5.Priority=DMA_PRIORITY_LOW
Dma.SPI1_TX.5.RequestNumber=1
Dma.SPI1_TX.5.RequestParameters=Instance,Direction,PeriphInc,MemInc,PeriphDataAlignment,MemDataAlignment,Mode,Priority,SignalID,Polarity,RequestNumber,SyncSignalID,SyncPolarity,SyncEnable,EventEnable,SyncRequestNumber
Dma.SPI1_TX.5.SignalID=NONE
Dma.SPI1_TX.5.SyncEnable=DISABLE
Dma.SPI1_TX.5.SyncPolarity=HAL_DMAMUX_SYNC_NO_EVENT
Dma.SPI1_TX.5.SyncRequestNumber=1
Dma.SPI1_TX.5.SyncSignalID=NONE
Dma.USART1_RX.0.Direction=DMA_PERIPH_TO_MEMORY
Dma.USART1_RX.0.EventEnable=DISABLE
Dma.USART1_RX.0.Instance=DMA1_Channel1
Dma.USART1_RX.0.MemDataAlignment=DMA_MDATAALIGN_BYTE
Dma.USART1_RX.0.MemInc=DMA_MINC_ENABLE
Dma.USART1_RX.0.Mode=DMA_NORMAL
Dma.USART1_RX.0.PeriphDataAlignment=DMA_PDATAALIGN_BYTE
Dma.USART1_RX.0.PeriphInc=DMA_PINC_DISABLE
Dma.USART1_RX.0.Polarity=HAL_DMAMUX_REQ_GEN_RISING
Dma.USART1_RX.0.Priority=DMA_PRIORITY_LOW
Dma.USART1_RX.0.RequestNumber=1
Dma.USART1_RX.0.RequestParameters=Instance,Direction,PeriphInc,MemInc,PeriphDataAlignment,MemDataAlignment,Mode,Priority,SignalID,Polarity,RequestNumber,SyncSignalID,SyncPolarity,SyncEnable,EventEnable,SyncRequestNumber
Dma.USART1_RX.0.SignalID=NONE
Dma.USART1_RX.0.SyncEnable=DISABLE
Dma.USART1_RX.0.SyncPolarity=HAL_DMAMUX_SYNC_NO_EVENT
Dma.USART1_RX.0.SyncRequestNumber=1
Dma.USART1_RX.0.SyncSignalID=NONE
Dma.USART1_TX.1.Direction=DMA_MEMORY_TO_PERIPH
Dma.USART1_TX.1.EventEnable=DISABLE
Dma.USART1_TX.1.Instance=DMA1_Channel2
Dma.USART1_TX.1.MemDataAlignment=DMA_MDATAALIGN_BYTE
Dma.USART1_TX.1.MemInc=DMA_MINC_ENABLE
Dma.USART1_TX.1.Mode=DMA_NORMAL
Dma.USART1_TX.1.PeriphDataAlignment=DMA_PDATAALIGN_BYTE
Dma.USART1_TX.1.PeriphInc=DMA_PINC_DISABLE
Dma.USART1_TX.1.Polarity=HAL_DMAMUX_REQ_GEN_RISING
Dma.USART1_TX.1.Priority=DMA_PRIORITY_LOW
Dma.USART1_TX.1.RequestNumber=1
Dma.USART1_TX.1.RequestParameters=Instance,Direction,PeriphInc,MemInc,PeriphDataAlignment,MemDataAlignment,Mode,Priority,SignalID,Polarity,RequestNumber,SyncSignalID,SyncPolarity,SyncEnable,EventEnable,SyncRequestNumber
Dma.USART1_TX.1.SignalID=NONE
Dma.USART1_TX.1.SyncEnable=DISABLE
Dma.USART1_TX.1.SyncPolarity=HAL_DMAMUX_SYNC_NO_EVENT
Dma.USART1_TX.1.SyncRequestNumber=1
Dma.USART1_TX.1.SyncSignalID=NONE
FATFS.IPParameters=_USE_MUTEX,_USE_LABEL,_USE_CHMOD,_FS_RPATH,_USE_FIND,_USE_EXPAND,_MULTI_PARTITION,_USE_FORWARD,_USE_LFN,_VOLUMES
FATFS._FS_RPATH=2
FATFS._MULTI_PARTITION=0
FATFS._USE_CHMOD=1
FATFS._USE_EXPAND=1
FATFS._USE_FIND=1
FATFS._USE_FORWARD=1
FATFS._USE_LABEL=1
FATFS._USE_LFN=3
FATFS._USE_MUTEX=1
FATFS._VOLUMES=2
FREERTOS.FootprintOK=true
FREERTOS.IPParameters=Tasks01,FootprintOK,configTOTAL_HEAP_SIZE,configMINIMAL_STACK_SIZE,configTIMER_TASK_STACK_DEPTH
FREERTOS.Tasks01=Main,24,512,MainThread,Default,NULL,Dynamic,NULL,NULL
FREERTOS.configMINIMAL_STACK_SIZE=192
FREERTOS.configTIMER_TASK_STACK_DEPTH=192
FREERTOS.configTOTAL_HEAP_SIZE=81920
File.Version=6
GPIO.groupedBy=Group By Peripherals
I2C1.I2C_Speed_Mode=I2C_Fast
I2C1.IPParameters=Timing,I2C_Speed_Mode
I2C1.Timing=0x00300F38
KeepUserPlacement=false
Mcu.Family=STM32WB
Mcu.IP0=ADC1
Mcu.IP1=DMA
Mcu.IP10=SPI1
Mcu.IP11=STM32_WPAN
Mcu.IP12=SYS
Mcu.IP13=TIM1
Mcu.IP14=TIM2
Mcu.IP15=TINY_LPM
Mcu.IP16=USART1
Mcu.IP17=USB
Mcu.IP18=USB_DEVICE
Mcu.IP2=FATFS
Mcu.IP3=FREERTOS
Mcu.IP4=HSEM
Mcu.IP5=I2C1
Mcu.IP6=NVIC
Mcu.IP7=RCC
Mcu.IP8=RF
Mcu.IP9=RTC
Mcu.IPNb=19
Mcu.Name=STM32WB55CGUx
Mcu.Package=UFQFPN48
Mcu.Pin0=PC14-OSC32_IN
Mcu.Pin1=PC15-OSC32_OUT
Mcu.Pin10=PA5
Mcu.Pin11=PA6
Mcu.Pin12=PA7
Mcu.Pin13=PA8
Mcu.Pin14=PA9
Mcu.Pin15=PB2
Mcu.Pin16=RF1
Mcu.Pin17=OSC_OUT
Mcu.Pin18=OSC_IN
Mcu.Pin19=PB0
Mcu.Pin2=PH3-BOOT0
Mcu.Pin20=PB1
Mcu.Pin21=PE4
Mcu.Pin22=PA10
Mcu.Pin23=PA11
Mcu.Pin24=PA12
Mcu.Pin25=PA13
Mcu.Pin26=PA14
Mcu.Pin27=PA15
Mcu.Pin28=PB3
Mcu.Pin29=PB4
Mcu.Pin3=PB8
Mcu.Pin30=PB5
Mcu.Pin31=PB6
Mcu.Pin32=PB7
Mcu.Pin33=VP_FATFS_VS_Generic
Mcu.Pin34=VP_FREERTOS_VS_CMSIS_V2
Mcu.Pin35=VP_HSEM_VS_HSEM
Mcu.Pin36=VP_RCC_USB
Mcu.Pin37=VP_RTC_VS_RTC_Activate
Mcu.Pin38=VP_RTC_VS_RTC_Calendar
Mcu.Pin39=VP_RTC_VS_RTC_Alarm_A_Intern
Mcu.Pin4=PB9
Mcu.Pin40=VP_STM32_WPAN_VS_BLE_HOST
Mcu.Pin41=VP_SYS_VS_tim17
Mcu.Pin42=VP_TIM1_VS_ClockSourceINT
Mcu.Pin43=VP_TINY_LPM_VS_TINY_LPM
Mcu.Pin44=VP_USB_DEVICE_VS_USB_DEVICE_CDC_FS
Mcu.Pin5=PA0
Mcu.Pin6=PA1
Mcu.Pin7=PA2
Mcu.Pin8=PA3
Mcu.Pin9=PA4
Mcu.PinsNb=45
Mcu.ThirdPartyNb=0
Mcu.UserConstants=
Mcu.UserName=STM32WB55CGUx
MxCube.Version=6.2.0
MxDb.Version=DB.6.0.20
NVIC.ADC1_IRQn=true\:5\:0\:false\:false\:true\:true\:true\:true
NVIC.BusFault_IRQn=true\:0\:0\:false\:false\:true\:false\:false\:false
NVIC.DMA1_Channel1_IRQn=true\:5\:0\:false\:false\:true\:true\:false\:true
NVIC.DMA1_Channel2_IRQn=true\:5\:0\:false\:false\:true\:true\:false\:true
NVIC.DMA1_Channel3_IRQn=true\:5\:0\:false\:false\:true\:true\:false\:true
NVIC.DMA1_Channel4_IRQn=true\:5\:0\:false\:false\:true\:true\:false\:true
NVIC.DMA1_Channel5_IRQn=true\:5\:0\:false\:false\:true\:true\:false\:true
NVIC.DMA1_Channel6_IRQn=true\:5\:0\:false\:false\:true\:true\:false\:true
NVIC.DebugMonitor_IRQn=true\:0\:0\:false\:false\:true\:false\:false\:false
NVIC.FLASH_IRQn=true\:5\:0\:false\:false\:true\:true\:true\:true
NVIC.ForceEnableDMAVector=true
NVIC.HSEM_IRQn=true\:5\:0\:false\:false\:true\:false\:false\:true
NVIC.HardFault_IRQn=true\:0\:0\:false\:false\:true\:false\:false\:false
NVIC.I2C1_ER_IRQn=true\:5\:0\:false\:false\:true\:true\:true\:true
NVIC.I2C1_EV_IRQn=true\:5\:0\:false\:false\:true\:true\:true\:true
NVIC.MemoryManagement_IRQn=true\:0\:0\:false\:false\:true\:false\:false\:false
NVIC.NonMaskableInt_IRQn=true\:0\:0\:false\:false\:true\:false\:false\:false
NVIC.PendSV_IRQn=true\:15\:0\:false\:false\:false\:true\:false\:false
NVIC.PriorityGroup=NVIC_PRIORITYGROUP_4
NVIC.RTC_Alarm_IRQn=true\:5\:0\:false\:false\:true\:true\:true\:true
NVIC.SPI1_IRQn=true\:5\:0\:false\:false\:true\:true\:true\:true
NVIC.SVCall_IRQn=true\:0\:0\:false\:false\:false\:false\:false\:false
NVIC.SavedPendsvIrqHandlerGenerated=true
NVIC.SavedSvcallIrqHandlerGenerated=true
NVIC.SavedSystickIrqHandlerGenerated=true
NVIC.SysTick_IRQn=true\:15\:0\:false\:false\:false\:true\:false\:true
NVIC.TIM1_CC_IRQn=true\:5\:0\:false\:false\:true\:true\:true\:true
NVIC.TIM1_TRG_COM_TIM17_IRQn=true\:0\:0\:false\:false\:true\:false\:false\:true
NVIC.TIM2_IRQn=true\:5\:0\:false\:false\:true\:true\:true\:true
NVIC.TimeBase=TIM1_TRG_COM_TIM17_IRQn
NVIC.TimeBaseIP=TIM17
NVIC.USART1_IRQn=true\:5\:0\:false\:false\:true\:true\:true\:true
NVIC.USB_LP_IRQn=true\:5\:0\:false\:false\:true\:true\:false\:true
NVIC.UsageFault_IRQn=true\:0\:0\:false\:false\:true\:false\:false\:false
OSC_IN.Locked=true
OSC_IN.Mode=HSE-External-Oscillator
OSC_IN.Signal=RCC_OSC_IN
OSC_OUT.Locked=true
OSC_OUT.Mode=HSE-External-Oscillator
OSC_OUT.Signal=RCC_OSC_OUT
PA0.GPIOParameters=GPIO_Label
PA0.GPIO_Label=A5
PA0.Locked=true
PA0.Signal=SharedStack_PA0
PA0.Stacked=true
PA1.GPIOParameters=GPIO_Label
PA1.GPIO_Label=D13
PA1.Locked=true
PA1.Signal=SharedStack_PA1
PA1.Stacked=true
PA10.GPIOParameters=GPIO_Label
PA10.GPIO_Label=D0
PA10.Locked=true
PA10.Signal=SharedStack_PA10
PA10.Stacked=true
PA11.Locked=true
PA11.Mode=Device
PA11.Signal=USB_DM
PA12.Locked=true
PA12.Mode=Device
PA12.Signal=USB_DP
PA13.GPIOParameters=GPIO_Label
PA13.GPIO_Label=JTMS
PA13.Locked=true
PA13.Mode=Serial_Wire
PA13.Signal=SYS_JTMS-SWDIO
PA14.GPIOParameters=GPIO_Label
PA14.GPIO_Label=JTCK
PA14.Locked=true
PA14.Mode=Serial_Wire
PA14.Signal=SYS_JTCK-SWCLK
PA15.GPIOParameters=GPIO_Label
PA15.GPIO_Label=FLASH_CS
PA15.Locked=true
PA15.Signal=GPIO_Output
PA2.GPIOParameters=GPIO_Label
PA2.GPIO_Label=D5
PA2.Locked=true
PA2.Signal=SharedStack_PA2
PA2.Stacked=true
PA3.GPIOParameters=GPIO_Label
PA3.GPIO_Label=D6
PA3.Locked=true
PA3.Signal=SharedStack_PA3
PA3.Stacked=true
PA4.GPIOParameters=GPIO_Label
PA4.GPIO_Label=A0
PA4.Locked=true
PA4.Signal=SharedAnalog_PA4
PA5.GPIOParameters=GPIO_Label
PA5.GPIO_Label=A1
PA5.Locked=true
PA5.Signal=SharedStack_PA5
PA5.Stacked=true
PA6.GPIOParameters=GPIO_Label
PA6.GPIO_Label=A2
PA6.Locked=true
PA6.Signal=SharedAnalog_PA6
PA7.GPIOParameters=GPIO_Label
PA7.GPIO_Label=A3
PA7.Locked=true
PA7.Signal=SharedAnalog_PA7
PA8.GPIOParameters=GPIO_Label
PA8.GPIO_Label=A4
PA8.Locked=true
PA8.Signal=SharedStack_PA8
PA8.Stacked=true
PA9.GPIOParameters=GPIO_Label
PA9.GPIO_Label=D1
PA9.Locked=true
PA9.Signal=SharedStack_PA9
PA9.Stacked=true
PB0.GPIOParameters=GPIO_Label
PB0.GPIO_Label=CTRL_FE2
PB0.Locked=true
PB0.Signal=GPIO_Output
PB1.GPIOParameters=GPIO_Label
PB1.GPIO_Label=D9
PB1.Locked=true
PB1.Signal=GPIO_Output
PB2.GPIOParameters=GPIO_Label
PB2.GPIO_Label=D12
PB2.Locked=true
PB2.Signal=GPIO_Input
PB3.GPIOParameters=GPIO_Label
PB3.GPIO_Label=D2
PB3.Locked=true
PB3.Signal=SharedStack_PB3
PB3.Stacked=true
PB4.GPIOParameters=GPIO_Label
PB4.GPIO_Label=D3
PB4.Locked=true
PB4.Signal=SharedStack_PB4
PB4.Stacked=true
PB5.GPIOParameters=GPIO_Label
PB5.GPIO_Label=D4
PB5.Locked=true
PB5.Signal=SharedStack_PB5
PB5.Stacked=true
PB6.GPIOParameters=GPIO_Label
PB6.GPIO_Label=D15
PB6.Locked=true
PB6.Signal=SharedStack_PB6
PB6.Stacked=true
PB7.GPIOParameters=GPIO_Label
PB7.GPIO_Label=D14
PB7.Locked=true
PB7.Signal=SharedStack_PB7
PB7.Stacked=true
PB8.GPIOParameters=GPIO_PuPd,GPIO_Label
PB8.GPIO_Label=D11
PB8.GPIO_PuPd=GPIO_PULLUP
PB8.Locked=true
PB8.Signal=SharedStack_PB8
PB8.Stacked=true
PB9.GPIOParameters=GPIO_PuPd,GPIO_Label
PB9.GPIO_Label=D10
PB9.GPIO_PuPd=GPIO_PULLUP
PB9.Locked=true
PB9.Signal=SharedStack_PB9
PB9.Stacked=true
PC14-OSC32_IN.Locked=true
PC14-OSC32_IN.Mode=LSE-External-Oscillator
PC14-OSC32_IN.Signal=RCC_OSC32_IN
PC15-OSC32_OUT.Locked=true
PC15-OSC32_OUT.Mode=LSE-External-Oscillator
PC15-OSC32_OUT.Signal=RCC_OSC32_OUT
PCC.Ble.ConnectionInterval=1000.0
PCC.Ble.DataLength=6
PCC.Ble.Mode=Advertising
PCC.Ble.PowerLevel=Min
PE4.GPIOParameters=GPIO_Label
PE4.GPIO_Label=CTRL_FE1
PE4.Locked=true
PE4.Signal=GPIO_Output
PH3-BOOT0.GPIOParameters=GPIO_Label
PH3-BOOT0.GPIO_Label=MCU_USER
PH3-BOOT0.Locked=true
PH3-BOOT0.Signal=GPIO_Input
PinOutPanel.RotationAngle=0
ProjectManager.AskForMigrate=true
ProjectManager.BackupPrevious=true
ProjectManager.CompilerOptimize=6
ProjectManager.ComputerToolchain=false
ProjectManager.CoupleFile=true
ProjectManager.CustomerFirmwarePackage=
ProjectManager.DefaultFWLocation=true
ProjectManager.DeletePrevious=false
ProjectManager.DeviceId=STM32WB55CGUx
ProjectManager.FirmwarePackage=STM32Cube FW_WB V1.11.1
ProjectManager.FreePins=false
ProjectManager.HalAssertFull=false
ProjectManager.HeapSize=0x0400
ProjectManager.KeepUserCode=true
ProjectManager.LastFirmware=true
ProjectManager.LibraryCopy=1
ProjectManager.MainLocation=Core/Src
ProjectManager.NoMain=false
ProjectManager.PreviousToolchain=
ProjectManager.ProjectBuild=false
ProjectManager.ProjectFileName=MecrispCubeWBfeather.ioc
ProjectManager.ProjectName=MecrispCubeWBfeather
ProjectManager.RegisterCallBack=
ProjectManager.StackSize=0x0400
ProjectManager.TargetToolchain=STM32CubeIDE
ProjectManager.ToolChainLocation=
ProjectManager.UnderRoot=true
ProjectManager.functionlistsort=1-MX_GPIO_Init-GPIO-false-HAL-true,2-MX_DMA_Init-DMA-false-HAL-true,3-SystemClock_Config-RCC-false-HAL-false,4-MX_USART1_UART_Init-USART1-false-HAL-true,5-MX_RF_Init-RF-false-HAL-true,6-MX_RTC_Init-RTC-false-HAL-true,7-MX_USB_Device_Init-USB_DEVICE-false-HAL-false,8-MX_ADC1_Init-ADC1-false-HAL-true,9-MX_TIM1_Init-TIM1-false-HAL-true,10-MX_SPI1_Init-SPI1-false-HAL-true,11-MX_FATFS_Init-FATFS-false-HAL-false,12-APPE_Init-STM32_WPAN-false-HAL-false,13-MX_I2C1_Init-I2C1-false-HAL-true,14-MX_TIM2_Init-TIM2-false-HAL-true,0-MX_HSEM_Init-HSEM-false-HAL-true
RCC.ADCCLockSelection=RCC_ADCCLKSOURCE_SYSCLK
RCC.ADCFreq_Value=32000000
RCC.AHBFreq_Value=32000000
RCC.APB1Freq_Value=32000000
RCC.APB1TimFreq_Value=32000000
RCC.APB2Freq_Value=32000000
RCC.APB2TimFreq_Value=32000000
RCC.APB3Freq_Value=16000000
RCC.CK48CLockSelection=RCC_USBCLKSOURCE_HSI48
RCC.Cortex2Freq_Value=32000000
RCC.CortexFreq_Value=32000000
RCC.FCLK2Freq_Value=32000000
RCC.FCLKCortexFreq_Value=32000000
RCC.FamilyName=M
RCC.HCLK2Freq_Value=32000000
RCC.HCLK3Freq_Value=32000000
RCC.HCLKFreq_Value=32000000
RCC.HCLKRFFreq_Value=16000000
RCC.HSE_VALUE=32000000
RCC.HSI48_VALUE=48000000
RCC.HSI_VALUE=16000000
RCC.I2C1Freq_Value=32000000
RCC.I2C3Freq_Value=32000000
RCC.IPParameters=ADCCLockSelection,ADCFreq_Value,AHBFreq_Value,APB1Freq_Value,APB1TimFreq_Value,APB2Freq_Value,APB2TimFreq_Value,APB3Freq_Value,CK48CLockSelection,Cortex2Freq_Value,CortexFreq_Value,FCLK2Freq_Value,FCLKCortexFreq_Value,FamilyName,HCLK2Freq_Value,HCLK3Freq_Value,HCLKFreq_Value,HCLKRFFreq_Value,HSE_VALUE,HSI48_VALUE,HSI_VALUE,I2C1Freq_Value,I2C3Freq_Value,LCDFreq_Value,LPTIM1Freq_Value,LPTIM2Freq_Value,LPUART1Freq_Value,LSCOPinFreq_Value,LSI_VALUE,MCO1PinFreq_Value,PLLN,PLLPoutputFreq_Value,PLLQoutputFreq_Value,PLLRCLKFreq_Value,PLLSAI1N,PLLSAI1PoutputFreq_Value,PLLSAI1QoutputFreq_Value,PLLSAI1RoutputFreq_Value,PWRFreq_Value,RFWKPClockSelection,RFWKPFreq_Value,RNGFreq_Value,RTCClockSelection,RTCFreq_Value,SAI1Freq_Value,SMPS1Freq_Value,SMPSCLockSelectionVirtual,SMPSCLockSelectionVirtualVirtual,SMPSFreq_Value,SYSCLKFreq_VALUE,SYSCLKSource,USART1Freq_Value,USBFreq_Value,VCOInputFreq_Value,VCOOutputFreq_Value,VCOSAI1OutputFreq_Value
RCC.LCDFreq_Value=32768
RCC.LPTIM1Freq_Value=32000000
RCC.LPTIM2Freq_Value=32000000
RCC.LPUART1Freq_Value=32000000
RCC.LSCOPinFreq_Value=32000
RCC.LSI_VALUE=32000
RCC.MCO1PinFreq_Value=32000000
RCC.PLLN=32
RCC.PLLPoutputFreq_Value=64000000
RCC.PLLQoutputFreq_Value=64000000
RCC.PLLRCLKFreq_Value=64000000
RCC.PLLSAI1N=24
RCC.PLLSAI1PoutputFreq_Value=48000000
RCC.PLLSAI1QoutputFreq_Value=48000000
RCC.PLLSAI1RoutputFreq_Value=48000000
RCC.PWRFreq_Value=32000000
RCC.RFWKPClockSelection=RCC_RFWKPCLKSOURCE_LSE
RCC.RFWKPFreq_Value=32768
RCC.RNGFreq_Value=32000
RCC.RTCClockSelection=RCC_RTCCLKSOURCE_LSE
RCC.RTCFreq_Value=32768
RCC.SAI1Freq_Value=48000000
RCC.SMPS1Freq_Value=8000000
RCC.SMPSCLockSelectionVirtual=RCC_SMPSCLKSOURCE_HSI
RCC.SMPSCLockSelectionVirtualVirtual=RCC_SMPSCLKSOURCE_HSI
RCC.SMPSFreq_Value=4000000
RCC.SYSCLKFreq_VALUE=32000000
RCC.SYSCLKSource=RCC_SYSCLKSOURCE_HSE
RCC.USART1Freq_Value=32000000
RCC.USBFreq_Value=48000000
RCC.VCOInputFreq_Value=4000000
RCC.VCOOutputFreq_Value=128000000
RCC.VCOSAI1OutputFreq_Value=96000000
RF1.Mode=RF1_Activate
RF1.Signal=RF_RF1
RTC.Alarm-Alarm\ A=RTC_ALARM_A
RTC.AlarmMaskDateWeekDay-Alarm\ A=RTC_ALARMMASK_DATEWEEKDAY
RTC.AlarmMaskHours-Alarm\ A=RTC_ALARMMASK_HOURS
RTC.AlarmMaskMinutes-Alarm\ A=RTC_ALARMMASK_MINUTES
RTC.AlarmMaskSeconds-Alarm\ A=RTC_ALARMMASK_SECONDS
RTC.AlarmSubSecondMask-Alarm\ A=RTC_ALARMSUBSECONDMASK_NONE
RTC.Format=RTC_FORMAT_BIN
RTC.IPParameters=Format,Alarm-Alarm A,AlarmMaskDateWeekDay-Alarm A,AlarmMaskHours-Alarm A,AlarmMaskMinutes-Alarm A,AlarmMaskSeconds-Alarm A,AlarmSubSecondMask-Alarm A
SH.SharedAnalog_PA4.0=GPIO_Analog
SH.SharedAnalog_PA4.1=ADC1_IN9,IN9-Single-Ended
SH.SharedAnalog_PA4.ConfNb=2
SH.SharedAnalog_PA6.0=GPIO_Analog
SH.SharedAnalog_PA6.1=ADC1_IN11,IN11-Single-Ended
SH.SharedAnalog_PA6.ConfNb=2
SH.SharedAnalog_PA7.0=GPIO_Analog
SH.SharedAnalog_PA7.1=ADC1_IN12,IN12-Single-Ended
SH.SharedAnalog_PA7.ConfNb=2
SH.SharedStack_PA0.0=GPIO_Analog
SH.SharedStack_PA0.1=ADC1_IN5,IN5-Single-Ended
SH.SharedStack_PA0.2=TIM2_CH1
SH.SharedStack_PA0.ConfNb=3
SH.SharedStack_PA1.0=GPIO_Output
SH.SharedStack_PA1.1=TIM2_CH2
SH.SharedStack_PA1.ConfNb=2
SH.SharedStack_PA10.0=TIM1_CH3
SH.SharedStack_PA10.1=GPIO_Input+0
SH.SharedStack_PA10.2=USART1_RX,Asynchronous
SH.SharedStack_PA10.ConfNb=3
SH.SharedStack_PA2.0=GPIO_Input
SH.SharedStack_PA2.1=TIM2_CH3
SH.SharedStack_PA2.ConfNb=2
SH.SharedStack_PA3.0=TIM2_CH4,Output Compare4 CH4
SH.SharedStack_PA3.1=GPIO_Input+0
SH.SharedStack_PA3.ConfNb=2
SH.SharedStack_PA5.0=ADC1_IN10
SH.SharedStack_PA5.1=GPIO_Analog
SH.SharedStack_PA5.ConfNb=2
SH.SharedStack_PA8.0=GPIO_Analog+0
SH.SharedStack_PA8.1=ADC1_IN15
SH.SharedStack_PA8.2=TIM1_CH1,Output Compare1 CH1
SH.SharedStack_PA8.ConfNb=3
SH.SharedStack_PA9.0=TIM1_CH2
SH.SharedStack_PA9.1=GPIO_Input+0
SH.SharedStack_PA9.2=USART1_TX,Asynchronous
SH.SharedStack_PA9.ConfNb=3
SH.SharedStack_PB3.0=SPI1_SCK,Full_Duplex_Master
SH.SharedStack_PB3.1=GPIO_Input+0
SH.SharedStack_PB3.ConfNb=2
SH.SharedStack_PB4.0=GPIO_Input+0
SH.SharedStack_PB4.1=SPI1_MISO,Full_Duplex_Master
SH.SharedStack_PB4.ConfNb=2
SH.SharedStack_PB5.0=GPIO_Output+0
SH.SharedStack_PB5.1=SPI1_MOSI,Full_Duplex_Master
SH.SharedStack_PB5.ConfNb=2
SH.SharedStack_PB6.0=I2C1_SCL,I2C
SH.SharedStack_PB6.1=GPIO_Input+0
SH.SharedStack_PB6.ConfNb=2
SH.SharedStack_PB7.0=I2C1_SDA,I2C
SH.SharedStack_PB7.1=GPIO_Input+0
SH.SharedStack_PB7.ConfNb=2
SH.SharedStack_PB8.0=GPIO_Input
SH.SharedStack_PB8.1=TIM1_CH2N
SH.SharedStack_PB8.ConfNb=2
SH.SharedStack_PB9.0=GPIO_Input
SH.SharedStack_PB9.1=TIM1_CH3N
SH.SharedStack_PB9.ConfNb=2
SPI1.BaudRatePrescaler=SPI_BAUDRATEPRESCALER_16
SPI1.CalculateBaudRate=2.0 MBits/s
SPI1.DataSize=SPI_DATASIZE_8BIT
SPI1.Direction=SPI_DIRECTION_2LINES
SPI1.IPParameters=VirtualType,Mode,Direction,CalculateBaudRate,DataSize,BaudRatePrescaler
SPI1.Mode=SPI_MODE_MASTER
SPI1.VirtualType=VM_MASTER
STM32_WPAN.BLE_CFG_DIS_FIRMWARE_REVISION_STRING=1
STM32_WPAN.BLE_CFG_DIS_HARDWARE_REVISION_STRING=1
STM32_WPAN.BLE_CFG_DIS_MODEL_NUMBER_STRING=1
STM32_WPAN.BLE_CFG_DIS_SERIAL_NUMBER_STRING=1
STM32_WPAN.BLE_CFG_DIS_SOFTWARE_REVISION_STRING=1
STM32_WPAN.BLE_CFG_DIS_SYSTEM_ID=1
STM32_WPAN.BLE_CFG_SVC_MAX_NBR_CB=7
STM32_WPAN.IPParameters=BLE_CFG_DIS_MODEL_NUMBER_STRING,BLE_CFG_DIS_SERIAL_NUMBER_STRING,BLE_CFG_DIS_HARDWARE_REVISION_STRING,BLE_CFG_DIS_FIRMWARE_REVISION_STRING,BLE_CFG_DIS_SOFTWARE_REVISION_STRING,BLE_CFG_DIS_SYSTEM_ID,LOCAL_NAME,LOCAL_NAME_FORMATTED,BLE_CFG_SVC_MAX_NBR_CB
STM32_WPAN.LOCAL_NAME=Forth
STM32_WPAN.LOCAL_NAME_FORMATTED=,'F','o','r','t','h'
TIM1.Channel-Output\ Compare1\ CH1=TIM_CHANNEL_1
TIM1.Channel-Output\ Compare2\ CH2=TIM_CHANNEL_2
TIM1.Channel-Output\ Compare3\ CH3=TIM_CHANNEL_3
TIM1.IPParameters=Prescaler,Period,Channel-Output Compare1 CH1,Channel-Output Compare3 CH3,Channel-Output Compare2 CH2
TIM1.Period=1000
TIM1.Prescaler=31
TIM2.Channel-Output\ Compare4\ CH4=TIM_CHANNEL_4
TIM2.IPParameters=Channel-Output Compare4 CH4,Prescaler
TIM2.Prescaler=31
USART1.IPParameters=VirtualMode-Asynchronous
USART1.VirtualMode-Asynchronous=VM_ASYNC
USB_DEVICE.CLASS_NAME_FS=CDC
USB_DEVICE.IPParameters=VirtualMode,VirtualModeFS,CLASS_NAME_FS,USBD_DEBUG_LEVEL
USB_DEVICE.USBD_DEBUG_LEVEL=3
USB_DEVICE.VirtualMode=Cdc
USB_DEVICE.VirtualModeFS=Cdc_FS
VP_FATFS_VS_Generic.Mode=User_defined
VP_FATFS_VS_Generic.Signal=FATFS_VS_Generic
VP_FREERTOS_VS_CMSIS_V2.Mode=CMSIS_V2
VP_FREERTOS_VS_CMSIS_V2.Signal=FREERTOS_VS_CMSIS_V2
VP_HSEM_VS_HSEM.Mode=HSEM_Activate
VP_HSEM_VS_HSEM.Signal=HSEM_VS_HSEM
VP_RCC_USB.Mode=CRS SYNC Source USB
VP_RCC_USB.Signal=RCC_USB
VP_RTC_VS_RTC_Activate.Mode=RTC_Enabled
VP_RTC_VS_RTC_Activate.Signal=RTC_VS_RTC_Activate
VP_RTC_VS_RTC_Alarm_A_Intern.Mode=Alarm A
VP_RTC_VS_RTC_Alarm_A_Intern.Signal=RTC_VS_RTC_Alarm_A_Intern
VP_RTC_VS_RTC_Calendar.Mode=RTC_Calendar
VP_RTC_VS_RTC_Calendar.Signal=RTC_VS_RTC_Calendar
VP_STM32_WPAN_VS_BLE_HOST.Mode=STM32_WPAN_Enabled
VP_STM32_WPAN_VS_BLE_HOST.Signal=STM32_WPAN_VS_BLE_HOST
VP_SYS_VS_tim17.Mode=TIM17
VP_SYS_VS_tim17.Signal=SYS_VS_tim17
VP_TIM1_VS_ClockSourceINT.Mode=Internal
VP_TIM1_VS_ClockSourceINT.Signal=TIM1_VS_ClockSourceINT
VP_TINY_LPM_VS_TINY_LPM.Mode=TINY_LPM_Enabled
VP_TINY_LPM_VS_TINY_LPM.Signal=TINY_LPM_VS_TINY_LPM
VP_USB_DEVICE_VS_USB_DEVICE_CDC_FS.Mode=CDC_FS
VP_USB_DEVICE_VS_USB_DEVICE_CDC_FS.Signal=USB_DEVICE_VS_USB_DEVICE_CDC_FS
board=P-NUCLEO-WB55-Nucleo
boardIOC=true
