#MicroXplorer Configuration settings - do not modify
Mcu.Family=STM32WB
RCC.VCOOutputFreq_Value=32000000
NVIC.SysTick_IRQn=true\:0\:0\:false\:false\:true\:false\:true
ProjectManager.LastFirmware=true
RCC.SMPS1Freq_Value=8000000
ProjectManager.MainLocation=Core/Src
PCC.Ble.Mode=NOT_SELECTED
ProjectManager.FirmwarePackage=STM32Cube FW_WB V1.11.1
MxDb.Version=DB.6.0.20
RCC.PLLQoutputFreq_Value=16000000
ProjectManager.ProjectFileName=MecrispCubeWB5M.ioc
RCC.SAI1Freq_Value=16000000
RCC.SMPSFreq_Value=4000000
ProjectManager.BackupPrevious=false
MxCube.Version=6.2.0
RCC.VCOInputFreq_Value=4000000
PCC.Ble.DataLength=6
ProjectManager.KeepUserCode=true
Mcu.PinsNb=1
Mcu.UserName=STM32WB55VGYx
RCC.RNGFreq_Value=32000
ProjectManager.NoMain=false
RCC.PLLSAI1QoutputFreq_Value=16000000
RCC.RFWKPFreq_Value=244.140625
File.Version=6
VP_SYS_VS_Systick.Mode=SysTick
RCC.PLLSAI1RoutputFreq_Value=16000000
NVIC.NonMaskableInt_IRQn=true\:0\:0\:false\:false\:true\:false\:false
RCC.PLLRCLKFreq_Value=16000000
NVIC.PendSV_IRQn=true\:0\:0\:false\:false\:true\:false\:false
ProjectManager.functionlistsort=1-SystemClock_Config-RCC-false-HAL-false
ProjectManager.FreePins=false
RCC.IPParameters=APB3Freq_Value,FamilyName,HCLKRFFreq_Value,HSE_VALUE,HSI48_VALUE,HSI_VALUE,LSCOPinFreq_Value,LSE_VALUE,LSI_VALUE,PLLPoutputFreq_Value,PLLQoutputFreq_Value,PLLRCLKFreq_Value,PLLSAI1PoutputFreq_Value,PLLSAI1QoutputFreq_Value,PLLSAI1RoutputFreq_Value,RFWKPFreq_Value,RNGFreq_Value,SAI1Freq_Value,SMPS1Freq_Value,SMPSFreq_Value,VCOInputFreq_Value,VCOOutputFreq_Value,VCOSAI1OutputFreq_Value
ProjectManager.DefaultFWLocation=true
ProjectManager.AskForMigrate=true
Mcu.Name=STM32WB55VGYx
ProjectManager.HalAssertFull=false
ProjectManager.DeletePrevious=true
ProjectManager.ProjectName=MecrispCubeWB5M
ProjectManager.UnderRoot=false
RCC.APB3Freq_Value=16000000
ProjectManager.CoupleFile=false
PinOutPanel.RotationAngle=0
Mcu.Package=WLCSP100
PinOutPanel.CurrentBGAView=Top
RCC.FamilyName=M
ProjectManager.StackSize=0x400
PCC.Ble.ConnectionInterval=1000.0
NVIC.ForceEnableDMAVector=true
KeepUserPlacement=false
NVIC.MemoryManagement_IRQn=true\:0\:0\:false\:false\:true\:false\:false
ProjectManager.CompilerOptimize=6
NVIC.SVCall_IRQn=true\:0\:0\:false\:false\:true\:false\:false
Mcu.IP2=SYS
ProjectManager.ToolChainLocation=
RCC.LSI_VALUE=32000
Mcu.IP0=NVIC
VP_SYS_VS_Systick.Signal=SYS_VS_Systick
Mcu.IP1=RCC
RCC.LSCOPinFreq_Value=32000
ProjectManager.HeapSize=0x200
NVIC.HardFault_IRQn=true\:0\:0\:false\:false\:true\:false\:false
Mcu.UserConstants=
RCC.VCOSAI1OutputFreq_Value=32000000
ProjectManager.TargetToolchain=STM32CubeIDE
ProjectManager.ComputerToolchain=false
RCC.HSI_VALUE=16000000
Mcu.ThirdPartyNb=0
NVIC.PriorityGroup=NVIC_PRIORITYGROUP_4
RCC.PLLPoutputFreq_Value=16000000
Mcu.IPNb=3
RCC.HCLKRFFreq_Value=16000000
ProjectManager.PreviousToolchain=
PCC.Ble.PowerLevel=Min
NVIC.BusFault_IRQn=true\:0\:0\:false\:false\:true\:false\:false
ProjectManager.RegisterCallBack=
RCC.LSE_VALUE=32768
RCC.PLLSAI1PoutputFreq_Value=16000000
Mcu.Pin0=VP_SYS_VS_Systick
GPIO.groupedBy=
ProjectManager.CustomerFirmwarePackage=
ProjectManager.DeviceId=STM32WB55VGYx
ProjectManager.LibraryCopy=0
RCC.HSI48_VALUE=48000000
ProjectManager.ProjectBuild=false
RCC.HSE_VALUE=8000000
NVIC.UsageFault_IRQn=true\:0\:0\:false\:false\:true\:false\:false
NVIC.DebugMonitor_IRQn=true\:0\:0\:false\:false\:true\:false\:false
board=custom
isbadioc=true
