#MicroXplorer Configuration settings - do not modify
NVIC.FLASH_IRQn=true\:5\:0\:false\:false\:true\:true\:true\:true
Dma.SPI1_TX.1.Priority=DMA_PRIORITY_LOW
Dma.SPI1_TX.1.RequestNumber=1
RCC.USART1Freq_Value=32000000
FATFS._USE_LFN=3
NVIC.I2C1_EV_IRQn=true\:5\:0\:false\:false\:true\:true\:true\:true
I2C1.I2C_Speed_Mode=I2C_Fast
SPI1.VirtualType=VM_MASTER
RF1.Signal=RF_RF1
RCC.SMPSCLockSelectionVirtualVirtual=RCC_SMPSCLKSOURCE_HSI
PC12.Locked=true
TIM1.IPParameters=Channel-PWM Generation1 CH1,Channel-PWM Generation2 CH2,Channel-PWM Generation3 CH3,Prescaler,Period
PC12.Signal=GPIO_Input
PA14.GPIO_Label=JTCK
PC6.GPIO_Label=D2
VP_RTC_VS_RTC_Activate.Mode=RTC_Enabled
PC3.Locked=true
RCC.RTCFreq_Value=32768
PA3.GPIOParameters=GPIO_Label
Dma.SPI1_TX.1.SignalID=NONE
PA6.GPIO_Label=D12
PB6.GPIO_Label=STLINK_RX
PD0.Locked=true
SH.S_TIM1_CH1.ConfNb=1
USART1.IPParameters=VirtualMode-Asynchronous,FIFOMode,OverrunDisableParam
Dma.I2C1_TX.3.Priority=DMA_PRIORITY_LOW
PA2.GPIOParameters=GPIO_Label
PinOutPanel.RotationAngle=0
RCC.MCO1PinFreq_Value=32000000
RCC.SYSCLKSource=RCC_SYSCLKSOURCE_HSE
NVIC.DMA1_Channel3_IRQn=true\:5\:0\:false\:false\:true\:true\:false\:true
RCC.LPTIM1Freq_Value=32000000
NVIC.SVCall_IRQn=true\:0\:0\:false\:false\:false\:false\:false\:false
NVIC.ADC1_IRQn=true\:5\:0\:false\:false\:true\:true\:true\:true
Dma.SPI1_RX.0.Direction=DMA_PERIPH_TO_MEMORY
RCC.ADCCLockSelection=RCC_ADCCLKSOURCE_SYSCLK
SPI1.Direction=SPI_DIRECTION_2LINES
TIM2.Channel-Output\ Compare4\ CH4=TIM_CHANNEL_4
STM32_WPAN.LOCAL_NAME=Forth
TIM2.IPParameters=Channel-Output Compare1 CH1,Channel-Input_Capture2_from_TI2,Channel-Output Compare3 CH3,Channel-Output Compare4 CH4,Prescaler
RCC.APB2TimFreq_Value=32000000
PCC.Ble.PowerLevel=Min
PB6.Signal=USART1_TX
Dma.I2C1_RX.2.SyncPolarity=HAL_DMAMUX_SYNC_NO_EVENT
PB6.Mode=Asynchronous
VP_RCC_USB.Mode=CRS SYNC Source USB
RTC.IPParameters=Format,Alarm-Alarm A,AlarmMaskDateWeekDay-Alarm A,AlarmMaskHours-Alarm A,AlarmMaskMinutes-Alarm A,AlarmMaskSeconds-Alarm A,AlarmSubSecondMask-Alarm A
SPI1.CalculateBaudRate=8.0 MBits/s
PC3.Signal=SharedAnalog_PC3
PD0.Signal=GPIO_Input
FREERTOS.configMINIMAL_STACK_SIZE=192
NVIC.EXTI15_10_IRQn=true\:5\:0\:false\:false\:true\:true\:true\:true
Dma.SPI1_TX.1.PeriphDataAlignment=DMA_PDATAALIGN_BYTE
ProjectManager.ProjectBuild=false
NVIC.UsageFault_IRQn=true\:0\:0\:false\:false\:true\:false\:false\:false
PA0.Locked=true
PB2.Signal=GPIO_Output
PB3.Mode=Trace_Asynchronous_SW
PA8.Locked=true
PA4.Locked=true
PD1.GPIOParameters=GPIO_PuPd,GPIO_Label
RCC.RTCClockSelection=RCC_RTCCLKSOURCE_LSE
RTC.AlarmMaskSeconds-Alarm\ A=RTC_ALARMMASK_SECONDS
PD1.GPIO_Label=B3 [Push Button]
SH.SharedAnalog_PC1.0=GPIO_Analog
Dma.SPI1_RX.0.RequestNumber=1
Dma.SPI1_RX.0.PeriphInc=DMA_PINC_DISABLE
ProjectManager.FirmwarePackage=STM32Cube FW_WB V1.11.1
MxDb.Version=DB.6.0.20
PB0.GPIOParameters=GPIO_Label
PA1.GPIOParameters=GPIO_Label
ProjectManager.BackupPrevious=true
VP_SYS_VS_tim17.Signal=SYS_VS_tim17
PC4.GPIO_Label=B1 [Push Button]
Dma.SPI1_TX.1.Mode=DMA_NORMAL
TIM1.Channel-PWM\ Generation1\ CH1=TIM_CHANNEL_1
PB9.Stacked=true
Dma.I2C1_TX.3.MemInc=DMA_MINC_ENABLE
USART1.OverrunDisableParam=ADVFEATURE_OVERRUN_DISABLE
PB1.GPIO_Label=LD3 [Red Led]
NVIC.TIM2_IRQn=true\:5\:0\:false\:false\:true\:true\:true\:true
SPI1.DataSize=SPI_DATASIZE_8BIT
SH.SharedAnalog_PC1.1=ADC1_IN2,IN2-Single-Ended
SH.SharedStack_PC13.ConfNb=2
PA8.Signal=S_TIM1_CH1
RCC.PLLRCLKFreq_Value=64000000
PB6.Locked=true
NVIC.PendSV_IRQn=true\:15\:0\:false\:false\:false\:true\:false\:false
Dma.I2C1_RX.2.Priority=DMA_PRIORITY_LOW
Dma.SPI1_RX.0.Polarity=HAL_DMAMUX_REQ_GEN_RISING
NVIC.I2C1_ER_IRQn=true\:5\:0\:false\:false\:true\:true\:true\:true
ProjectManager.HalAssertFull=false
VP_TIM1_VS_ClockSourceINT.Mode=Internal
ADC1.SamplingTime-0\#ChannelRegularConversion=ADC_SAMPLETIME_47CYCLES_5
PA0.Signal=SharedAnalog_PA0
RTC.AlarmMaskDateWeekDay-Alarm\ A=RTC_ALARMMASK_DATEWEEKDAY
VP_RCC_USB.Signal=RCC_USB
Dma.SPI1_TX.1.RequestParameters=Instance,Direction,PeriphInc,MemInc,PeriphDataAlignment,MemDataAlignment,Mode,Priority,SignalID,Polarity,RequestNumber,SyncSignalID,SyncPolarity,SyncEnable,EventEnable,SyncRequestNumber
NVIC.HSEM_IRQn=true\:5\:0\:false\:false\:true\:false\:false\:true
PB9.Signal=SharedStack_PB9
Mcu.Package=VFQFPN68
TIM2.Prescaler=31
PB1.Signal=GPIO_Output
PA5.Locked=true
PC10.Stacked=true
NVIC.TimeBase=TIM1_TRG_COM_TIM17_IRQn
SH.SharedAnalog_PC0.1=ADC1_IN1,IN1-Single-Ended
Dma.I2C1_RX.2.PeriphInc=DMA_PINC_DISABLE
SH.SharedAnalog_PC0.0=GPIO_Analog
Dma.I2C1_TX.3.SyncSignalID=NONE
PA14.Locked=true
Dma.I2C1_RX.2.Instance=DMA1_Channel3
SH.SharedStack_PB9.1=I2C1_SDA,I2C
PC13.Stacked=true
Dma.I2C1_TX.3.SignalID=NONE
SH.SharedStack_PB9.0=GPIO_Input+0
NVIC.TimeBaseIP=TIM17
RCC.LSCOPinFreq_Value=32000
PB9.GPIO_PuPd=GPIO_PULLUP
PA10.Signal=S_TIM1_CH3
VP_RTC_VS_RTC_Calendar.Mode=RTC_Calendar
FREERTOS.FootprintOK=true
PA5.GPIOParameters=GPIO_Label
NVIC.USB_LP_IRQn=true\:5\:0\:false\:false\:true\:true\:false\:true
STM32_WPAN.BLE_CFG_DIS_FIRMWARE_REVISION_STRING=1
VP_HSEM_VS_HSEM.Mode=HSEM_Activate
RCC.PLLPoutputFreq_Value=64000000
RCC.APB1TimFreq_Value=32000000
SH.SharedAnalog_PC1.ConfNb=2
NVIC.BusFault_IRQn=true\:0\:0\:false\:false\:true\:false\:false\:false
RCC.LPUART1Freq_Value=32000000
TIM1.Period=1000
Dma.SPI1_TX.1.SyncPolarity=HAL_DMAMUX_SYNC_NO_EVENT
PC12.GPIO_PuPd=GPIO_PULLUP
NVIC.DMA1_Channel4_IRQn=true\:5\:0\:false\:false\:true\:true\:false\:true
SH.S_TIM2_CH4.ConfNb=1
NVIC.USART1_IRQn=true\:5\:0\:true\:false\:true\:false\:true\:true
Dma.SPI1_RX.0.RequestParameters=Instance,Direction,PeriphInc,MemInc,PeriphDataAlignment,MemDataAlignment,Mode,Priority,SignalID,Polarity,RequestNumber,SyncSignalID,SyncPolarity,SyncEnable,EventEnable,SyncRequestNumber
PA4.GPIO_Label=D10
ProjectManager.CustomerFirmwarePackage=
PC4.GPIOParameters=GPIO_PuPd,GPIO_Label
SH.SharedStack_PB8.ConfNb=2
Dma.SPI1_TX.1.Instance=DMA1_Channel2
RCC.HSI48_VALUE=48000000
USB_DEVICE.USBD_DEBUG_LEVEL=3
PA5.Mode=Full_Duplex_Master
PA6.GPIOParameters=GPIO_PuPd,GPIO_Label
PCC.Ble.Mode=Advertising
NVIC.EXTI4_IRQn=true\:5\:0\:false\:false\:true\:true\:true\:true
SH.SharedStack_PB8.0=GPIO_Input+0
RCC.PLLQoutputFreq_Value=64000000
ProjectManager.ProjectFileName=MecrispCube.ioc
RCC.SMPSFreq_Value=4000000
SH.SharedStack_PB8.1=I2C1_SCL,I2C
FREERTOS.Tasks01=Main,24,512,MainThread,Default,NULL,Dynamic,NULL,NULL
ADC1.Rank-0\#ChannelRegularConversion=1
PA15.GPIOParameters=GPIO_Label
Mcu.PinsNb=53
VP_SYS_VS_tim17.Mode=TIM17
ADC1.IPParameters=Rank-0\#ChannelRegularConversion,Channel-0\#ChannelRegularConversion,SamplingTime-0\#ChannelRegularConversion,OffsetNumber-0\#ChannelRegularConversion,NbrOfConversionFlag,master,NbrOfConversion
PC13.Locked=true
ADC1.OffsetNumber-0\#ChannelRegularConversion=ADC_OFFSET_NONE
RCC.HCLK3Freq_Value=32000000
PC13.Signal=SharedStack_PC13
PA9.GPIO_Label=D9
SH.SharedAnalog_PC0.ConfNb=2
STM32_WPAN.BLE_CFG_DIS_MODEL_NUMBER_STRING=1
PB8.GPIO_PuPd=GPIO_PULLUP
PC2.Signal=SharedAnalog_PC2
PC6.Signal=SharedStack_PC6
PD1.Signal=GPIO_Input
SPI1.CLKPhase=SPI_PHASE_2EDGE
OSC_IN.Locked=true
PD1.GPIO_PuPd=GPIO_PULLUP
RCC.HCLK2Freq_Value=32000000
PC0.Signal=SharedAnalog_PC0
PC14-OSC32_IN.Signal=RCC_OSC32_IN
PC3.GPIOParameters=GPIO_Label
FATFS._VOLUMES=2
PB8.GPIO_Label=D15
PA11.Locked=true
PA15.Locked=true
Dma.SPI1_TX.1.MemDataAlignment=DMA_MDATAALIGN_BYTE
PA8.GPIO_Label=D6
PC15-OSC32_OUT.Locked=true
Mcu.Pin51=VP_TINY_LPM_VS_TINY_LPM
Mcu.Pin52=VP_USB_DEVICE_VS_USB_DEVICE_CDC_FS
STM32_WPAN.LOCAL_NAME_FORMATTED=,'F','o','r','t','h'
Mcu.Pin50=VP_TIM1_VS_ClockSourceINT
PC6.Locked=true
PA9.Signal=S_TIM1_CH2
SH.S_TIM2_CH2.ConfNb=1
VP_TIM1_VS_ClockSourceINT.Signal=TIM1_VS_ClockSourceINT
TIM1.Channel-PWM\ Generation2\ CH2=TIM_CHANNEL_2
I2C1.Timing=0x00300F38
PB9.Locked=true
PB5.Locked=true
RTC.Format=RTC_FORMAT_BIN
OSC_IN.Signal=RCC_OSC_IN
Mcu.Pin48=VP_STM32_WPAN_VS_BLE_HOST
Dma.I2C1_TX.3.PeriphDataAlignment=DMA_PDATAALIGN_BYTE
Mcu.Pin49=VP_SYS_VS_tim17
RCC.PLLSAI1PoutputFreq_Value=48000000
Mcu.Pin46=VP_RTC_VS_RTC_Calendar
Mcu.Pin47=VP_RTC_VS_RTC_Alarm_A_Intern
PA5.Signal=SPI1_SCK
Mcu.Pin40=PB7
Mcu.Pin41=VP_FATFS_VS_Generic
Mcu.Pin44=VP_RCC_USB
Mcu.Pin45=VP_RTC_VS_RTC_Activate
FATFS._USE_EXPAND=1
Mcu.Pin42=VP_FREERTOS_VS_CMSIS_V2
Mcu.Pin43=VP_HSEM_VS_HSEM
Dma.I2C1_RX.2.SignalID=NONE
RCC.Cortex2Freq_Value=32000000
ProjectManager.LastFirmware=true
Dma.I2C1_RX.2.SyncRequestNumber=1
Dma.I2C1_RX.2.SyncEnable=DISABLE
NVIC.SPI1_IRQn=true\:5\:0\:false\:false\:true\:true\:true\:true
Mcu.Pin37=PB3
PCC.Ble.DataLength=6
Mcu.Pin38=PB5
Mcu.Pin35=PD0
RCC.I2C1Freq_Value=32000000
Mcu.Pin36=PD1
SPI1.Mode=SPI_MODE_MASTER
Mcu.Pin39=PB6
RCC.LCDFreq_Value=32768
RCC.RNGFreq_Value=32000
PC2.GPIOParameters=GPIO_Label
Mcu.Pin30=PA13
Dma.SPI1_RX.0.PeriphDataAlignment=DMA_PDATAALIGN_BYTE
PA1.GPIO_Label=A2
Mcu.Pin33=PC10
Mcu.Pin34=PC12
Mcu.Pin31=PA14
Mcu.Pin32=PA15
PA9.Locked=true
NVIC.NonMaskableInt_IRQn=true\:0\:0\:false\:false\:true\:false\:false\:false
SH.S_TIM2_CH3.ConfNb=1
PC10.GPIOParameters=GPIO_Label
FATFS._USE_FIND=1
PA13.Mode=Trace_Asynchronous_SW
ProjectManager.FreePins=false
NVIC.RTC_Alarm_IRQn=true\:5\:0\:false\:false\:true\:true\:true\:true
RCC.LPTIM2Freq_Value=32000000
Mcu.Pin26=PC6
Mcu.Pin27=PA10
Mcu.Pin24=PB0
ProjectManager.UnderRoot=true
Mcu.Pin25=PB1
Dma.I2C1_TX.3.Instance=DMA1_Channel4
FATFS._USE_CHMOD=1
Mcu.Pin28=PA11
Mcu.Pin29=PA12
PA4.Signal=SharedStack_PA4
Dma.SPI1_RX.0.SignalID=NONE
Dma.SPI1_TX.1.Polarity=HAL_DMAMUX_REQ_GEN_RISING
Mcu.Pin22=OSC_OUT
PB5.Signal=GPIO_Output
Mcu.Pin23=OSC_IN
ADC1.master=1
Mcu.Pin20=PB2
PA3.Locked=true
Mcu.Pin21=RF1
PA5.GPIO_Label=D13
PA10.Locked=true
NVIC.ForceEnableDMAVector=true
OSC_IN.Mode=HSE-External-Oscillator
PA14.GPIOParameters=GPIO_Label
Dma.I2C1_RX.2.Polarity=HAL_DMAMUX_REQ_GEN_RISING
NVIC.MemoryManagement_IRQn=true\:0\:0\:false\:false\:true\:false\:false\:false
PC12.GPIO_Label=D8
VP_RTC_VS_RTC_Alarm_A_Intern.Signal=RTC_VS_RTC_Alarm_A_Intern
ProjectManager.CompilerOptimize=6
PA11.Signal=USB_DM
ProjectManager.HeapSize=0x0400
PA0.GPIOParameters=GPIO_Label
Mcu.Pin15=PA6
NVIC.HardFault_IRQn=true\:0\:0\:false\:false\:true\:false\:false\:false
Mcu.Pin16=PA7
Mcu.Pin13=PA4
PD0.GPIO_PuPd=GPIO_PULLUP
Mcu.Pin14=PA5
Dma.SPI1_RX.0.Priority=DMA_PRIORITY_LOW
Mcu.Pin19=PC4
ProjectManager.ComputerToolchain=false
Mcu.Pin17=PA8
Mcu.Pin18=PA9
NVIC.PriorityGroup=NVIC_PRIORITYGROUP_4
Mcu.Pin11=PA2
Mcu.Pin12=PA3
PD0.GPIOParameters=GPIO_PuPd,GPIO_Label
Mcu.Pin10=PA1
PC3.GPIO_Label=A4
RCC.PWRFreq_Value=32000000
SH.SharedStack_PA4.1=GPIO_EXTI4
SH.SharedStack_PA4.0=GPIO_Input+0
NVIC.DMA1_Channel1_IRQn=true\:5\:0\:false\:false\:true\:true\:false\:true
TIM1.Channel-PWM\ Generation3\ CH3=TIM_CHANNEL_3
PD1.Locked=true
PB0.Signal=GPIO_Output
PA7.GPIOParameters=GPIO_Label
PC0.Locked=true
PC1.Signal=SharedAnalog_PC1
Dma.I2C1_TX.3.Mode=DMA_NORMAL
Dma.I2C1_RX.2.Direction=DMA_PERIPH_TO_MEMORY
Mcu.Family=STM32WB
TIM2.Channel-Output\ Compare1\ CH1=TIM_CHANNEL_1
ProjectManager.MainLocation=Core/Src
FATFS._USE_FORWARD=1
PA6.Mode=Full_Duplex_Master
RTC.AlarmMaskHours-Alarm\ A=RTC_ALARMMASK_HOURS
USB_DEVICE.CLASS_NAME_FS=CDC
Dma.SPI1_TX.1.EventEnable=DISABLE
RCC.SAI1Freq_Value=48000000
RCC.CortexFreq_Value=32000000
Dma.SPI1_TX.1.SyncRequestNumber=1
Dma.I2C1_TX.3.SyncPolarity=HAL_DMAMUX_SYNC_NO_EVENT
ProjectManager.KeepUserCode=true
Mcu.UserName=STM32WB55RGVx
RCC.RFWKPFreq_Value=32768
PC10.Locked=true
PC10.Signal=SharedStack_PC10
RCC.PLLSAI1RoutputFreq_Value=48000000
PA0.GPIO_Label=A3
ProjectManager.functionlistsort=1-MX_GPIO_Init-GPIO-false-HAL-true,2-MX_DMA_Init-DMA-false-HAL-true,3-SystemClock_Config-RCC-false-HAL-false,4-MX_USART1_UART_Init-USART1-false-HAL-true,5-MX_RF_Init-RF-false-HAL-true,6-MX_RTC_Init-RTC-false-HAL-true,7-MX_USB_Device_Init-USB_DEVICE-false-HAL-false,8-MX_ADC1_Init-ADC1-false-HAL-true,9-MX_TIM1_Init-TIM1-false-HAL-true,10-MX_SPI1_Init-SPI1-false-HAL-true,11-MX_FATFS_Init-FATFS-false-HAL-false,12-APPE_Init-STM32_WPAN-false-HAL-false,13-MX_TIM2_Init-TIM2-false-HAL-true,14-MX_I2C1_Init-I2C1-false-HAL-true,0-MX_HSEM_Init-HSEM-false-HAL-true
PC0.GPIOParameters=GPIO_Label
PA9.GPIOParameters=GPIO_Label
Dma.SPI1_TX.1.PeriphInc=DMA_PINC_DISABLE
PD0.GPIO_Label=B2 [Push Button]
PC0.GPIO_Label=A0
SH.SharedStack_PC6.0=GPIO_Output+0
PA11.Mode=Device
Dma.I2C1_TX.3.PeriphInc=DMA_PINC_DISABLE
SH.SharedStack_PC6.1=GPIO_EXTI6
Dma.I2C1_RX.2.MemDataAlignment=DMA_MDATAALIGN_BYTE
PB0.GPIO_Label=LD2 [Green Led]
RTC.AlarmMaskMinutes-Alarm\ A=RTC_ALARMMASK_MINUTES
VP_RTC_VS_RTC_Calendar.Signal=RTC_VS_RTC_Calendar
SH.SharedStack_PB9.ConfNb=2
SH.S_TIM1_CH3.ConfNb=1
Dma.I2C1_TX.3.RequestNumber=1
PC13.GPIO_Label=D7
PC1.Locked=true
VP_RTC_VS_RTC_Alarm_A_Intern.Mode=Alarm A
STM32_WPAN.BLE_CFG_SVC_MAX_NBR_CB=7
ProjectManager.StackSize=0x0400
PB5.GPIOParameters=GPIO_Label
VP_FREERTOS_VS_CMSIS_V2.Mode=CMSIS_V2
SH.SharedStack_PA4.ConfNb=2
Dma.SPI1_RX.0.SyncRequestNumber=1
RCC.I2C3Freq_Value=32000000
Mcu.IP4=HSEM
Mcu.IP5=I2C1
RCC.FCLKCortexFreq_Value=32000000
Mcu.IP2=FATFS
I2C1.IPParameters=Timing,I2C_Speed_Mode
Mcu.IP3=FREERTOS
PA15.GPIO_Label=D5
Mcu.IP0=ADC1
PA12.Locked=true
Mcu.IP1=DMA
PA12.Signal=USB_DP
TIM1.Prescaler=32
SPI1.CLKPolarity=SPI_POLARITY_HIGH
Mcu.UserConstants=
RCC.VCOSAI1OutputFreq_Value=96000000
Dma.I2C1_RX.2.PeriphDataAlignment=DMA_PDATAALIGN_BYTE
PC1.GPIOParameters=GPIO_Label
Dma.I2C1_TX.3.RequestParameters=Instance,Direction,PeriphInc,MemInc,PeriphDataAlignment,MemDataAlignment,Mode,Priority,SignalID,Polarity,RequestNumber,SyncSignalID,SyncPolarity,SyncEnable,EventEnable,SyncRequestNumber
Mcu.ThirdPartyNb=0
RCC.HCLKFreq_Value=32000000
Mcu.IPNb=19
ProjectManager.PreviousToolchain=
FATFS._MULTI_PARTITION=0
PA8.GPIOParameters=GPIO_Label
Mcu.Pin6=PC1
Mcu.Pin7=PC2
Mcu.Pin8=PC3
SH.SharedAnalog_PC3.ConfNb=2
Dma.SPI1_TX.1.SyncSignalID=NONE
Mcu.Pin9=PA0
OSC_OUT.Mode=HSE-External-Oscillator
PB8.Stacked=true
FREERTOS.IPParameters=Tasks01,FootprintOK,configTOTAL_HEAP_SIZE,configMINIMAL_STACK_SIZE
OSC_OUT.Signal=RCC_OSC_OUT
RCC.AHBFreq_Value=32000000
Mcu.Pin0=PC13
Mcu.Pin1=PC14-OSC32_IN
GPIO.groupedBy=Group By Peripherals
Mcu.Pin2=PC15-OSC32_OUT
Mcu.Pin3=PB8
Mcu.Pin4=PB9
Mcu.Pin5=PC0
Dma.I2C1_TX.3.Polarity=HAL_DMAMUX_REQ_GEN_RISING
ADC1.Channel-0\#ChannelRegularConversion=ADC_CHANNEL_1
RCC.HSE_VALUE=32000000
RCC.FCLK2Freq_Value=32000000
NVIC.DebugMonitor_IRQn=true\:0\:0\:false\:false\:true\:false\:false\:false
PA4.GPIO_PuPd=GPIO_PULLUP
Mcu.IP10=SPI1
NVIC.SysTick_IRQn=true\:15\:0\:false\:false\:false\:true\:false\:true
Mcu.IP12=SYS
Mcu.IP11=STM32_WPAN
SH.SharedStack_PC10.1=GPIO_EXTI10
Dma.I2C1_RX.2.Mode=DMA_NORMAL
SH.SharedStack_PC10.0=GPIO_Output+0
Mcu.IP18=USB_DEVICE
Dma.SPI1_RX.0.SyncEnable=DISABLE
Dma.I2C1_TX.3.MemDataAlignment=DMA_MDATAALIGN_BYTE
Mcu.IP17=USB
NVIC.TIM1_TRG_COM_TIM17_IRQn=true\:0\:0\:false\:false\:true\:false\:false\:true
PA6.GPIO_PuPd=GPIO_PULLUP
Mcu.IP14=TIM2
Mcu.IP13=TIM1
Mcu.IP16=USART1
Mcu.IP15=TINY_LPM
PC14-OSC32_IN.Mode=LSE-External-Oscillator
RCC.VCOInputFreq_Value=4000000
PA14.Mode=Trace_Asynchronous_SW
File.Version=6
PA10.GPIO_Label=D3
Dma.I2C1_TX.3.Direction=DMA_MEMORY_TO_PERIPH
PB3.GPIOParameters=GPIO_Label
SH.SharedStack_PC10.ConfNb=2
SH.S_TIM2_CH1.ConfNb=1
PB7.Signal=USART1_RX
PB8.Locked=true
Dma.RequestsNb=4
PB6.GPIOParameters=GPIO_Label
PB0.Locked=true
FREERTOS.configTOTAL_HEAP_SIZE=81920
ProjectManager.ProjectName=MecrispCube
FATFS._USE_LABEL=1
RCC.APB3Freq_Value=16000000
PA13.GPIOParameters=GPIO_Label
PB7.GPIO_Label=STLINK_TX
PA6.Signal=SPI1_MISO
SH.SharedStack_PC6.ConfNb=2
PA7.Locked=true
VP_FATFS_VS_Generic.Signal=FATFS_VS_Generic
TIM2.Channel-Input_Capture2_from_TI2=TIM_CHANNEL_2
ProjectManager.ToolChainLocation=
PA2.GPIO_Label=D1
RCC.LSI_VALUE=32000
PA15.Signal=S_TIM2_CH1
VP_USB_DEVICE_VS_USB_DEVICE_CDC_FS.Signal=USB_DEVICE_VS_USB_DEVICE_CDC_FS
VP_STM32_WPAN_VS_BLE_HOST.Signal=STM32_WPAN_VS_BLE_HOST
VP_TINY_LPM_VS_TINY_LPM.Mode=TINY_LPM_Enabled
Dma.I2C1_RX.2.MemInc=DMA_MINC_ENABLE
PB5.GPIO_Label=LD1 [Blue Led]
Dma.Request2=I2C1_RX
Dma.Request1=SPI1_TX
Dma.Request3=I2C1_TX
PC4.Locked=true
FATFS._FS_RPATH=2
RCC.CK48CLockSelection=RCC_USBCLKSOURCE_HSI48
PA4.Stacked=true
Dma.I2C1_RX.2.RequestParameters=Instance,Direction,PeriphInc,MemInc,PeriphDataAlignment,MemDataAlignment,Mode,Priority,SignalID,Polarity,RequestNumber,SyncSignalID,SyncPolarity,SyncEnable,EventEnable,SyncRequestNumber
Dma.Request0=SPI1_RX
SPI1.BaudRatePrescaler=SPI_BAUDRATEPRESCALER_4
PC2.GPIO_Label=A5
PC14-OSC32_IN.Locked=true
PB3.Locked=true
RCC.PLLSAI1N=24
PA3.Signal=S_TIM2_CH4
PA2.Locked=true
PB3.GPIO_Label=JTDO
VP_RTC_VS_RTC_Activate.Signal=RTC_VS_RTC_Activate
PC15-OSC32_OUT.Mode=LSE-External-Oscillator
Dma.SPI1_TX.1.MemInc=DMA_MINC_ENABLE
SH.S_TIM2_CH1.0=TIM2_CH1,Output Compare1 CH1
PC6.Stacked=true
PB8.GPIOParameters=GPIO_PuPd,GPIO_Label
Dma.SPI1_TX.1.SyncEnable=DISABLE
PA7.Mode=Full_Duplex_Master
PB9.GPIO_Label=D14
VP_STM32_WPAN_VS_BLE_HOST.Mode=STM32_WPAN_Enabled
PC10.GPIO_Label=D4
ProjectManager.NoMain=false
SPI1.IPParameters=VirtualType,Mode,Direction,CalculateBaudRate,DataSize,BaudRatePrescaler,CLKPolarity,CLKPhase
USB_DEVICE.VirtualModeFS=Cdc_FS
SH.SharedAnalog_PC3.1=ADC1_IN4,IN4-Single-Ended
SH.SharedAnalog_PA0.0=GPIO_Analog
SH.SharedAnalog_PC3.0=GPIO_Analog
PC4.GPIO_PuPd=GPIO_PULLUP
SH.SharedAnalog_PA0.1=ADC1_IN5,IN5-Single-Ended
NVIC.SavedSvcallIrqHandlerGenerated=true
FATFS._USE_MUTEX=1
SH.SharedAnalog_PC2.ConfNb=2
PC4.Signal=GPIO_Input
TIM2.Channel-Output\ Compare3\ CH3=TIM_CHANNEL_3
ProjectManager.DefaultFWLocation=true
USART1.FIFOMode=FIFOMODE_ENABLE
VP_HSEM_VS_HSEM.Signal=HSEM_VS_HSEM
Dma.I2C1_TX.3.SyncEnable=DISABLE
ProjectManager.DeletePrevious=false
Dma.SPI1_RX.0.Mode=DMA_NORMAL
Dma.SPI1_TX.1.Direction=DMA_MEMORY_TO_PERIPH
boardIOC=true
USB_DEVICE.IPParameters=VirtualMode,VirtualModeFS,CLASS_NAME_FS,USBD_DEBUG_LEVEL
RCC.FamilyName=M
PB9.GPIOParameters=GPIO_PuPd,GPIO_Label
PC12.GPIOParameters=GPIO_PuPd,GPIO_Label
FATFS.IPParameters=_USE_MUTEX,_USE_LABEL,_USE_CHMOD,_FS_RPATH,_USE_FIND,_USE_EXPAND,_MULTI_PARTITION,_USE_FORWARD,_USE_LFN,_VOLUMES
USART1.VirtualMode-Asynchronous=VM_ASYNC
PA13.Signal=SYS_JTMS-SWDIO
SH.S_TIM2_CH2.0=TIM2_CH2,Input_Capture2_from_TI2
SH.S_TIM1_CH1.0=TIM1_CH1,PWM Generation1 CH1
NVIC.DMA1_Channel2_IRQn=true\:5\:0\:false\:false\:true\:true\:false\:true
ProjectManager.TargetToolchain=STM32CubeIDE
SH.SharedAnalog_PC2.1=ADC1_IN3,IN3-Single-Ended
SH.SharedAnalog_PC2.0=GPIO_Analog
PB7.GPIOParameters=GPIO_Label
STM32_WPAN.BLE_CFG_DIS_SERIAL_NUMBER_STRING=1
VP_USB_DEVICE_VS_USB_DEVICE_CDC_FS.Mode=CDC_FS
RCC.HCLKRFFreq_Value=16000000
PB2.GPIOParameters=PinState,GPIO_Label
PC2.Locked=true
ProjectManager.RegisterCallBack=
RCC.USBFreq_Value=48000000
Dma.SPI1_RX.0.EventEnable=DISABLE
PC15-OSC32_OUT.Signal=RCC_OSC32_OUT
PA1.Signal=S_TIM2_CH2
PB1.Locked=true
VP_FATFS_VS_Generic.Mode=User_defined
SH.S_TIM1_CH2.ConfNb=1
RCC.SMPSCLockSelectionVirtual=RCC_SMPSCLKSOURCE_HSI
board=P-NUCLEO-WB55-Nucleo
RCC.VCOOutputFreq_Value=128000000
RCC.SMPS1Freq_Value=8000000
NVIC.SavedSystickIrqHandlerGenerated=true
RCC.APB2Freq_Value=32000000
MxCube.Version=6.2.0
SH.S_TIM1_CH2.0=TIM1_CH2,PWM Generation2 CH2
SH.S_TIM2_CH3.0=TIM2_CH3,Output Compare3 CH3
PC13.GPIOParameters=GPIO_Label
STM32_WPAN.BLE_CFG_DIS_SYSTEM_ID=1
Dma.SPI1_RX.0.Instance=DMA1_Channel1
RCC.PLLSAI1QoutputFreq_Value=48000000
RCC.ADCFreq_Value=32000000
PA10.GPIOParameters=GPIO_Label
PC1.GPIO_Label=A1
Dma.SPI1_RX.0.SyncSignalID=NONE
Dma.SPI1_RX.0.MemDataAlignment=DMA_MDATAALIGN_BYTE
OSC_OUT.Locked=true
STM32_WPAN.BLE_CFG_DIS_HARDWARE_REVISION_STRING=1
PA4.GPIOParameters=GPIO_PuPd,GPIO_Label
SH.SharedAnalog_PA0.ConfNb=2
ADC1.NbrOfConversion=1
RCC.IPParameters=ADCCLockSelection,ADCFreq_Value,AHBFreq_Value,APB1Freq_Value,APB1TimFreq_Value,APB2Freq_Value,APB2TimFreq_Value,APB3Freq_Value,CK48CLockSelection,Cortex2Freq_Value,CortexFreq_Value,FCLK2Freq_Value,FCLKCortexFreq_Value,FamilyName,HCLK2Freq_Value,HCLK3Freq_Value,HCLKFreq_Value,HCLKRFFreq_Value,HSE_VALUE,HSI48_VALUE,HSI_VALUE,I2C1Freq_Value,I2C3Freq_Value,LCDFreq_Value,LPTIM1Freq_Value,LPTIM2Freq_Value,LPUART1Freq_Value,LSCOPinFreq_Value,LSI_VALUE,MCO1PinFreq_Value,PLLN,PLLPoutputFreq_Value,PLLQoutputFreq_Value,PLLRCLKFreq_Value,PLLSAI1N,PLLSAI1PoutputFreq_Value,PLLSAI1QoutputFreq_Value,PLLSAI1RoutputFreq_Value,PWRFreq_Value,RFWKPClockSelection,RFWKPFreq_Value,RNGFreq_Value,RTCClockSelection,RTCFreq_Value,SAI1Freq_Value,SMPS1Freq_Value,SMPSCLockSelectionVirtual,SMPSCLockSelectionVirtualVirtual,SMPSFreq_Value,SYSCLKFreq_VALUE,SYSCLKSource,USART1Freq_Value,USBFreq_Value,VCOInputFreq_Value,VCOOutputFreq_Value,VCOSAI1OutputFreq_Value
ProjectManager.AskForMigrate=true
Mcu.Name=STM32WB55RGVx
PB2.PinState=GPIO_PIN_SET
RTC.Alarm-Alarm\ A=RTC_ALARM_A
Dma.SPI1_RX.0.MemInc=DMA_MINC_ENABLE
NVIC.SavedPendsvIrqHandlerGenerated=true
PA2.Signal=S_TIM2_CH3
PA13.GPIO_Label=JTMS
PB2.Locked=true
Mcu.IP8=RF
VP_FREERTOS_VS_CMSIS_V2.Signal=FREERTOS_VS_CMSIS_V2
Mcu.IP9=RTC
Mcu.IP6=NVIC
Mcu.IP7=RCC
ProjectManager.CoupleFile=true
PB3.Signal=SYS_JTDO-SWO
RCC.SYSCLKFreq_VALUE=32000000
PA1.Locked=true
PA7.GPIO_Label=D11
Dma.I2C1_RX.2.RequestNumber=1
PA12.Mode=Device
PCC.Ble.ConnectionInterval=1000.0
SH.SharedStack_PC13.0=GPIO_Output+0
KeepUserPlacement=false
SH.SharedStack_PC13.1=GPIO_EXTI13
Dma.I2C1_TX.3.EventEnable=DISABLE
STM32_WPAN.IPParameters=BLE_CFG_DIS_MODEL_NUMBER_STRING,BLE_CFG_DIS_SERIAL_NUMBER_STRING,BLE_CFG_DIS_HARDWARE_REVISION_STRING,BLE_CFG_DIS_FIRMWARE_REVISION_STRING,BLE_CFG_DIS_SOFTWARE_REVISION_STRING,BLE_CFG_DIS_SYSTEM_ID,LOCAL_NAME,LOCAL_NAME_FORMATTED,BLE_CFG_SVC_MAX_NBR_CB
PA13.Locked=true
RF1.Mode=RF1_Activate
PB7.Mode=Asynchronous
NVIC.EXTI9_5_IRQn=true\:5\:0\:false\:false\:true\:true\:true\:true
PA14.Signal=SYS_JTCK-SWCLK
Dma.I2C1_TX.3.SyncRequestNumber=1
PB2.GPIO_Label=DONGLE_SPI_CS
SH.S_TIM2_CH4.0=TIM2_CH4,Output Compare4 CH4
PC6.GPIOParameters=GPIO_Label
SH.S_TIM1_CH3.0=TIM1_CH3,PWM Generation3 CH3
Dma.I2C1_RX.2.SyncSignalID=NONE
RCC.HSI_VALUE=16000000
Dma.SPI1_RX.0.SyncPolarity=HAL_DMAMUX_SYNC_NO_EVENT
ADC1.NbrOfConversionFlag=1
RCC.PLLN=32
PB7.Locked=true
PB8.Signal=SharedStack_PB8
VP_TINY_LPM_VS_TINY_LPM.Signal=TINY_LPM_VS_TINY_LPM
RTC.AlarmSubSecondMask-Alarm\ A=RTC_ALARMSUBSECONDMASK_NONE
Dma.I2C1_RX.2.EventEnable=DISABLE
RCC.APB1Freq_Value=32000000
RCC.RFWKPClockSelection=RCC_RFWKPCLKSOURCE_LSE
USB_DEVICE.VirtualMode=Cdc
STM32_WPAN.BLE_CFG_DIS_SOFTWARE_REVISION_STRING=1
ProjectManager.DeviceId=STM32WB55RGVx
ProjectManager.LibraryCopy=1
PA3.GPIO_Label=D0
PB1.GPIOParameters=GPIO_Label
PA7.Signal=SPI1_MOSI
PA6.Locked=true
isbadioc=true
